{
  "version": 4,
  "terraform_version": "1.5.3",
  "serial": 701,
  "lineage": "5bd3b132-e744-1277-d66e-6e3a411863d7",
  "outputs": {},
  "resources": [
    {
      "module": "module.admin",
      "mode": "data",
      "type": "openstack_identity_auth_scope_v3",
      "name": "current",
      "provider": "provider[\"registry.terraform.io/terraform-provider-openstack/openstack\"]",
      "instances": [
        {
          "schema_version": 0,
          "attributes": {
            "domain_id": "",
            "domain_name": "",
            "id": "current",
            "name": "current",
            "project_domain_id": "default",
            "project_domain_name": "Default",
            "project_id": "88fc814365584a898107453b8b9b9903",
            "project_name": "admin",
            "region": "MIEM",
            "roles": [
              {
                "role_id": "81a9f8e4e8d34d9f86ff45a9f74aa64a",
                "role_name": "member"
              },
              {
                "role_id": "7c1264f86d2941c28836182bb3fbc763",
                "role_name": "admin"
              },
              {
                "role_id": "d5994ba196834572871699c8ad46d5e2",
                "role_name": "reader"
              },
              {
                "role_id": "7c2085da256643a8a990a0226954acf8",
                "role_name": "heat_stack_owner"
              }
            ],
            "service_catalog": [
              {
                "endpoints": [
                  {
                    "id": "055a701306ce429baa76959d8c213da8",
                    "interface": "internal",
                    "region": "MIEM",
                    "region_id": "MIEM",
                    "url": "https://internal.mekstack.ru:9876"
                  },
                  {
                    "id": "83f72f37e2694a64825bfab03a271ba2",
                    "interface": "public",
                    "region": "MIEM",
                    "region_id": "MIEM",
                    "url": "https://octavia.api.mekstack.ru"
                  }
                ],
                "id": "1f120e5824f54874b8b898394bdd0d9c",
                "name": "octavia",
                "type": "load-balancer"
              },
              {
                "endpoints": [
                  {
                    "id": "3d9305bca60b4544b169a565b18dfd68",
                    "interface": "public",
                    "region": "MIEM",
                    "region_id": "MIEM",
                    "url": "https://nova.api.mekstack.ru/v2.1"
                  },
                  {
                    "id": "a0f720f9ef544085a1749f7fc0e3dd6a",
                    "interface": "internal",
                    "region": "MIEM",
                    "region_id": "MIEM",
                    "url": "https://internal.mekstack.ru:8774/v2.1"
                  }
                ],
                "id": "21d3ba5839574a92841dc0ef73df89f3",
                "name": "nova",
                "type": "compute"
              },
              {
                "endpoints": [
                  {
                    "id": "6b5cbd9b41074fb1a1782f6341e41e5a",
                    "interface": "internal",
                    "region": "MIEM",
                    "region_id": "MIEM",
                    "url": "https://internal.mekstack.ru:9292"
                  },
                  {
                    "id": "d1ea6fc7b1b24f39a701ce4e23971ecf",
                    "interface": "public",
                    "region": "MIEM",
                    "region_id": "MIEM",
                    "url": "https://glance.api.mekstack.ru"
                  }
                ],
                "id": "2416bda915754cef84d3e8633464c827",
                "name": "glance",
                "type": "image"
              },
              {
                "endpoints": [
                  {
                    "id": "45abdebd9cc448feb142074f40a393d7",
                    "interface": "internal",
                    "region": "MIEM",
                    "region_id": "MIEM",
                    "url": "https://internal.mekstack.ru:8004/v1/88fc814365584a898107453b8b9b9903"
                  },
                  {
                    "id": "9398986921ba488a9682389128e7ea6d",
                    "interface": "public",
                    "region": "MIEM",
                    "region_id": "MIEM",
                    "url": "https://heat.api.mekstack.ru/v1/88fc814365584a898107453b8b9b9903"
                  }
                ],
                "id": "2596244bcd0e4280bdfa3d9a98759d34",
                "name": "heat",
                "type": "orchestration"
              },
              {
                "endpoints": [
                  {
                    "id": "68f4739f292944729f39cd3a1201eb8e",
                    "interface": "public",
                    "region": "MIEM",
                    "region_id": "MIEM",
                    "url": "https://magnum.api.mekstack.ru"
                  },
                  {
                    "id": "769c802e40484c7b96ae79ea5dc962ee",
                    "interface": "internal",
                    "region": "MIEM",
                    "region_id": "MIEM",
                    "url": "https://internal.mekstack.ru:9511/v1"
                  }
                ],
                "id": "32e6242089084e659e99863f32da04a9",
                "name": "magnum",
                "type": "container-infra"
              },
              {
                "endpoints": [
                  {
                    "id": "40ab940e1408491a8f09506246a62820",
                    "interface": "public",
                    "region": "MIEM",
                    "region_id": "MIEM",
                    "url": "https://placement.api.mekstack.ru"
                  },
                  {
                    "id": "aa6a4371af374fc596bab2cd39f0b059",
                    "interface": "internal",
                    "region": "MIEM",
                    "region_id": "MIEM",
                    "url": "https://internal.mekstack.ru:8780"
                  }
                ],
                "id": "3c18b9480b0747ef9fe36efa91c51620",
                "name": "placement",
                "type": "placement"
              },
              {
                "endpoints": [
                  {
                    "id": "eef5f9772baa456fa731500625967d08",
                    "interface": "internal",
                    "region": "MIEM",
                    "region_id": "MIEM",
                    "url": "https://internal.mekstack.ru:8000/v1"
                  },
                  {
                    "id": "f33e1c36d71d4fa98c83ab4533de5b11",
                    "interface": "public",
                    "region": "MIEM",
                    "region_id": "MIEM",
                    "url": "https://heat-cfn.api.mekstack.ru/v1"
                  }
                ],
                "id": "73ef28ffd5054b26872481fccc0be952",
                "name": "heat-cfn",
                "type": "cloudformation"
              },
              {
                "endpoints": [
                  {
                    "id": "2566440b1d7b43b2ae7ad4a9cfae285e",
                    "interface": "public",
                    "region": "MIEM",
                    "region_id": "MIEM",
                    "url": "https://cinder.api.mekstack.ru/v3/88fc814365584a898107453b8b9b9903"
                  },
                  {
                    "id": "ee67d18f9a4742b489811abbffabf41a",
                    "interface": "internal",
                    "region": "MIEM",
                    "region_id": "MIEM",
                    "url": "https://internal.mekstack.ru:8776/v3/88fc814365584a898107453b8b9b9903"
                  }
                ],
                "id": "a9e634a64ef546d288860cfb4165e967",
                "name": "cinderv3",
                "type": "volumev3"
              },
              {
                "endpoints": [
                  {
                    "id": "a5766f3be1d84f43bda3fc32b4774365",
                    "interface": "public",
                    "region": "MIEM",
                    "region_id": "MIEM",
                    "url": "https://designate.api.mekstack.ru"
                  },
                  {
                    "id": "c659db5f45894bfd8f8fef12e3e38da3",
                    "interface": "internal",
                    "region": "MIEM",
                    "region_id": "MIEM",
                    "url": "https://internal.mekstack.ru:9001"
                  }
                ],
                "id": "b58252e6a7654ba89ea2c9a1fe5d418b",
                "name": "designate",
                "type": "dns"
              },
              {
                "endpoints": [
                  {
                    "id": "49ffa434598c4ff6a131e7d123abc661",
                    "interface": "public",
                    "region": "MIEM",
                    "region_id": "MIEM",
                    "url": "https://keystone.api.mekstack.ru"
                  },
                  {
                    "id": "6ce5b6c898944ff6b91c500a75a5c4a1",
                    "interface": "internal",
                    "region": "MIEM",
                    "region_id": "MIEM",
                    "url": "https://internal.mekstack.ru:5000"
                  }
                ],
                "id": "b814c9e7a9b848f99ed4d2134db4de38",
                "name": "keystone",
                "type": "identity"
              },
              {
                "endpoints": [
                  {
                    "id": "51d2cddd3cbd44ac94bb1c55b0fd5f4b",
                    "interface": "internal",
                    "region": "MIEM",
                    "region_id": "MIEM",
                    "url": "https://internal.mekstack.ru:9696"
                  },
                  {
                    "id": "cace427664d04dfe8ff2b58fe5829121",
                    "interface": "public",
                    "region": "MIEM",
                    "region_id": "MIEM",
                    "url": "https://neutron.api.mekstack.ru"
                  }
                ],
                "id": "c72003a75591457e9901bb8d5481aa8a",
                "name": "neutron",
                "type": "network"
              }
            ],
            "set_token_id": null,
            "token_id": null,
            "user_domain_id": "default",
            "user_domain_name": "Default",
            "user_id": "cba439ff71674ca9a93689384910c06c",
            "user_name": "admin"
          },
          "sensitive_attributes": []
        }
      ]
    },
    {
      "module": "module.admin",
      "mode": "data",
      "type": "openstack_networking_secgroup_v2",
      "name": "default",
      "provider": "provider[\"registry.terraform.io/terraform-provider-openstack/openstack\"]",
      "instances": [
        {
          "schema_version": 0,
          "attributes": {
            "all_tags": [],
            "description": "Default security group",
            "id": "e605b509-d661-46f8-a349-a32252a1ad38",
            "name": "default",
            "region": "MIEM",
            "secgroup_id": null,
            "tags": null,
            "tenant_id": "88fc814365584a898107453b8b9b9903"
          },
          "sensitive_attributes": []
        }
      ]
    },
    {
      "module": "module.admin",
      "mode": "managed",
      "type": "openstack_blockstorage_quotaset_v3",
      "name": "admin",
      "provider": "provider[\"registry.terraform.io/terraform-provider-openstack/openstack\"]",
      "instances": [
        {
          "schema_version": 0,
          "attributes": {
            "backup_gigabytes": 1000,
            "backups": 20,
            "gigabytes": 10000,
            "groups": 100,
            "id": "88fc814365584a898107453b8b9b9903/MIEM",
            "per_volume_gigabytes": 1000,
            "project_id": "88fc814365584a898107453b8b9b9903",
            "region": "MIEM",
            "snapshots": 20,
            "timeouts": null,
            "volume_type_quota": null,
            "volumes": 20
          },
          "sensitive_attributes": [],
          "private": "eyJlMmJmYjczMC1lY2FhLTExZTYtOGY4OC0zNDM2M2JjN2M0YzAiOnsiY3JlYXRlIjo2MDAwMDAwMDAwMDAsImRlbGV0ZSI6NjAwMDAwMDAwMDAwLCJ1cGRhdGUiOjYwMDAwMDAwMDAwMH19",
          "dependencies": [
            "module.admin.data.openstack_identity_auth_scope_v3.current"
          ]
        }
      ]
    },
    {
      "module": "module.admin",
      "mode": "managed",
      "type": "openstack_compute_flavor_v2",
      "name": "m2s",
      "provider": "provider[\"registry.terraform.io/terraform-provider-openstack/openstack\"]",
      "instances": [
        {
          "index_key": "0",
          "schema_version": 0,
          "attributes": {
            "description": "",
            "disk": 5,
            "ephemeral": 0,
            "extra_specs": {
              "hw:cpu_policy": "shared",
              "hw:numa_nodes": "1"
            },
            "flavor_id": "0",
            "id": "0",
            "is_public": true,
            "name": "m2s.micro",
            "ram": 512,
            "region": "MIEM",
            "rx_tx_factor": 1,
            "swap": 512,
            "vcpus": 4
          },
          "sensitive_attributes": [],
          "private": "bnVsbA=="
        },
        {
          "index_key": "1",
          "schema_version": 0,
          "attributes": {
            "description": "",
            "disk": 10,
            "ephemeral": 0,
            "extra_specs": {
              "hw:cpu_policy": "shared",
              "hw:numa_nodes": "1"
            },
            "flavor_id": "1",
            "id": "1",
            "is_public": true,
            "name": "m2s.small",
            "ram": 1024,
            "region": "MIEM",
            "rx_tx_factor": 1,
            "swap": 1024,
            "vcpus": 6
          },
          "sensitive_attributes": [],
          "private": "bnVsbA=="
        },
        {
          "index_key": "2",
          "schema_version": 0,
          "attributes": {
            "description": "",
            "disk": 15,
            "ephemeral": 0,
            "extra_specs": {
              "hw:cpu_policy": "shared",
              "hw:numa_nodes": "1"
            },
            "flavor_id": "2",
            "id": "2",
            "is_public": true,
            "name": "m2s.medium",
            "ram": 2048,
            "region": "MIEM",
            "rx_tx_factor": 1,
            "swap": 2048,
            "vcpus": 6
          },
          "sensitive_attributes": [],
          "private": "bnVsbA=="
        },
        {
          "index_key": "3",
          "schema_version": 0,
          "attributes": {
            "description": "",
            "disk": 20,
            "ephemeral": 0,
            "extra_specs": {
              "hw:cpu_policy": "shared",
              "hw:numa_nodes": "1"
            },
            "flavor_id": "3",
            "id": "3",
            "is_public": true,
            "name": "m2s.large",
            "ram": 4096,
            "region": "MIEM",
            "rx_tx_factor": 1,
            "swap": 2048,
            "vcpus": 8
          },
          "sensitive_attributes": [],
          "private": "bnVsbA=="
        }
      ]
    },
    {
      "module": "module.admin",
      "mode": "managed",
      "type": "openstack_compute_keypair_v2",
      "name": "admins",
      "provider": "provider[\"registry.terraform.io/terraform-provider-openstack/openstack\"]",
      "instances": [
        {
          "schema_version": 0,
          "attributes": {
            "fingerprint": "97:4d:94:9f:be:70:32:06:fe:68:2c:f3:0f:75:18:d6",
            "id": "admins",
            "name": "admins",
            "private_key": "",
            "public_key": "ssh-ed25519 AAAAC3NzaC1lZDI1NTE5AAAAIJU+Jdr48B+PDE18asZ0rlpEY9ucSY6fVaL8Xs/based meks\nssh-ed25519 AAAAC3NzaC1lZDI1NTE5AAAAIOi/hPWFiOvHIIFVysGcPZDONMYKmxXQ+tKTxcKFzsEN sthussky\n",
            "region": "MIEM",
            "user_id": "",
            "value_specs": null
          },
          "sensitive_attributes": [],
          "private": "bnVsbA=="
        }
      ]
    },
    {
      "module": "module.admin",
      "mode": "managed",
      "type": "openstack_compute_quotaset_v2",
      "name": "admin",
      "provider": "provider[\"registry.terraform.io/terraform-provider-openstack/openstack\"]",
      "instances": [
        {
          "schema_version": 0,
          "attributes": {
            "cores": 300,
            "fixed_ips": -1,
            "floating_ips": -1,
            "id": "88fc814365584a898107453b8b9b9903/MIEM",
            "injected_file_content_bytes": 10240,
            "injected_file_path_bytes": 255,
            "injected_files": 5,
            "instances": 20,
            "key_pairs": 10,
            "metadata_items": 128,
            "project_id": "88fc814365584a898107453b8b9b9903",
            "ram": 1000000,
            "region": "MIEM",
            "security_group_rules": -1,
            "security_groups": -1,
            "server_group_members": 8,
            "server_groups": 4,
            "timeouts": null
          },
          "sensitive_attributes": [],
          "private": "eyJlMmJmYjczMC1lY2FhLTExZTYtOGY4OC0zNDM2M2JjN2M0YzAiOnsiY3JlYXRlIjo2MDAwMDAwMDAwMDAsImRlbGV0ZSI6NjAwMDAwMDAwMDAwLCJ1cGRhdGUiOjYwMDAwMDAwMDAwMH19",
          "dependencies": [
            "module.admin.data.openstack_identity_auth_scope_v3.current"
          ]
        }
      ]
    },
    {
      "module": "module.admin",
      "mode": "managed",
      "type": "openstack_dns_recordset_v2",
      "name": "api",
      "provider": "provider[\"registry.terraform.io/terraform-provider-openstack/openstack\"]",
      "instances": [
        {
          "schema_version": 0,
          "attributes": {
            "description": "Mekstack service endpoints address",
            "disable_status_check": false,
            "id": "24943f67-4077-400c-96fa-4c8b01301d10/7c0d383d-9a51-46fb-8f69-a6a38fb9615e",
            "name": "*.api.mekstack.ru.",
            "project_id": "88fc814365584a898107453b8b9b9903",
            "records": [
              "172.18.219.1"
            ],
            "region": "MIEM",
            "timeouts": null,
            "ttl": 3000,
            "type": "A",
            "value_specs": null,
            "zone_id": "24943f67-4077-400c-96fa-4c8b01301d10"
          },
          "sensitive_attributes": [],
          "private": "eyJlMmJmYjczMC1lY2FhLTExZTYtOGY4OC0zNDM2M2JjN2M0YzAiOnsiY3JlYXRlIjo2MDAwMDAwMDAwMDAsImRlbGV0ZSI6NjAwMDAwMDAwMDAwLCJ1cGRhdGUiOjYwMDAwMDAwMDAwMH19",
          "dependencies": [
            "module.admin.openstack_dns_zone_v2.mekstack_zone"
          ]
        }
      ]
    },
    {
      "module": "module.admin",
      "mode": "managed",
      "type": "openstack_dns_recordset_v2",
      "name": "horiozn",
      "provider": "provider[\"registry.terraform.io/terraform-provider-openstack/openstack\"]",
      "instances": [
        {
          "schema_version": 0,
          "attributes": {
            "description": "Mekstack horizon web dashboard address",
            "disable_status_check": false,
            "id": "24943f67-4077-400c-96fa-4c8b01301d10/c429f0f7-3657-4842-a31d-cc8e8d968d51",
            "name": "mekstack.ru.",
            "project_id": "88fc814365584a898107453b8b9b9903",
            "records": [
              "172.18.219.1"
            ],
            "region": "MIEM",
            "timeouts": null,
            "ttl": 3000,
            "type": "A",
            "value_specs": null,
            "zone_id": "24943f67-4077-400c-96fa-4c8b01301d10"
          },
          "sensitive_attributes": [],
          "private": "eyJlMmJmYjczMC1lY2FhLTExZTYtOGY4OC0zNDM2M2JjN2M0YzAiOnsiY3JlYXRlIjo2MDAwMDAwMDAwMDAsImRlbGV0ZSI6NjAwMDAwMDAwMDAwLCJ1cGRhdGUiOjYwMDAwMDAwMDAwMH19",
          "dependencies": [
            "module.admin.openstack_dns_zone_v2.mekstack_zone"
          ]
        }
      ]
    },
    {
      "module": "module.admin",
      "mode": "managed",
      "type": "openstack_dns_zone_v2",
      "name": "mekstack_zone",
      "provider": "provider[\"registry.terraform.io/terraform-provider-openstack/openstack\"]",
      "instances": [
        {
          "schema_version": 0,
          "attributes": {
            "attributes": {},
            "description": "Mekstack project zone",
            "disable_status_check": false,
            "email": "19106@miem.hse.ru",
            "id": "24943f67-4077-400c-96fa-4c8b01301d10",
            "masters": [],
            "name": "mekstack.ru.",
            "project_id": "88fc814365584a898107453b8b9b9903",
            "region": "MIEM",
            "timeouts": null,
            "ttl": 3000,
            "type": "PRIMARY",
            "value_specs": null
          },
          "sensitive_attributes": [],
          "private": "eyJlMmJmYjczMC1lY2FhLTExZTYtOGY4OC0zNDM2M2JjN2M0YzAiOnsiY3JlYXRlIjo2MDAwMDAwMDAwMDAsImRlbGV0ZSI6NjAwMDAwMDAwMDAwLCJ1cGRhdGUiOjYwMDAwMDAwMDAwMH19"
        }
      ]
    },
    {
      "module": "module.admin",
      "mode": "managed",
      "type": "openstack_images_image_v2",
      "name": "image",
      "provider": "provider[\"registry.terraform.io/terraform-provider-openstack/openstack\"]",
      "instances": [
        {
          "index_key": "arch",
          "schema_version": 0,
          "attributes": {
            "checksum": "de42fbe2e0309dd5880f78c17d3fd796",
            "container_format": "bare",
            "created_at": "2023-09-05T15:12:23Z",
            "decompress": null,
            "disk_format": "qcow2",
            "file": "/v2/images/07b83701-8087-4bb4-95e4-c30bd8ea90b1/file",
            "hidden": false,
            "id": "07b83701-8087-4bb4-95e4-c30bd8ea90b1",
            "image_cache_path": "./image_cache",
            "image_id": "07b83701-8087-4bb4-95e4-c30bd8ea90b1",
            "image_source_password": null,
            "image_source_url": "https://geo.mirror.pkgbuild.com/images/latest/Arch-Linux-x86_64-cloudimg.qcow2",
            "image_source_username": null,
            "local_file_path": null,
            "metadata": {},
            "min_disk_gb": 3,
            "min_ram_mb": 512,
            "name": "arch",
            "owner": "88fc814365584a898107453b8b9b9903",
            "properties": {
              "os_hash_algo": "sha512",
              "os_hash_value": "43b1657ff2277953e38af0bc4bc5b62294e023035b78107d97b7edd5d6a94373ead48d0f3abff6ddd940639d7d01d4221ce309efa149b0ead7c8a93cc3f6226d",
              "os_type": "linux",
              "stores": "file"
            },
            "protected": false,
            "region": "MIEM",
            "schema": "/v2/schemas/image",
            "size_bytes": 524187648,
            "status": "active",
            "tags": [],
            "timeouts": null,
            "update_at": "2023-09-05T15:25:58Z",
            "updated_at": "2023-09-05T15:25:58Z",
            "verify_checksum": null,
            "visibility": "public",
            "web_download": null
          },
          "sensitive_attributes": [],
          "private": "eyJlMmJmYjczMC1lY2FhLTExZTYtOGY4OC0zNDM2M2JjN2M0YzAiOnsiY3JlYXRlIjoxODAwMDAwMDAwMDAwfX0="
        },
        {
          "index_key": "jammy",
          "schema_version": 0,
          "attributes": {
            "checksum": "567727e2d5f78cc474c422b433360787",
            "container_format": "bare",
            "created_at": "2023-09-05T15:12:23Z",
            "decompress": null,
            "disk_format": "qcow2",
            "file": "/v2/images/2ea2f0ed-83e2-4c51-be3c-ef7121e8ef6b/file",
            "hidden": false,
            "id": "2ea2f0ed-83e2-4c51-be3c-ef7121e8ef6b",
            "image_cache_path": "./image_cache",
            "image_id": "2ea2f0ed-83e2-4c51-be3c-ef7121e8ef6b",
            "image_source_password": null,
            "image_source_url": "https://cloud-images.ubuntu.com/daily/server/jammy/current/jammy-server-cloudimg-amd64.img",
            "image_source_username": null,
            "local_file_path": null,
            "metadata": {},
            "min_disk_gb": 3,
            "min_ram_mb": 512,
            "name": "jammy",
            "owner": "88fc814365584a898107453b8b9b9903",
            "properties": {
              "os_hash_algo": "sha512",
              "os_hash_value": "0a46a560e51c4525532edf951c45262b55f7c2f6634bbf929b7d9d5299f58c6890e5fefd326505839973e37a947a78ab7ecc55e30df366c960374bb155b97c26",
              "os_type": "linux",
              "stores": "file"
            },
            "protected": false,
            "region": "MIEM",
            "schema": "/v2/schemas/image",
            "size_bytes": 670302208,
            "status": "active",
            "tags": [],
            "timeouts": null,
            "update_at": "2023-09-05T15:28:12Z",
            "updated_at": "2023-09-05T15:28:12Z",
            "verify_checksum": null,
            "visibility": "public",
            "web_download": null
          },
          "sensitive_attributes": [],
          "private": "eyJlMmJmYjczMC1lY2FhLTExZTYtOGY4OC0zNDM2M2JjN2M0YzAiOnsiY3JlYXRlIjoxODAwMDAwMDAwMDAwfX0="
        }
      ]
    },
    {
      "module": "module.admin",
      "mode": "managed",
      "type": "openstack_networking_network_v2",
      "name": "public",
      "provider": "provider[\"registry.terraform.io/terraform-provider-openstack/openstack\"]",
      "instances": [
        {
          "schema_version": 0,
          "attributes": {
            "admin_state_up": true,
            "all_tags": [],
            "availability_zone_hints": [],
            "description": "Public Network",
            "dns_domain": "",
            "external": true,
            "id": "0f8c3805-9853-4264-ace0-9420686bbbfb",
            "mtu": 1442,
            "name": "public",
            "port_security_enabled": true,
            "qos_policy_id": "",
            "region": "MIEM",
            "segments": [
              {
                "network_type": "vlan",
                "physical_network": "physnet1",
                "segmentation_id": 218
              }
            ],
            "shared": true,
            "tags": [],
            "tenant_id": "88fc814365584a898107453b8b9b9903",
            "timeouts": null,
            "transparent_vlan": false,
            "value_specs": null
          },
          "sensitive_attributes": [],
          "private": "eyJlMmJmYjczMC1lY2FhLTExZTYtOGY4OC0zNDM2M2JjN2M0YzAiOnsiY3JlYXRlIjo2MDAwMDAwMDAwMDAsImRlbGV0ZSI6NjAwMDAwMDAwMDAwfX0="
        }
      ]
    },
    {
      "module": "module.admin",
      "mode": "managed",
      "type": "openstack_networking_quota_v2",
      "name": "quota_1",
      "provider": "provider[\"registry.terraform.io/terraform-provider-openstack/openstack\"]",
      "instances": [
        {
          "schema_version": 0,
          "attributes": {
            "floatingip": 20,
            "id": "88fc814365584a898107453b8b9b9903/MIEM",
            "network": 10,
            "port": 100,
            "project_id": "88fc814365584a898107453b8b9b9903",
            "rbac_policy": 10,
            "region": "MIEM",
            "router": 10,
            "security_group": 20,
            "security_group_rule": 200,
            "subnet": 20,
            "subnetpool": 10,
            "timeouts": null
          },
          "sensitive_attributes": [],
          "private": "eyJlMmJmYjczMC1lY2FhLTExZTYtOGY4OC0zNDM2M2JjN2M0YzAiOnsiY3JlYXRlIjo2MDAwMDAwMDAwMDAsImRlbGV0ZSI6NjAwMDAwMDAwMDAwLCJ1cGRhdGUiOjYwMDAwMDAwMDAwMH19",
          "dependencies": [
            "module.admin.data.openstack_identity_auth_scope_v3.current"
          ]
        }
      ]
    },
    {
      "module": "module.admin",
      "mode": "managed",
      "type": "openstack_networking_secgroup_rule_v2",
      "name": "icmp",
      "provider": "provider[\"registry.terraform.io/terraform-provider-openstack/openstack\"]",
      "instances": [
        {
          "schema_version": 0,
          "attributes": {
            "description": "",
            "direction": "ingress",
            "ethertype": "IPv4",
            "id": "33841055-21fb-4daf-b637-e69c413e476f",
            "port_range_max": 0,
            "port_range_min": 0,
            "protocol": "icmp",
            "region": "MIEM",
            "remote_group_id": "",
            "remote_ip_prefix": "0.0.0.0/0",
            "security_group_id": "e605b509-d661-46f8-a349-a32252a1ad38",
            "tenant_id": "88fc814365584a898107453b8b9b9903",
            "timeouts": null
          },
          "sensitive_attributes": [],
          "private": "eyJlMmJmYjczMC1lY2FhLTExZTYtOGY4OC0zNDM2M2JjN2M0YzAiOnsiZGVsZXRlIjo2MDAwMDAwMDAwMDB9fQ==",
          "dependencies": [
            "module.admin.data.openstack_identity_auth_scope_v3.current",
            "module.admin.data.openstack_networking_secgroup_v2.default"
          ]
        }
      ]
    },
    {
      "module": "module.admin",
      "mode": "managed",
      "type": "openstack_networking_secgroup_rule_v2",
      "name": "ssh",
      "provider": "provider[\"registry.terraform.io/terraform-provider-openstack/openstack\"]",
      "instances": [
        {
          "schema_version": 0,
          "attributes": {
            "description": "",
            "direction": "ingress",
            "ethertype": "IPv4",
            "id": "444d9990-fc96-44ca-bbba-e533b251b3b3",
            "port_range_max": 22,
            "port_range_min": 22,
            "protocol": "tcp",
            "region": "MIEM",
            "remote_group_id": "",
            "remote_ip_prefix": "0.0.0.0/0",
            "security_group_id": "e605b509-d661-46f8-a349-a32252a1ad38",
            "tenant_id": "88fc814365584a898107453b8b9b9903",
            "timeouts": null
          },
          "sensitive_attributes": [],
          "private": "eyJlMmJmYjczMC1lY2FhLTExZTYtOGY4OC0zNDM2M2JjN2M0YzAiOnsiZGVsZXRlIjo2MDAwMDAwMDAwMDB9fQ==",
          "dependencies": [
            "module.admin.data.openstack_identity_auth_scope_v3.current",
            "module.admin.data.openstack_networking_secgroup_v2.default"
          ]
        }
      ]
    },
    {
      "module": "module.admin",
      "mode": "managed",
      "type": "openstack_networking_subnet_route_v2",
      "name": "public-to-another-public",
      "provider": "provider[\"registry.terraform.io/terraform-provider-openstack/openstack\"]",
      "instances": [
        {
          "schema_version": 0,
          "attributes": {
            "destination_cidr": "172.18.217.0/24",
            "id": "c1d79788-b67c-4611-8f5f-8e830e88cb3f-route-172.18.217.0/24-172.18.218.2",
            "next_hop": "172.18.218.2",
            "region": "MIEM",
            "subnet_id": "c1d79788-b67c-4611-8f5f-8e830e88cb3f"
          },
          "sensitive_attributes": [],
          "private": "bnVsbA==",
          "dependencies": [
            "module.admin.openstack_networking_network_v2.public",
            "module.admin.openstack_networking_subnet_v2.public"
          ]
        }
      ]
    },
    {
      "module": "module.admin",
      "mode": "managed",
      "type": "openstack_networking_subnet_v2",
      "name": "public",
      "provider": "provider[\"registry.terraform.io/terraform-provider-openstack/openstack\"]",
      "instances": [
        {
          "schema_version": 0,
          "attributes": {
            "all_tags": [],
            "allocation_pool": [
              {
                "end": "172.18.219.200",
                "start": "172.18.218.51"
              }
            ],
            "allocation_pools": [
              {
                "end": "172.18.219.200",
                "start": "172.18.218.51"
              }
            ],
            "cidr": "172.18.218.0/23",
            "description": "Public Subnet",
            "dns_nameservers": [
              "172.18.218.100"
            ],
            "enable_dhcp": true,
            "gateway_ip": "172.18.218.1",
            "host_routes": [],
            "id": "c1d79788-b67c-4611-8f5f-8e830e88cb3f",
            "ip_version": 4,
            "ipv6_address_mode": "",
            "ipv6_ra_mode": "",
            "name": "public-subnet",
            "network_id": "0f8c3805-9853-4264-ace0-9420686bbbfb",
            "no_gateway": false,
            "prefix_length": null,
            "region": "MIEM",
            "service_types": [],
            "subnetpool_id": "",
            "tags": [],
            "tenant_id": "88fc814365584a898107453b8b9b9903",
            "timeouts": null,
            "value_specs": null
          },
          "sensitive_attributes": [],
          "private": "eyJlMmJmYjczMC1lY2FhLTExZTYtOGY4OC0zNDM2M2JjN2M0YzAiOnsiY3JlYXRlIjo2MDAwMDAwMDAwMDAsImRlbGV0ZSI6NjAwMDAwMDAwMDAwfX0=",
          "dependencies": [
            "module.admin.openstack_networking_network_v2.public"
          ]
        }
      ]
    },
    {
      "module": "module.dnosha",
      "mode": "data",
      "type": "openstack_networking_network_v2",
      "name": "public",
      "provider": "provider[\"registry.terraform.io/terraform-provider-openstack/openstack\"]",
      "instances": [
        {
          "schema_version": 0,
          "attributes": {
            "admin_state_up": "true",
            "all_tags": [],
            "availability_zone_hints": [],
            "description": "Public Network",
            "dns_domain": "",
            "external": true,
            "id": "0f8c3805-9853-4264-ace0-9420686bbbfb",
            "matching_subnet_cidr": null,
            "mtu": 1442,
            "name": "public",
            "network_id": null,
            "region": "MIEM",
            "segments": [
              {
                "network_type": "vlan",
                "physical_network": "physnet1",
                "segmentation_id": 218
              }
            ],
            "shared": "true",
            "status": null,
            "subnets": [
              "c1d79788-b67c-4611-8f5f-8e830e88cb3f"
            ],
            "tags": null,
            "tenant_id": "88fc814365584a898107453b8b9b9903",
            "transparent_vlan": false
          },
          "sensitive_attributes": []
        }
      ]
    },
    {
      "module": "module.dnosha",
      "mode": "managed",
      "type": "openstack_compute_instance_v2",
      "name": "instance",
      "provider": "provider[\"registry.terraform.io/terraform-provider-openstack/openstack\"]",
      "instances": [
        {
          "index_key": 0,
          "schema_version": 0,
          "attributes": {
            "access_ip_v4": "10.0.0.11",
            "access_ip_v6": "",
            "admin_pass": null,
            "all_metadata": {},
            "all_tags": [],
            "availability_zone": "nova",
            "availability_zone_hints": null,
            "block_device": [],
            "config_drive": null,
            "created": "2023-09-06 21:32:52 +0000 UTC",
            "flavor_id": "0",
            "flavor_name": "m2s.micro",
            "floating_ip": null,
            "force_delete": false,
            "id": "5c67d7e8-5a8a-42bd-a6ee-e0c1a5c9d981",
            "image_id": "2ea2f0ed-83e2-4c51-be3c-ef7121e8ef6b",
            "image_name": "jammy",
            "key_pair": "admins",
            "metadata": null,
            "name": "DNoS-HA-1",
            "network": [
              {
                "access_network": false,
                "fixed_ip_v4": "10.0.0.11",
                "fixed_ip_v6": "",
                "floating_ip": "",
                "mac": "fa:16:3e:b2:a3:9b",
                "name": "DNoS-HA",
                "port": "",
                "uuid": "4bf84eaf-6942-466e-bf17-a6100ab10fff"
              }
            ],
            "network_mode": null,
            "personality": [],
            "power_state": "active",
            "region": "MIEM",
            "scheduler_hints": [],
            "security_groups": [
              "DNoS-HA"
            ],
            "stop_before_destroy": false,
            "tags": [],
            "timeouts": null,
            "updated": "2023-09-06 21:33:00 +0000 UTC",
            "user_data": "67414b7b1357e54f223d3cfa00f62fd720a65672",
            "vendor_options": [],
            "volume": []
          },
          "sensitive_attributes": [],
          "private": "eyJlMmJmYjczMC1lY2FhLTExZTYtOGY4OC0zNDM2M2JjN2M0YzAiOnsiY3JlYXRlIjoxODAwMDAwMDAwMDAwLCJkZWxldGUiOjE4MDAwMDAwMDAwMDAsInVwZGF0ZSI6MTgwMDAwMDAwMDAwMH19",
          "dependencies": [
            "module.admin.openstack_images_image_v2.image",
            "module.dnosha.openstack_networking_network_v2.network",
            "module.dnosha.openstack_networking_secgroup_v2.secgroup",
            "module.dnosha.openstack_networking_subnet_v2.subnet"
          ]
        },
        {
          "index_key": 1,
          "schema_version": 0,
          "attributes": {
            "access_ip_v4": "10.0.0.12",
            "access_ip_v6": "",
            "admin_pass": null,
            "all_metadata": {},
            "all_tags": [],
            "availability_zone": "nova",
            "availability_zone_hints": null,
            "block_device": [],
            "config_drive": null,
            "created": "2023-09-06 21:32:52 +0000 UTC",
            "flavor_id": "0",
            "flavor_name": "m2s.micro",
            "floating_ip": null,
            "force_delete": false,
            "id": "7ee4002c-4f84-46b3-be31-5aef4a0283b2",
            "image_id": "2ea2f0ed-83e2-4c51-be3c-ef7121e8ef6b",
            "image_name": "jammy",
            "key_pair": "admins",
            "metadata": null,
            "name": "DNoS-HA-2",
            "network": [
              {
                "access_network": false,
                "fixed_ip_v4": "10.0.0.12",
                "fixed_ip_v6": "",
                "floating_ip": "",
                "mac": "fa:16:3e:69:e0:54",
                "name": "DNoS-HA",
                "port": "",
                "uuid": "4bf84eaf-6942-466e-bf17-a6100ab10fff"
              }
            ],
            "network_mode": null,
            "personality": [],
            "power_state": "active",
            "region": "MIEM",
            "scheduler_hints": [],
            "security_groups": [
              "DNoS-HA"
            ],
            "stop_before_destroy": false,
            "tags": [],
            "timeouts": null,
            "updated": "2023-09-06 21:33:00 +0000 UTC",
            "user_data": "67414b7b1357e54f223d3cfa00f62fd720a65672",
            "vendor_options": [],
            "volume": []
          },
          "sensitive_attributes": [],
          "private": "eyJlMmJmYjczMC1lY2FhLTExZTYtOGY4OC0zNDM2M2JjN2M0YzAiOnsiY3JlYXRlIjoxODAwMDAwMDAwMDAwLCJkZWxldGUiOjE4MDAwMDAwMDAwMDAsInVwZGF0ZSI6MTgwMDAwMDAwMDAwMH19",
          "dependencies": [
            "module.admin.openstack_images_image_v2.image",
            "module.dnosha.openstack_networking_network_v2.network",
            "module.dnosha.openstack_networking_secgroup_v2.secgroup",
            "module.dnosha.openstack_networking_subnet_v2.subnet"
          ]
        },
        {
          "index_key": 2,
          "schema_version": 0,
          "attributes": {
            "access_ip_v4": "10.0.0.13",
            "access_ip_v6": "",
            "admin_pass": null,
            "all_metadata": {},
            "all_tags": [],
            "availability_zone": "nova",
            "availability_zone_hints": null,
            "block_device": [],
            "config_drive": null,
            "created": "2023-09-06 21:32:52 +0000 UTC",
            "flavor_id": "0",
            "flavor_name": "m2s.micro",
            "floating_ip": null,
            "force_delete": false,
            "id": "9bd229a0-46b1-4e31-9079-a66b71d1f3cf",
            "image_id": "2ea2f0ed-83e2-4c51-be3c-ef7121e8ef6b",
            "image_name": "jammy",
            "key_pair": "admins",
            "metadata": null,
            "name": "DNoS-HA-3",
            "network": [
              {
                "access_network": false,
                "fixed_ip_v4": "10.0.0.13",
                "fixed_ip_v6": "",
                "floating_ip": "",
                "mac": "fa:16:3e:65:68:d8",
                "name": "DNoS-HA",
                "port": "",
                "uuid": "4bf84eaf-6942-466e-bf17-a6100ab10fff"
              }
            ],
            "network_mode": null,
            "personality": [],
            "power_state": "active",
            "region": "MIEM",
            "scheduler_hints": [],
            "security_groups": [
              "DNoS-HA"
            ],
            "stop_before_destroy": false,
            "tags": [],
            "timeouts": null,
            "updated": "2023-09-06 21:33:00 +0000 UTC",
            "user_data": "67414b7b1357e54f223d3cfa00f62fd720a65672",
            "vendor_options": [],
            "volume": []
          },
          "sensitive_attributes": [],
          "private": "eyJlMmJmYjczMC1lY2FhLTExZTYtOGY4OC0zNDM2M2JjN2M0YzAiOnsiY3JlYXRlIjoxODAwMDAwMDAwMDAwLCJkZWxldGUiOjE4MDAwMDAwMDAwMDAsInVwZGF0ZSI6MTgwMDAwMDAwMDAwMH19",
          "dependencies": [
            "module.admin.openstack_images_image_v2.image",
            "module.dnosha.openstack_networking_network_v2.network",
            "module.dnosha.openstack_networking_secgroup_v2.secgroup",
            "module.dnosha.openstack_networking_subnet_v2.subnet"
          ]
        }
      ]
    },
    {
      "module": "module.dnosha",
      "mode": "managed",
      "type": "openstack_lb_listener_v2",
      "name": "lb",
      "provider": "provider[\"registry.terraform.io/terraform-provider-openstack/openstack\"]",
      "instances": [
        {
          "schema_version": 0,
          "attributes": {
            "admin_state_up": true,
            "allowed_cidrs": [],
            "connection_limit": -1,
            "default_pool_id": "5fa1a38d-0211-4cb5-8b7d-3b421f90890e",
            "default_tls_container_ref": "",
            "description": "",
            "id": "4fd97fde-9239-4a84-ad5f-c793e0b75a47",
            "insert_headers": {},
            "loadbalancer_id": "40279666-1ed5-4bb8-892e-2adc8b02b9eb",
            "name": "DNoS-HA",
            "protocol": "UDP",
            "protocol_port": 53,
            "region": "MIEM",
            "sni_container_refs": [],
            "tags": [],
            "tenant_id": "88fc814365584a898107453b8b9b9903",
            "timeout_client_data": 50000,
            "timeout_member_connect": 5000,
            "timeout_member_data": 50000,
            "timeout_tcp_inspect": 0,
            "timeouts": null
          },
          "sensitive_attributes": [],
          "private": "eyJlMmJmYjczMC1lY2FhLTExZTYtOGY4OC0zNDM2M2JjN2M0YzAiOnsiY3JlYXRlIjo2MDAwMDAwMDAwMDAsImRlbGV0ZSI6NjAwMDAwMDAwMDAwLCJ1cGRhdGUiOjYwMDAwMDAwMDAwMH19",
          "dependencies": [
            "module.dnosha.openstack_lb_loadbalancer_v2.lb",
            "module.dnosha.openstack_networking_network_v2.network",
            "module.dnosha.openstack_networking_subnet_v2.subnet"
          ]
        }
      ]
    },
    {
      "module": "module.dnosha",
      "mode": "managed",
      "type": "openstack_lb_loadbalancer_v2",
      "name": "lb",
      "provider": "provider[\"registry.terraform.io/terraform-provider-openstack/openstack\"]",
      "instances": [
        {
          "schema_version": 0,
          "attributes": {
            "admin_state_up": true,
            "availability_zone": "",
            "description": "",
            "flavor_id": "",
            "id": "40279666-1ed5-4bb8-892e-2adc8b02b9eb",
            "loadbalancer_provider": "ovn",
            "name": "DNoS-HA",
            "region": "MIEM",
            "security_group_ids": [
              "e605b509-d661-46f8-a349-a32252a1ad38"
            ],
            "tags": [],
            "tenant_id": "88fc814365584a898107453b8b9b9903",
            "timeouts": null,
            "vip_address": "10.0.0.147",
            "vip_network_id": "4bf84eaf-6942-466e-bf17-a6100ab10fff",
            "vip_port_id": "e7739319-3757-4a47-a9e2-74c4daa3ee61",
            "vip_subnet_id": "4dda0352-3612-4ac8-baec-2336339e5edd"
          },
          "sensitive_attributes": [],
          "private": "eyJlMmJmYjczMC1lY2FhLTExZTYtOGY4OC0zNDM2M2JjN2M0YzAiOnsiY3JlYXRlIjo2MDAwMDAwMDAwMDAsImRlbGV0ZSI6MzAwMDAwMDAwMDAwLCJ1cGRhdGUiOjYwMDAwMDAwMDAwMH19",
          "dependencies": [
            "module.dnosha.openstack_networking_network_v2.network",
            "module.dnosha.openstack_networking_subnet_v2.subnet"
          ]
        }
      ]
    },
    {
      "module": "module.dnosha",
      "mode": "managed",
      "type": "openstack_lb_members_v2",
      "name": "lb",
      "provider": "provider[\"registry.terraform.io/terraform-provider-openstack/openstack\"]",
      "instances": [
        {
          "schema_version": 0,
          "attributes": {
            "id": "5fa1a38d-0211-4cb5-8b7d-3b421f90890e",
            "member": [
              {
                "address": "10.0.0.11",
                "admin_state_up": true,
                "backup": false,
                "id": "90d57aa5-2cea-4342-914e-152984ed1bfd",
                "monitor_address": "",
                "monitor_port": 0,
                "name": "",
                "protocol_port": 5353,
                "subnet_id": "",
                "weight": 1
              },
              {
                "address": "10.0.0.12",
                "admin_state_up": true,
                "backup": false,
                "id": "5f655f02-c336-4d0e-9dc9-dd2a3c0a4c83",
                "monitor_address": "",
                "monitor_port": 0,
                "name": "",
                "protocol_port": 5353,
                "subnet_id": "",
                "weight": 1
              },
              {
                "address": "10.0.0.13",
                "admin_state_up": true,
                "backup": false,
                "id": "264e5425-d2f0-44f8-96e4-e8476e118ba8",
                "monitor_address": "",
                "monitor_port": 0,
                "name": "",
                "protocol_port": 5353,
                "subnet_id": "",
                "weight": 1
              }
            ],
            "pool_id": "5fa1a38d-0211-4cb5-8b7d-3b421f90890e",
            "region": "MIEM",
            "timeouts": null
          },
          "sensitive_attributes": [],
          "private": "eyJlMmJmYjczMC1lY2FhLTExZTYtOGY4OC0zNDM2M2JjN2M0YzAiOnsiY3JlYXRlIjo2MDAwMDAwMDAwMDAsImRlbGV0ZSI6NjAwMDAwMDAwMDAwLCJ1cGRhdGUiOjYwMDAwMDAwMDAwMH19",
          "dependencies": [
            "module.admin.openstack_images_image_v2.image",
            "module.dnosha.openstack_compute_instance_v2.instance",
            "module.dnosha.openstack_lb_listener_v2.lb",
            "module.dnosha.openstack_lb_loadbalancer_v2.lb",
            "module.dnosha.openstack_lb_pool_v2.lb",
            "module.dnosha.openstack_networking_network_v2.network",
            "module.dnosha.openstack_networking_secgroup_v2.secgroup",
            "module.dnosha.openstack_networking_subnet_v2.subnet"
          ]
        }
      ]
    },
    {
      "module": "module.dnosha",
      "mode": "managed",
      "type": "openstack_lb_monitor_v2",
      "name": "lb",
      "provider": "provider[\"registry.terraform.io/terraform-provider-openstack/openstack\"]",
      "instances": [
        {
          "schema_version": 0,
          "attributes": {
            "admin_state_up": true,
            "delay": 3,
            "expected_codes": "",
            "http_method": "",
            "id": "155f16b1-80af-4b55-a5cf-09027b1713f4",
            "max_retries": 1,
            "max_retries_down": 3,
            "name": "DNoS-HA",
            "pool_id": "5fa1a38d-0211-4cb5-8b7d-3b421f90890e",
            "region": "MIEM",
            "tenant_id": "88fc814365584a898107453b8b9b9903",
            "timeout": 1,
            "timeouts": null,
            "type": "UDP-CONNECT",
            "url_path": ""
          },
          "sensitive_attributes": [],
          "private": "eyJlMmJmYjczMC1lY2FhLTExZTYtOGY4OC0zNDM2M2JjN2M0YzAiOnsiY3JlYXRlIjo2MDAwMDAwMDAwMDAsImRlbGV0ZSI6NjAwMDAwMDAwMDAwLCJ1cGRhdGUiOjYwMDAwMDAwMDAwMH19",
          "dependencies": [
            "module.dnosha.openstack_lb_listener_v2.lb",
            "module.dnosha.openstack_lb_loadbalancer_v2.lb",
            "module.dnosha.openstack_lb_pool_v2.lb",
            "module.dnosha.openstack_networking_network_v2.network",
            "module.dnosha.openstack_networking_subnet_v2.subnet"
          ]
        }
      ]
    },
    {
      "module": "module.dnosha",
      "mode": "managed",
      "type": "openstack_lb_pool_v2",
      "name": "lb",
      "provider": "provider[\"registry.terraform.io/terraform-provider-openstack/openstack\"]",
      "instances": [
        {
          "schema_version": 0,
          "attributes": {
            "admin_state_up": true,
            "description": "",
            "id": "5fa1a38d-0211-4cb5-8b7d-3b421f90890e",
            "lb_method": "SOURCE_IP_PORT",
            "listener_id": "4fd97fde-9239-4a84-ad5f-c793e0b75a47",
            "loadbalancer_id": null,
            "name": "DNoS-HA",
            "persistence": [
              {
                "cookie_name": "",
                "type": ""
              }
            ],
            "protocol": "UDP",
            "region": "MIEM",
            "tenant_id": "88fc814365584a898107453b8b9b9903",
            "timeouts": null
          },
          "sensitive_attributes": [],
          "private": "eyJlMmJmYjczMC1lY2FhLTExZTYtOGY4OC0zNDM2M2JjN2M0YzAiOnsiY3JlYXRlIjo2MDAwMDAwMDAwMDAsImRlbGV0ZSI6NjAwMDAwMDAwMDAwLCJ1cGRhdGUiOjYwMDAwMDAwMDAwMH19",
          "dependencies": [
            "module.dnosha.openstack_lb_listener_v2.lb",
            "module.dnosha.openstack_lb_loadbalancer_v2.lb",
            "module.dnosha.openstack_networking_network_v2.network",
            "module.dnosha.openstack_networking_subnet_v2.subnet"
          ]
        }
      ]
    },
    {
      "module": "module.dnosha",
      "mode": "managed",
      "type": "openstack_networking_floatingip_associate_v2",
      "name": "lb_fip",
      "provider": "provider[\"registry.terraform.io/terraform-provider-openstack/openstack\"]",
      "instances": [
        {
          "schema_version": 0,
          "attributes": {
            "fixed_ip": "10.0.0.147",
            "floating_ip": "172.18.218.100",
            "id": "4a97eaf1-90db-4e6d-ac5c-8c1e180fc23c",
            "port_id": "e7739319-3757-4a47-a9e2-74c4daa3ee61",
            "region": "MIEM"
          },
          "sensitive_attributes": [],
          "private": "bnVsbA==",
          "dependencies": [
            "module.dnosha.data.openstack_networking_network_v2.public",
            "module.dnosha.openstack_lb_loadbalancer_v2.lb",
            "module.dnosha.openstack_networking_floatingip_v2.fip",
            "module.dnosha.openstack_networking_network_v2.network",
            "module.dnosha.openstack_networking_subnet_v2.subnet"
          ]
        }
      ]
    },
    {
      "module": "module.dnosha",
      "mode": "managed",
      "type": "openstack_networking_floatingip_v2",
      "name": "fip",
      "provider": "provider[\"registry.terraform.io/terraform-provider-openstack/openstack\"]",
      "instances": [
        {
          "schema_version": 0,
          "attributes": {
            "address": "172.18.218.100",
            "all_tags": [],
            "description": "DNoS-HA VIP",
            "dns_domain": "",
            "dns_name": "",
            "fixed_ip": "10.0.0.147",
            "id": "4a97eaf1-90db-4e6d-ac5c-8c1e180fc23c",
            "pool": "public",
            "port_id": "e7739319-3757-4a47-a9e2-74c4daa3ee61",
            "region": "MIEM",
            "subnet_id": null,
            "subnet_ids": null,
            "tags": [],
            "tenant_id": "88fc814365584a898107453b8b9b9903",
            "timeouts": null,
            "value_specs": null
          },
          "sensitive_attributes": [],
          "private": "eyJlMmJmYjczMC1lY2FhLTExZTYtOGY4OC0zNDM2M2JjN2M0YzAiOnsiY3JlYXRlIjo2MDAwMDAwMDAwMDAsImRlbGV0ZSI6NjAwMDAwMDAwMDAwfX0=",
          "dependencies": [
            "module.dnosha.data.openstack_networking_network_v2.public"
          ]
        }
      ]
    },
    {
      "module": "module.dnosha",
      "mode": "managed",
      "type": "openstack_networking_network_v2",
      "name": "network",
      "provider": "provider[\"registry.terraform.io/terraform-provider-openstack/openstack\"]",
      "instances": [
        {
          "schema_version": 0,
          "attributes": {
            "admin_state_up": true,
            "all_tags": [],
            "availability_zone_hints": [],
            "description": "",
            "dns_domain": "",
            "external": false,
            "id": "4bf84eaf-6942-466e-bf17-a6100ab10fff",
            "mtu": 1442,
            "name": "DNoS-HA",
            "port_security_enabled": true,
            "qos_policy_id": "",
            "region": "MIEM",
            "segments": [
              {
                "network_type": "geneve",
                "physical_network": "",
                "segmentation_id": 1718
              }
            ],
            "shared": false,
            "tags": [],
            "tenant_id": "88fc814365584a898107453b8b9b9903",
            "timeouts": null,
            "transparent_vlan": false,
            "value_specs": null
          },
          "sensitive_attributes": [],
          "private": "eyJlMmJmYjczMC1lY2FhLTExZTYtOGY4OC0zNDM2M2JjN2M0YzAiOnsiY3JlYXRlIjo2MDAwMDAwMDAwMDAsImRlbGV0ZSI6NjAwMDAwMDAwMDAwfX0="
        }
      ]
    },
    {
      "module": "module.dnosha",
      "mode": "managed",
      "type": "openstack_networking_router_interface_v2",
      "name": "router_interface",
      "provider": "provider[\"registry.terraform.io/terraform-provider-openstack/openstack\"]",
      "instances": [
        {
          "schema_version": 0,
          "attributes": {
            "force_destroy": false,
            "id": "781b75b5-1741-4bcb-ab63-a6542bad065a",
            "port_id": "781b75b5-1741-4bcb-ab63-a6542bad065a",
            "region": "MIEM",
            "router_id": "5fc810f2-f46c-4858-ae94-00515ff0fd2d",
            "subnet_id": "4dda0352-3612-4ac8-baec-2336339e5edd",
            "timeouts": null
          },
          "sensitive_attributes": [],
          "private": "eyJlMmJmYjczMC1lY2FhLTExZTYtOGY4OC0zNDM2M2JjN2M0YzAiOnsiY3JlYXRlIjo2MDAwMDAwMDAwMDAsImRlbGV0ZSI6NjAwMDAwMDAwMDAwfX0=",
          "dependencies": [
            "module.dnosha.data.openstack_networking_network_v2.public",
            "module.dnosha.openstack_networking_network_v2.network",
            "module.dnosha.openstack_networking_router_v2.router",
            "module.dnosha.openstack_networking_subnet_v2.subnet"
          ]
        }
      ]
    },
    {
      "module": "module.dnosha",
      "mode": "managed",
      "type": "openstack_networking_router_route_v2",
      "name": "router_route",
      "provider": "provider[\"registry.terraform.io/terraform-provider-openstack/openstack\"]",
      "instances": [
        {
          "schema_version": 0,
          "attributes": {
            "destination_cidr": "172.18.217.0/24",
            "id": "5fc810f2-f46c-4858-ae94-00515ff0fd2d-route-172.18.217.0/24-172.18.218.2",
            "next_hop": "172.18.218.2",
            "region": "MIEM",
            "router_id": "5fc810f2-f46c-4858-ae94-00515ff0fd2d"
          },
          "sensitive_attributes": [],
          "private": "bnVsbA==",
          "dependencies": [
            "module.dnosha.data.openstack_networking_network_v2.public",
            "module.dnosha.openstack_networking_network_v2.network",
            "module.dnosha.openstack_networking_router_interface_v2.router_interface",
            "module.dnosha.openstack_networking_router_v2.router",
            "module.dnosha.openstack_networking_subnet_v2.subnet"
          ]
        }
      ]
    },
    {
      "module": "module.dnosha",
      "mode": "managed",
      "type": "openstack_networking_router_v2",
      "name": "router",
      "provider": "provider[\"registry.terraform.io/terraform-provider-openstack/openstack\"]",
      "instances": [
        {
          "schema_version": 0,
          "attributes": {
            "admin_state_up": true,
            "all_tags": [],
            "availability_zone_hints": [],
            "description": "",
            "distributed": false,
            "enable_snat": true,
            "external_fixed_ip": [
              {
                "ip_address": "172.18.218.249",
                "subnet_id": "c1d79788-b67c-4611-8f5f-8e830e88cb3f"
              }
            ],
            "external_gateway": "0f8c3805-9853-4264-ace0-9420686bbbfb",
            "external_network_id": "0f8c3805-9853-4264-ace0-9420686bbbfb",
            "external_subnet_ids": null,
            "id": "5fc810f2-f46c-4858-ae94-00515ff0fd2d",
            "name": "DNoS-HA",
            "region": "MIEM",
            "tags": [],
            "tenant_id": "88fc814365584a898107453b8b9b9903",
            "timeouts": null,
            "value_specs": null,
            "vendor_options": []
          },
          "sensitive_attributes": [],
          "private": "eyJlMmJmYjczMC1lY2FhLTExZTYtOGY4OC0zNDM2M2JjN2M0YzAiOnsiY3JlYXRlIjo2MDAwMDAwMDAwMDAsImRlbGV0ZSI6NjAwMDAwMDAwMDAwfX0=",
          "dependencies": [
            "module.dnosha.data.openstack_networking_network_v2.public"
          ]
        }
      ]
    },
    {
      "module": "module.dnosha",
      "mode": "managed",
      "type": "openstack_networking_secgroup_rule_v2",
      "name": "dns",
      "provider": "provider[\"registry.terraform.io/terraform-provider-openstack/openstack\"]",
      "instances": [
        {
          "schema_version": 0,
          "attributes": {
            "description": "",
            "direction": "ingress",
            "ethertype": "IPv4",
            "id": "a7763706-6382-465d-86c0-0b15e13ebe06",
            "port_range_max": 53,
            "port_range_min": 53,
            "protocol": "udp",
            "region": "MIEM",
            "remote_group_id": "",
            "remote_ip_prefix": "0.0.0.0/0",
            "security_group_id": "0a4daf76-8a4e-4e06-9e6c-4e8fbccd54be",
            "tenant_id": "88fc814365584a898107453b8b9b9903",
            "timeouts": null
          },
          "sensitive_attributes": [],
          "private": "eyJlMmJmYjczMC1lY2FhLTExZTYtOGY4OC0zNDM2M2JjN2M0YzAiOnsiZGVsZXRlIjo2MDAwMDAwMDAwMDB9fQ==",
          "dependencies": [
            "module.dnosha.openstack_networking_secgroup_v2.secgroup"
          ]
        }
      ]
    },
    {
      "module": "module.dnosha",
      "mode": "managed",
      "type": "openstack_networking_secgroup_rule_v2",
      "name": "dns-alt",
      "provider": "provider[\"registry.terraform.io/terraform-provider-openstack/openstack\"]",
      "instances": [
        {
          "schema_version": 0,
          "attributes": {
            "description": "",
            "direction": "ingress",
            "ethertype": "IPv4",
            "id": "7d12bebe-41c9-407c-a275-5ddde41195b8",
            "port_range_max": 5353,
            "port_range_min": 5353,
            "protocol": "udp",
            "region": "MIEM",
            "remote_group_id": "",
            "remote_ip_prefix": "0.0.0.0/0",
            "security_group_id": "0a4daf76-8a4e-4e06-9e6c-4e8fbccd54be",
            "tenant_id": "88fc814365584a898107453b8b9b9903",
            "timeouts": null
          },
          "sensitive_attributes": [],
          "private": "eyJlMmJmYjczMC1lY2FhLTExZTYtOGY4OC0zNDM2M2JjN2M0YzAiOnsiZGVsZXRlIjo2MDAwMDAwMDAwMDB9fQ==",
          "dependencies": [
            "module.dnosha.openstack_networking_secgroup_v2.secgroup"
          ]
        }
      ]
    },
    {
      "module": "module.dnosha",
      "mode": "managed",
      "type": "openstack_networking_secgroup_rule_v2",
      "name": "icmp",
      "provider": "provider[\"registry.terraform.io/terraform-provider-openstack/openstack\"]",
      "instances": [
        {
          "schema_version": 0,
          "attributes": {
            "description": "",
            "direction": "ingress",
            "ethertype": "IPv4",
            "id": "1dd2db44-d600-4ed5-90ac-60685e7b73b5",
            "port_range_max": 0,
            "port_range_min": 0,
            "protocol": "icmp",
            "region": "MIEM",
            "remote_group_id": "",
            "remote_ip_prefix": "0.0.0.0/0",
            "security_group_id": "0a4daf76-8a4e-4e06-9e6c-4e8fbccd54be",
            "tenant_id": "88fc814365584a898107453b8b9b9903",
            "timeouts": null
          },
          "sensitive_attributes": [],
          "private": "eyJlMmJmYjczMC1lY2FhLTExZTYtOGY4OC0zNDM2M2JjN2M0YzAiOnsiZGVsZXRlIjo2MDAwMDAwMDAwMDB9fQ==",
          "dependencies": [
            "module.dnosha.openstack_networking_secgroup_v2.secgroup"
          ]
        }
      ]
    },
    {
      "module": "module.dnosha",
      "mode": "managed",
      "type": "openstack_networking_secgroup_rule_v2",
      "name": "ssh",
      "provider": "provider[\"registry.terraform.io/terraform-provider-openstack/openstack\"]",
      "instances": [
        {
          "schema_version": 0,
          "attributes": {
            "description": "",
            "direction": "ingress",
            "ethertype": "IPv4",
            "id": "9ee8242d-85b6-4a37-bd8d-d440d6d40f16",
            "port_range_max": 22,
            "port_range_min": 22,
            "protocol": "tcp",
            "region": "MIEM",
            "remote_group_id": "",
            "remote_ip_prefix": "0.0.0.0/0",
            "security_group_id": "0a4daf76-8a4e-4e06-9e6c-4e8fbccd54be",
            "tenant_id": "88fc814365584a898107453b8b9b9903",
            "timeouts": null
          },
          "sensitive_attributes": [],
          "private": "eyJlMmJmYjczMC1lY2FhLTExZTYtOGY4OC0zNDM2M2JjN2M0YzAiOnsiZGVsZXRlIjo2MDAwMDAwMDAwMDB9fQ==",
          "dependencies": [
            "module.dnosha.openstack_networking_secgroup_v2.secgroup"
          ]
        }
      ]
    },
    {
      "module": "module.dnosha",
      "mode": "managed",
      "type": "openstack_networking_secgroup_v2",
      "name": "secgroup",
      "provider": "provider[\"registry.terraform.io/terraform-provider-openstack/openstack\"]",
      "instances": [
        {
          "schema_version": 0,
          "attributes": {
            "all_tags": [],
            "delete_default_rules": null,
            "description": "",
            "id": "0a4daf76-8a4e-4e06-9e6c-4e8fbccd54be",
            "name": "DNoS-HA",
            "region": "MIEM",
            "tags": [],
            "tenant_id": "88fc814365584a898107453b8b9b9903",
            "timeouts": null
          },
          "sensitive_attributes": [],
          "private": "eyJlMmJmYjczMC1lY2FhLTExZTYtOGY4OC0zNDM2M2JjN2M0YzAiOnsiZGVsZXRlIjo2MDAwMDAwMDAwMDB9fQ=="
        }
      ]
    },
    {
      "module": "module.dnosha",
      "mode": "managed",
      "type": "openstack_networking_subnet_v2",
      "name": "subnet",
      "provider": "provider[\"registry.terraform.io/terraform-provider-openstack/openstack\"]",
      "instances": [
        {
          "schema_version": 0,
          "attributes": {
            "all_tags": [],
            "allocation_pool": [
              {
                "end": "10.0.0.254",
                "start": "10.0.0.2"
              }
            ],
            "allocation_pools": [
              {
                "end": "10.0.0.254",
                "start": "10.0.0.2"
              }
            ],
            "cidr": "10.0.0.0/24",
            "description": "",
            "dns_nameservers": [
              "8.8.8.8"
            ],
            "enable_dhcp": true,
            "gateway_ip": "10.0.0.1",
            "host_routes": [],
            "id": "4dda0352-3612-4ac8-baec-2336339e5edd",
            "ip_version": 4,
            "ipv6_address_mode": "",
            "ipv6_ra_mode": "",
            "name": "DNoS-HA",
            "network_id": "4bf84eaf-6942-466e-bf17-a6100ab10fff",
            "no_gateway": false,
            "prefix_length": null,
            "region": "MIEM",
            "service_types": [],
            "subnetpool_id": "",
            "tags": [],
            "tenant_id": "88fc814365584a898107453b8b9b9903",
            "timeouts": null,
            "value_specs": null
          },
          "sensitive_attributes": [],
          "private": "eyJlMmJmYjczMC1lY2FhLTExZTYtOGY4OC0zNDM2M2JjN2M0YzAiOnsiY3JlYXRlIjo2MDAwMDAwMDAwMDAsImRlbGV0ZSI6NjAwMDAwMDAwMDAwfX0=",
          "dependencies": [
            "module.dnosha.openstack_networking_network_v2.network"
          ]
        }
      ]
    },
    {
      "module": "module.sneedaas",
      "mode": "data",
      "type": "openstack_networking_network_v2",
      "name": "public",
      "provider": "provider[\"registry.terraform.io/terraform-provider-openstack/openstack\"]",
      "instances": [
        {
          "schema_version": 0,
          "attributes": {
            "admin_state_up": "true",
            "all_tags": [],
            "availability_zone_hints": [],
            "description": "Public Network",
            "dns_domain": "",
            "external": true,
            "id": "0f8c3805-9853-4264-ace0-9420686bbbfb",
            "matching_subnet_cidr": null,
            "mtu": 1442,
            "name": "public",
            "network_id": null,
            "region": "MIEM",
            "segments": [
              {
                "network_type": "vlan",
                "physical_network": "physnet1",
                "segmentation_id": 218
              }
            ],
            "shared": "true",
            "status": null,
            "subnets": [
              "c1d79788-b67c-4611-8f5f-8e830e88cb3f"
            ],
            "tags": null,
            "tenant_id": "88fc814365584a898107453b8b9b9903",
            "transparent_vlan": false
          },
          "sensitive_attributes": []
        }
      ]
    },
    {
      "module": "module.sneedaas",
      "mode": "managed",
      "type": "openstack_compute_instance_v2",
      "name": "instance",
      "provider": "provider[\"registry.terraform.io/terraform-provider-openstack/openstack\"]",
      "instances": [
        {
          "index_key": 0,
          "schema_version": 0,
          "attributes": {
            "access_ip_v4": "10.0.0.11",
            "access_ip_v6": "",
            "admin_pass": null,
            "all_metadata": {},
            "all_tags": [],
            "availability_zone": "comoute-one-only",
            "availability_zone_hints": null,
            "block_device": [],
            "config_drive": null,
            "created": "2023-09-06 22:07:00 +0000 UTC",
            "flavor_id": "0",
            "flavor_name": "m2s.micro",
            "floating_ip": null,
            "force_delete": false,
            "id": "00d10377-a079-4dde-857d-29b02d305e51",
            "image_id": "2ea2f0ed-83e2-4c51-be3c-ef7121e8ef6b",
            "image_name": "jammy",
            "key_pair": "admins",
            "metadata": null,
            "name": "SNEEDaaS-1",
            "network": [
              {
                "access_network": false,
                "fixed_ip_v4": "10.0.0.11",
                "fixed_ip_v6": "",
                "floating_ip": "",
                "mac": "fa:16:3e:58:94:be",
                "name": "SNEEDaaS",
                "port": "",
                "uuid": "2d78adfd-475f-4d71-aaa2-4407b01f18b5"
              }
            ],
            "network_mode": null,
            "personality": [],
            "power_state": "active",
            "region": "MIEM",
            "scheduler_hints": [],
            "security_groups": [
              "SNEEDaaS"
            ],
            "stop_before_destroy": false,
            "tags": [],
            "timeouts": null,
            "updated": "2023-09-06 22:07:08 +0000 UTC",
            "user_data": "6aad2a2f69faff4eefefe81246856fff8b857259",
            "vendor_options": [],
            "volume": []
          },
          "sensitive_attributes": [],
          "private": "eyJlMmJmYjczMC1lY2FhLTExZTYtOGY4OC0zNDM2M2JjN2M0YzAiOnsiY3JlYXRlIjoxODAwMDAwMDAwMDAwLCJkZWxldGUiOjE4MDAwMDAwMDAwMDAsInVwZGF0ZSI6MTgwMDAwMDAwMDAwMH19",
          "dependencies": [
            "module.admin.openstack_images_image_v2.image",
            "module.sneedaas.openstack_networking_network_v2.network",
            "module.sneedaas.openstack_networking_secgroup_v2.secgroup",
            "module.sneedaas.openstack_networking_subnet_v2.subnet"
          ]
        },
        {
          "index_key": 1,
          "schema_version": 0,
          "attributes": {
            "access_ip_v4": "10.0.0.12",
            "access_ip_v6": "",
            "admin_pass": null,
            "all_metadata": {},
            "all_tags": [],
            "availability_zone": "comoute-one-only",
            "availability_zone_hints": null,
            "block_device": [],
            "config_drive": null,
            "created": "2023-09-06 22:07:00 +0000 UTC",
            "flavor_id": "0",
            "flavor_name": "m2s.micro",
            "floating_ip": null,
            "force_delete": false,
            "id": "e5cd6cf3-570a-4f9f-9200-255e4542fa9a",
            "image_id": "2ea2f0ed-83e2-4c51-be3c-ef7121e8ef6b",
            "image_name": "jammy",
            "key_pair": "admins",
            "metadata": null,
            "name": "SNEEDaaS-2",
            "network": [
              {
                "access_network": false,
                "fixed_ip_v4": "10.0.0.12",
                "fixed_ip_v6": "",
                "floating_ip": "",
                "mac": "fa:16:3e:5f:ff:da",
                "name": "SNEEDaaS",
                "port": "",
                "uuid": "2d78adfd-475f-4d71-aaa2-4407b01f18b5"
              }
            ],
            "network_mode": null,
            "personality": [],
            "power_state": "active",
            "region": "MIEM",
            "scheduler_hints": [],
            "security_groups": [
              "SNEEDaaS"
            ],
            "stop_before_destroy": false,
            "tags": [],
            "timeouts": null,
            "updated": "2023-09-06 22:07:08 +0000 UTC",
            "user_data": "6aad2a2f69faff4eefefe81246856fff8b857259",
            "vendor_options": [],
            "volume": []
          },
          "sensitive_attributes": [],
          "private": "eyJlMmJmYjczMC1lY2FhLTExZTYtOGY4OC0zNDM2M2JjN2M0YzAiOnsiY3JlYXRlIjoxODAwMDAwMDAwMDAwLCJkZWxldGUiOjE4MDAwMDAwMDAwMDAsInVwZGF0ZSI6MTgwMDAwMDAwMDAwMH19",
          "dependencies": [
            "module.admin.openstack_images_image_v2.image",
            "module.sneedaas.openstack_networking_network_v2.network",
            "module.sneedaas.openstack_networking_secgroup_v2.secgroup",
            "module.sneedaas.openstack_networking_subnet_v2.subnet"
          ]
        },
        {
          "index_key": 2,
          "schema_version": 0,
          "attributes": {
            "access_ip_v4": "10.0.0.13",
            "access_ip_v6": "",
            "admin_pass": null,
            "all_metadata": {},
            "all_tags": [],
            "availability_zone": "comoute-one-only",
            "availability_zone_hints": null,
            "block_device": [],
            "config_drive": null,
            "created": "2023-09-06 22:07:00 +0000 UTC",
            "flavor_id": "0",
            "flavor_name": "m2s.micro",
            "floating_ip": null,
            "force_delete": false,
            "id": "4bfd963d-8b89-4869-a138-db9e3925ca30",
            "image_id": "2ea2f0ed-83e2-4c51-be3c-ef7121e8ef6b",
            "image_name": "jammy",
            "key_pair": "admins",
            "metadata": null,
            "name": "SNEEDaaS-3",
            "network": [
              {
                "access_network": false,
                "fixed_ip_v4": "10.0.0.13",
                "fixed_ip_v6": "",
                "floating_ip": "",
                "mac": "fa:16:3e:a9:5c:10",
                "name": "SNEEDaaS",
                "port": "",
                "uuid": "2d78adfd-475f-4d71-aaa2-4407b01f18b5"
              }
            ],
            "network_mode": null,
            "personality": [],
            "power_state": "active",
            "region": "MIEM",
            "scheduler_hints": [],
            "security_groups": [
              "SNEEDaaS"
            ],
            "stop_before_destroy": false,
            "tags": [],
            "timeouts": null,
            "updated": "2023-09-06 22:07:08 +0000 UTC",
            "user_data": "6aad2a2f69faff4eefefe81246856fff8b857259",
            "vendor_options": [],
            "volume": []
          },
          "sensitive_attributes": [],
          "private": "eyJlMmJmYjczMC1lY2FhLTExZTYtOGY4OC0zNDM2M2JjN2M0YzAiOnsiY3JlYXRlIjoxODAwMDAwMDAwMDAwLCJkZWxldGUiOjE4MDAwMDAwMDAwMDAsInVwZGF0ZSI6MTgwMDAwMDAwMDAwMH19",
          "dependencies": [
            "module.admin.openstack_images_image_v2.image",
            "module.sneedaas.openstack_networking_network_v2.network",
            "module.sneedaas.openstack_networking_secgroup_v2.secgroup",
            "module.sneedaas.openstack_networking_subnet_v2.subnet"
          ]
        }
      ]
    },
    {
      "module": "module.sneedaas",
      "mode": "managed",
      "type": "openstack_lb_listener_v2",
      "name": "lb",
      "provider": "provider[\"registry.terraform.io/terraform-provider-openstack/openstack\"]",
      "instances": [
        {
          "index_key": "HTTP",
          "schema_version": 0,
          "attributes": {
            "admin_state_up": true,
            "allowed_cidrs": [],
            "connection_limit": -1,
            "default_pool_id": "77a32cb2-bf6b-42f8-b32a-2da2180c8849",
            "default_tls_container_ref": "",
            "description": "",
            "id": "bd81f0a8-1cbc-460f-83b1-cc895b22057b",
            "insert_headers": {},
            "loadbalancer_id": "3649f95c-54b5-437f-882d-3c53c184e643",
            "name": "HTTP",
            "protocol": "TCP",
            "protocol_port": 80,
            "region": "MIEM",
            "sni_container_refs": [],
            "tags": [],
            "tenant_id": "88fc814365584a898107453b8b9b9903",
            "timeout_client_data": 50000,
            "timeout_member_connect": 5000,
            "timeout_member_data": 50000,
            "timeout_tcp_inspect": 0,
            "timeouts": null
          },
          "sensitive_attributes": [],
          "private": "eyJlMmJmYjczMC1lY2FhLTExZTYtOGY4OC0zNDM2M2JjN2M0YzAiOnsiY3JlYXRlIjo2MDAwMDAwMDAwMDAsImRlbGV0ZSI6NjAwMDAwMDAwMDAwLCJ1cGRhdGUiOjYwMDAwMDAwMDAwMH19",
          "dependencies": [
            "module.sneedaas.openstack_lb_loadbalancer_v2.lb",
            "module.sneedaas.openstack_networking_network_v2.network",
            "module.sneedaas.openstack_networking_subnet_v2.subnet"
          ]
        },
        {
          "index_key": "HTTPS",
          "schema_version": 0,
          "attributes": {
            "admin_state_up": true,
            "allowed_cidrs": [],
            "connection_limit": -1,
            "default_pool_id": "ca32600c-1009-4de6-b83f-15a323bb36da",
            "default_tls_container_ref": "",
            "description": "",
            "id": "e50d0ba6-43a7-42cb-adda-1c49ad4ea310",
            "insert_headers": {},
            "loadbalancer_id": "3649f95c-54b5-437f-882d-3c53c184e643",
            "name": "HTTPS",
            "protocol": "TCP",
            "protocol_port": 443,
            "region": "MIEM",
            "sni_container_refs": [],
            "tags": [],
            "tenant_id": "88fc814365584a898107453b8b9b9903",
            "timeout_client_data": 50000,
            "timeout_member_connect": 5000,
            "timeout_member_data": 50000,
            "timeout_tcp_inspect": 0,
            "timeouts": null
          },
          "sensitive_attributes": [],
          "private": "eyJlMmJmYjczMC1lY2FhLTExZTYtOGY4OC0zNDM2M2JjN2M0YzAiOnsiY3JlYXRlIjo2MDAwMDAwMDAwMDAsImRlbGV0ZSI6NjAwMDAwMDAwMDAwLCJ1cGRhdGUiOjYwMDAwMDAwMDAwMH19",
          "dependencies": [
            "module.sneedaas.openstack_lb_loadbalancer_v2.lb",
            "module.sneedaas.openstack_networking_network_v2.network",
            "module.sneedaas.openstack_networking_subnet_v2.subnet"
          ]
        }
      ]
    },
    {
      "module": "module.sneedaas",
      "mode": "managed",
      "type": "openstack_lb_loadbalancer_v2",
      "name": "lb",
      "provider": "provider[\"registry.terraform.io/terraform-provider-openstack/openstack\"]",
      "instances": [
        {
          "schema_version": 0,
          "attributes": {
            "admin_state_up": true,
            "availability_zone": "",
            "description": "",
            "flavor_id": "",
            "id": "3649f95c-54b5-437f-882d-3c53c184e643",
            "loadbalancer_provider": "ovn",
            "name": "SNEEDaaS",
            "region": "MIEM",
            "security_group_ids": [
              "e605b509-d661-46f8-a349-a32252a1ad38"
            ],
            "tags": [],
            "tenant_id": "88fc814365584a898107453b8b9b9903",
            "timeouts": null,
            "vip_address": "10.0.0.253",
            "vip_network_id": "2d78adfd-475f-4d71-aaa2-4407b01f18b5",
            "vip_port_id": "ad253640-d249-48dd-b811-910f6005f2de",
            "vip_subnet_id": "dea3f48d-2069-44ab-81d9-a1b95dae1975"
          },
          "sensitive_attributes": [],
          "private": "eyJlMmJmYjczMC1lY2FhLTExZTYtOGY4OC0zNDM2M2JjN2M0YzAiOnsiY3JlYXRlIjo2MDAwMDAwMDAwMDAsImRlbGV0ZSI6MzAwMDAwMDAwMDAwLCJ1cGRhdGUiOjYwMDAwMDAwMDAwMH19",
          "dependencies": [
            "module.sneedaas.openstack_networking_network_v2.network",
            "module.sneedaas.openstack_networking_subnet_v2.subnet"
          ]
        }
      ]
    },
    {
      "module": "module.sneedaas",
      "mode": "managed",
      "type": "openstack_lb_members_v2",
      "name": "lb",
      "provider": "provider[\"registry.terraform.io/terraform-provider-openstack/openstack\"]",
      "instances": [
        {
          "index_key": "HTTP",
          "schema_version": 0,
          "attributes": {
            "id": "77a32cb2-bf6b-42f8-b32a-2da2180c8849",
            "member": [
              {
                "address": "10.0.0.11",
                "admin_state_up": true,
                "backup": false,
                "id": "8ccd8bed-b78a-4e2a-be73-a29b6670b809",
                "monitor_address": "",
                "monitor_port": 0,
                "name": "",
                "protocol_port": 80,
                "subnet_id": "",
                "weight": 1
              },
              {
                "address": "10.0.0.12",
                "admin_state_up": true,
                "backup": false,
                "id": "a0139fec-d09d-48d5-ae60-3246e0643960",
                "monitor_address": "",
                "monitor_port": 0,
                "name": "",
                "protocol_port": 80,
                "subnet_id": "",
                "weight": 1
              },
              {
                "address": "10.0.0.13",
                "admin_state_up": true,
                "backup": false,
                "id": "f2d2c1d9-a240-4e4c-8544-9e294f5b349d",
                "monitor_address": "",
                "monitor_port": 0,
                "name": "",
                "protocol_port": 80,
                "subnet_id": "",
                "weight": 1
              }
            ],
            "pool_id": "77a32cb2-bf6b-42f8-b32a-2da2180c8849",
            "region": "MIEM",
            "timeouts": null
          },
          "sensitive_attributes": [],
          "private": "eyJlMmJmYjczMC1lY2FhLTExZTYtOGY4OC0zNDM2M2JjN2M0YzAiOnsiY3JlYXRlIjo2MDAwMDAwMDAwMDAsImRlbGV0ZSI6NjAwMDAwMDAwMDAwLCJ1cGRhdGUiOjYwMDAwMDAwMDAwMH19",
          "dependencies": [
            "module.admin.openstack_images_image_v2.image",
            "module.sneedaas.openstack_compute_instance_v2.instance",
            "module.sneedaas.openstack_lb_listener_v2.lb",
            "module.sneedaas.openstack_lb_loadbalancer_v2.lb",
            "module.sneedaas.openstack_lb_pool_v2.lb",
            "module.sneedaas.openstack_networking_network_v2.network",
            "module.sneedaas.openstack_networking_secgroup_v2.secgroup",
            "module.sneedaas.openstack_networking_subnet_v2.subnet"
          ]
        },
        {
          "index_key": "HTTPS",
          "schema_version": 0,
          "attributes": {
            "id": "ca32600c-1009-4de6-b83f-15a323bb36da",
            "member": [
              {
                "address": "10.0.0.11",
                "admin_state_up": true,
                "backup": false,
                "id": "08f6c37f-35af-423b-9551-0ad0fe3e2543",
                "monitor_address": "",
                "monitor_port": 0,
                "name": "",
                "protocol_port": 443,
                "subnet_id": "",
                "weight": 1
              },
              {
                "address": "10.0.0.12",
                "admin_state_up": true,
                "backup": false,
                "id": "5a7cc42e-138e-4c07-b729-99f3b5376a73",
                "monitor_address": "",
                "monitor_port": 0,
                "name": "",
                "protocol_port": 443,
                "subnet_id": "",
                "weight": 1
              },
              {
                "address": "10.0.0.13",
                "admin_state_up": true,
                "backup": false,
                "id": "2685dd12-b186-4163-b25c-90e574858e36",
                "monitor_address": "",
                "monitor_port": 0,
                "name": "",
                "protocol_port": 443,
                "subnet_id": "",
                "weight": 1
              }
            ],
            "pool_id": "ca32600c-1009-4de6-b83f-15a323bb36da",
            "region": "MIEM",
            "timeouts": null
          },
          "sensitive_attributes": [],
          "private": "eyJlMmJmYjczMC1lY2FhLTExZTYtOGY4OC0zNDM2M2JjN2M0YzAiOnsiY3JlYXRlIjo2MDAwMDAwMDAwMDAsImRlbGV0ZSI6NjAwMDAwMDAwMDAwLCJ1cGRhdGUiOjYwMDAwMDAwMDAwMH19",
          "dependencies": [
            "module.admin.openstack_images_image_v2.image",
            "module.sneedaas.openstack_compute_instance_v2.instance",
            "module.sneedaas.openstack_lb_listener_v2.lb",
            "module.sneedaas.openstack_lb_loadbalancer_v2.lb",
            "module.sneedaas.openstack_lb_pool_v2.lb",
            "module.sneedaas.openstack_networking_network_v2.network",
            "module.sneedaas.openstack_networking_secgroup_v2.secgroup",
            "module.sneedaas.openstack_networking_subnet_v2.subnet"
          ]
        }
      ]
    },
    {
      "module": "module.sneedaas",
      "mode": "managed",
      "type": "openstack_lb_monitor_v2",
      "name": "lb",
      "provider": "provider[\"registry.terraform.io/terraform-provider-openstack/openstack\"]",
      "instances": [
        {
          "index_key": "HTTP",
          "schema_version": 0,
          "attributes": {
            "admin_state_up": true,
            "delay": 2,
            "expected_codes": "",
            "http_method": "",
            "id": "a2a328e6-096e-44e6-aac0-ac706e708212",
            "max_retries": 2,
            "max_retries_down": 3,
            "name": "HTTP 80",
            "pool_id": "77a32cb2-bf6b-42f8-b32a-2da2180c8849",
            "region": "MIEM",
            "tenant_id": "88fc814365584a898107453b8b9b9903",
            "timeout": 1,
            "timeouts": null,
            "type": "TCP",
            "url_path": ""
          },
          "sensitive_attributes": [],
          "private": "eyJlMmJmYjczMC1lY2FhLTExZTYtOGY4OC0zNDM2M2JjN2M0YzAiOnsiY3JlYXRlIjo2MDAwMDAwMDAwMDAsImRlbGV0ZSI6NjAwMDAwMDAwMDAwLCJ1cGRhdGUiOjYwMDAwMDAwMDAwMH19",
          "dependencies": [
            "module.sneedaas.openstack_lb_listener_v2.lb",
            "module.sneedaas.openstack_lb_loadbalancer_v2.lb",
            "module.sneedaas.openstack_lb_pool_v2.lb",
            "module.sneedaas.openstack_networking_network_v2.network",
            "module.sneedaas.openstack_networking_subnet_v2.subnet"
          ]
        },
        {
          "index_key": "HTTPS",
          "schema_version": 0,
          "attributes": {
            "admin_state_up": true,
            "delay": 2,
            "expected_codes": "",
            "http_method": "",
            "id": "6f40f35f-09b9-45ca-b625-d06d40b06b56",
            "max_retries": 2,
            "max_retries_down": 3,
            "name": "HTTPS 443",
            "pool_id": "ca32600c-1009-4de6-b83f-15a323bb36da",
            "region": "MIEM",
            "tenant_id": "88fc814365584a898107453b8b9b9903",
            "timeout": 1,
            "timeouts": null,
            "type": "TCP",
            "url_path": ""
          },
          "sensitive_attributes": [],
          "private": "eyJlMmJmYjczMC1lY2FhLTExZTYtOGY4OC0zNDM2M2JjN2M0YzAiOnsiY3JlYXRlIjo2MDAwMDAwMDAwMDAsImRlbGV0ZSI6NjAwMDAwMDAwMDAwLCJ1cGRhdGUiOjYwMDAwMDAwMDAwMH19",
          "dependencies": [
            "module.sneedaas.openstack_lb_listener_v2.lb",
            "module.sneedaas.openstack_lb_loadbalancer_v2.lb",
            "module.sneedaas.openstack_lb_pool_v2.lb",
            "module.sneedaas.openstack_networking_network_v2.network",
            "module.sneedaas.openstack_networking_subnet_v2.subnet"
          ]
        }
      ]
    },
    {
      "module": "module.sneedaas",
      "mode": "managed",
      "type": "openstack_lb_pool_v2",
      "name": "lb",
      "provider": "provider[\"registry.terraform.io/terraform-provider-openstack/openstack\"]",
      "instances": [
        {
          "index_key": "HTTP",
          "schema_version": 0,
          "attributes": {
            "admin_state_up": true,
            "description": "",
            "id": "77a32cb2-bf6b-42f8-b32a-2da2180c8849",
            "lb_method": "SOURCE_IP_PORT",
            "listener_id": "bd81f0a8-1cbc-460f-83b1-cc895b22057b",
            "loadbalancer_id": null,
            "name": "HTTP",
            "persistence": [
              {
                "cookie_name": "",
                "type": ""
              }
            ],
            "protocol": "TCP",
            "region": "MIEM",
            "tenant_id": "88fc814365584a898107453b8b9b9903",
            "timeouts": null
          },
          "sensitive_attributes": [],
          "private": "eyJlMmJmYjczMC1lY2FhLTExZTYtOGY4OC0zNDM2M2JjN2M0YzAiOnsiY3JlYXRlIjo2MDAwMDAwMDAwMDAsImRlbGV0ZSI6NjAwMDAwMDAwMDAwLCJ1cGRhdGUiOjYwMDAwMDAwMDAwMH19",
          "dependencies": [
            "module.sneedaas.openstack_lb_listener_v2.lb",
            "module.sneedaas.openstack_lb_loadbalancer_v2.lb",
            "module.sneedaas.openstack_networking_network_v2.network",
            "module.sneedaas.openstack_networking_subnet_v2.subnet"
          ]
        },
        {
          "index_key": "HTTPS",
          "schema_version": 0,
          "attributes": {
            "admin_state_up": true,
            "description": "",
            "id": "ca32600c-1009-4de6-b83f-15a323bb36da",
            "lb_method": "SOURCE_IP_PORT",
            "listener_id": "e50d0ba6-43a7-42cb-adda-1c49ad4ea310",
            "loadbalancer_id": null,
            "name": "HTTPS",
            "persistence": [
              {
                "cookie_name": "",
                "type": ""
              }
            ],
            "protocol": "TCP",
            "region": "MIEM",
            "tenant_id": "88fc814365584a898107453b8b9b9903",
            "timeouts": null
          },
          "sensitive_attributes": [],
          "private": "eyJlMmJmYjczMC1lY2FhLTExZTYtOGY4OC0zNDM2M2JjN2M0YzAiOnsiY3JlYXRlIjo2MDAwMDAwMDAwMDAsImRlbGV0ZSI6NjAwMDAwMDAwMDAwLCJ1cGRhdGUiOjYwMDAwMDAwMDAwMH19",
          "dependencies": [
            "module.sneedaas.openstack_lb_listener_v2.lb",
            "module.sneedaas.openstack_lb_loadbalancer_v2.lb",
            "module.sneedaas.openstack_networking_network_v2.network",
            "module.sneedaas.openstack_networking_subnet_v2.subnet"
          ]
        }
      ]
    },
    {
      "module": "module.sneedaas",
      "mode": "managed",
      "type": "openstack_networking_floatingip_associate_v2",
      "name": "lb_fip",
      "provider": "provider[\"registry.terraform.io/terraform-provider-openstack/openstack\"]",
      "instances": [
        {
          "schema_version": 0,
          "attributes": {
            "fixed_ip": "10.0.0.253",
            "floating_ip": "172.18.219.1",
            "id": "4900f88b-378c-4ea1-a802-c27990bd22d6",
            "port_id": "ad253640-d249-48dd-b811-910f6005f2de",
            "region": "MIEM"
          },
          "sensitive_attributes": [],
          "private": "bnVsbA==",
          "dependencies": [
            "module.sneedaas.data.openstack_networking_network_v2.public",
            "module.sneedaas.openstack_lb_loadbalancer_v2.lb",
            "module.sneedaas.openstack_networking_floatingip_v2.fip",
            "module.sneedaas.openstack_networking_network_v2.network",
            "module.sneedaas.openstack_networking_subnet_v2.subnet"
          ]
        }
      ]
    },
    {
      "module": "module.sneedaas",
      "mode": "managed",
      "type": "openstack_networking_floatingip_v2",
      "name": "fip",
      "provider": "provider[\"registry.terraform.io/terraform-provider-openstack/openstack\"]",
      "instances": [
        {
          "schema_version": 0,
          "attributes": {
            "address": "172.18.219.1",
            "all_tags": [],
            "description": "HTTP(S) Reverse proxy gateway",
            "dns_domain": "",
            "dns_name": "",
            "fixed_ip": "10.0.0.253",
            "id": "4900f88b-378c-4ea1-a802-c27990bd22d6",
            "pool": "public",
            "port_id": "ad253640-d249-48dd-b811-910f6005f2de",
            "region": "MIEM",
            "subnet_id": null,
            "subnet_ids": null,
            "tags": [],
            "tenant_id": "88fc814365584a898107453b8b9b9903",
            "timeouts": null,
            "value_specs": null
          },
          "sensitive_attributes": [],
          "private": "eyJlMmJmYjczMC1lY2FhLTExZTYtOGY4OC0zNDM2M2JjN2M0YzAiOnsiY3JlYXRlIjo2MDAwMDAwMDAwMDAsImRlbGV0ZSI6NjAwMDAwMDAwMDAwfX0=",
          "dependencies": [
            "module.sneedaas.data.openstack_networking_network_v2.public"
          ]
        }
      ]
    },
    {
      "module": "module.sneedaas",
      "mode": "managed",
      "type": "openstack_networking_network_v2",
      "name": "network",
      "provider": "provider[\"registry.terraform.io/terraform-provider-openstack/openstack\"]",
      "instances": [
        {
          "schema_version": 0,
          "attributes": {
            "admin_state_up": true,
            "all_tags": [],
            "availability_zone_hints": [],
            "description": "",
            "dns_domain": "",
            "external": false,
            "id": "2d78adfd-475f-4d71-aaa2-4407b01f18b5",
            "mtu": 1442,
            "name": "SNEEDaaS",
            "port_security_enabled": true,
            "qos_policy_id": "",
            "region": "MIEM",
            "segments": [
              {
                "network_type": "geneve",
                "physical_network": "",
                "segmentation_id": 1046
              }
            ],
            "shared": false,
            "tags": [],
            "tenant_id": "88fc814365584a898107453b8b9b9903",
            "timeouts": null,
            "transparent_vlan": false,
            "value_specs": null
          },
          "sensitive_attributes": [],
          "private": "eyJlMmJmYjczMC1lY2FhLTExZTYtOGY4OC0zNDM2M2JjN2M0YzAiOnsiY3JlYXRlIjo2MDAwMDAwMDAwMDAsImRlbGV0ZSI6NjAwMDAwMDAwMDAwfX0="
        }
      ]
    },
    {
      "module": "module.sneedaas",
      "mode": "managed",
      "type": "openstack_networking_router_interface_v2",
      "name": "router_interface",
      "provider": "provider[\"registry.terraform.io/terraform-provider-openstack/openstack\"]",
      "instances": [
        {
          "schema_version": 0,
          "attributes": {
            "force_destroy": false,
            "id": "b30f4f24-9994-46dd-933d-f696529a324d",
            "port_id": "b30f4f24-9994-46dd-933d-f696529a324d",
            "region": "MIEM",
            "router_id": "ea83e08a-7d8e-4808-9286-fbff497c6a45",
            "subnet_id": "dea3f48d-2069-44ab-81d9-a1b95dae1975",
            "timeouts": null
          },
          "sensitive_attributes": [],
          "private": "eyJlMmJmYjczMC1lY2FhLTExZTYtOGY4OC0zNDM2M2JjN2M0YzAiOnsiY3JlYXRlIjo2MDAwMDAwMDAwMDAsImRlbGV0ZSI6NjAwMDAwMDAwMDAwfX0=",
          "dependencies": [
            "module.sneedaas.data.openstack_networking_network_v2.public",
            "module.sneedaas.openstack_networking_network_v2.network",
            "module.sneedaas.openstack_networking_router_v2.router",
            "module.sneedaas.openstack_networking_subnet_v2.subnet"
          ]
        }
      ]
    },
    {
      "module": "module.sneedaas",
      "mode": "managed",
      "type": "openstack_networking_router_route_v2",
      "name": "router_route",
      "provider": "provider[\"registry.terraform.io/terraform-provider-openstack/openstack\"]",
      "instances": [
        {
          "schema_version": 0,
          "attributes": {
            "destination_cidr": "172.18.217.0/24",
            "id": "ea83e08a-7d8e-4808-9286-fbff497c6a45-route-172.18.217.0/24-172.18.218.2",
            "next_hop": "172.18.218.2",
            "region": "MIEM",
            "router_id": "ea83e08a-7d8e-4808-9286-fbff497c6a45"
          },
          "sensitive_attributes": [],
          "private": "bnVsbA==",
          "dependencies": [
            "module.sneedaas.data.openstack_networking_network_v2.public",
            "module.sneedaas.openstack_networking_network_v2.network",
            "module.sneedaas.openstack_networking_router_interface_v2.router_interface",
            "module.sneedaas.openstack_networking_router_v2.router",
            "module.sneedaas.openstack_networking_subnet_v2.subnet"
          ]
        }
      ]
    },
    {
      "module": "module.sneedaas",
      "mode": "managed",
      "type": "openstack_networking_router_v2",
      "name": "router",
      "provider": "provider[\"registry.terraform.io/terraform-provider-openstack/openstack\"]",
      "instances": [
        {
          "schema_version": 0,
          "attributes": {
            "admin_state_up": true,
            "all_tags": [],
            "availability_zone_hints": [],
            "description": "",
            "distributed": false,
            "enable_snat": true,
            "external_fixed_ip": [
              {
                "ip_address": "172.18.219.143",
                "subnet_id": "c1d79788-b67c-4611-8f5f-8e830e88cb3f"
              }
            ],
            "external_gateway": "0f8c3805-9853-4264-ace0-9420686bbbfb",
            "external_network_id": "0f8c3805-9853-4264-ace0-9420686bbbfb",
            "external_subnet_ids": null,
            "id": "ea83e08a-7d8e-4808-9286-fbff497c6a45",
            "name": "SNEEDaaS",
            "region": "MIEM",
            "tags": [],
            "tenant_id": "88fc814365584a898107453b8b9b9903",
            "timeouts": null,
            "value_specs": null,
            "vendor_options": []
          },
          "sensitive_attributes": [],
          "private": "eyJlMmJmYjczMC1lY2FhLTExZTYtOGY4OC0zNDM2M2JjN2M0YzAiOnsiY3JlYXRlIjo2MDAwMDAwMDAwMDAsImRlbGV0ZSI6NjAwMDAwMDAwMDAwfX0=",
          "dependencies": [
            "module.sneedaas.data.openstack_networking_network_v2.public"
          ]
        }
      ]
    },
    {
      "module": "module.sneedaas",
      "mode": "managed",
      "type": "openstack_networking_secgroup_rule_v2",
      "name": "http",
      "provider": "provider[\"registry.terraform.io/terraform-provider-openstack/openstack\"]",
      "instances": [
        {
          "schema_version": 0,
          "attributes": {
            "description": "",
            "direction": "ingress",
            "ethertype": "IPv4",
            "id": "b96a8994-1711-4c0b-8922-f6cb4f0e82d3",
            "port_range_max": 80,
            "port_range_min": 80,
            "protocol": "tcp",
            "region": "MIEM",
            "remote_group_id": "",
            "remote_ip_prefix": "0.0.0.0/0",
            "security_group_id": "780ef45f-c9e6-4940-b790-34828e170448",
            "tenant_id": "88fc814365584a898107453b8b9b9903",
            "timeouts": null
          },
          "sensitive_attributes": [],
          "private": "eyJlMmJmYjczMC1lY2FhLTExZTYtOGY4OC0zNDM2M2JjN2M0YzAiOnsiZGVsZXRlIjo2MDAwMDAwMDAwMDB9fQ==",
          "dependencies": [
            "module.sneedaas.openstack_networking_secgroup_v2.secgroup"
          ]
        }
      ]
    },
    {
      "module": "module.sneedaas",
      "mode": "managed",
      "type": "openstack_networking_secgroup_rule_v2",
      "name": "https",
      "provider": "provider[\"registry.terraform.io/terraform-provider-openstack/openstack\"]",
      "instances": [
        {
          "schema_version": 0,
          "attributes": {
            "description": "",
            "direction": "ingress",
            "ethertype": "IPv4",
            "id": "381d193e-8002-4e47-9877-077db6fdf877",
            "port_range_max": 443,
            "port_range_min": 443,
            "protocol": "tcp",
            "region": "MIEM",
            "remote_group_id": "",
            "remote_ip_prefix": "0.0.0.0/0",
            "security_group_id": "780ef45f-c9e6-4940-b790-34828e170448",
            "tenant_id": "88fc814365584a898107453b8b9b9903",
            "timeouts": null
          },
          "sensitive_attributes": [],
          "private": "eyJlMmJmYjczMC1lY2FhLTExZTYtOGY4OC0zNDM2M2JjN2M0YzAiOnsiZGVsZXRlIjo2MDAwMDAwMDAwMDB9fQ==",
          "dependencies": [
            "module.sneedaas.openstack_networking_secgroup_v2.secgroup"
          ]
        }
      ]
    },
    {
      "module": "module.sneedaas",
      "mode": "managed",
      "type": "openstack_networking_secgroup_rule_v2",
      "name": "icmp",
      "provider": "provider[\"registry.terraform.io/terraform-provider-openstack/openstack\"]",
      "instances": [
        {
          "schema_version": 0,
          "attributes": {
            "description": "",
            "direction": "ingress",
            "ethertype": "IPv4",
            "id": "38288e99-db2c-4050-88e9-c558c73224d0",
            "port_range_max": 0,
            "port_range_min": 0,
            "protocol": "icmp",
            "region": "MIEM",
            "remote_group_id": "",
            "remote_ip_prefix": "0.0.0.0/0",
            "security_group_id": "780ef45f-c9e6-4940-b790-34828e170448",
            "tenant_id": "88fc814365584a898107453b8b9b9903",
            "timeouts": null
          },
          "sensitive_attributes": [],
          "private": "eyJlMmJmYjczMC1lY2FhLTExZTYtOGY4OC0zNDM2M2JjN2M0YzAiOnsiZGVsZXRlIjo2MDAwMDAwMDAwMDB9fQ==",
          "dependencies": [
            "module.sneedaas.openstack_networking_secgroup_v2.secgroup"
          ]
        }
      ]
    },
    {
      "module": "module.sneedaas",
      "mode": "managed",
      "type": "openstack_networking_secgroup_rule_v2",
      "name": "ssh",
      "provider": "provider[\"registry.terraform.io/terraform-provider-openstack/openstack\"]",
      "instances": [
        {
          "schema_version": 0,
          "attributes": {
            "description": "",
            "direction": "ingress",
            "ethertype": "IPv4",
            "id": "c811f471-230c-40f8-b35d-e4b9e1eb2204",
            "port_range_max": 22,
            "port_range_min": 22,
            "protocol": "tcp",
            "region": "MIEM",
            "remote_group_id": "",
            "remote_ip_prefix": "0.0.0.0/0",
            "security_group_id": "780ef45f-c9e6-4940-b790-34828e170448",
            "tenant_id": "88fc814365584a898107453b8b9b9903",
            "timeouts": null
          },
          "sensitive_attributes": [],
          "private": "eyJlMmJmYjczMC1lY2FhLTExZTYtOGY4OC0zNDM2M2JjN2M0YzAiOnsiZGVsZXRlIjo2MDAwMDAwMDAwMDB9fQ==",
          "dependencies": [
            "module.sneedaas.openstack_networking_secgroup_v2.secgroup"
          ]
        }
      ]
    },
    {
      "module": "module.sneedaas",
      "mode": "managed",
      "type": "openstack_networking_secgroup_v2",
      "name": "secgroup",
      "provider": "provider[\"registry.terraform.io/terraform-provider-openstack/openstack\"]",
      "instances": [
        {
          "schema_version": 0,
          "attributes": {
            "all_tags": [],
            "delete_default_rules": null,
            "description": "",
            "id": "780ef45f-c9e6-4940-b790-34828e170448",
            "name": "SNEEDaaS",
            "region": "MIEM",
            "tags": [],
            "tenant_id": "88fc814365584a898107453b8b9b9903",
            "timeouts": null
          },
          "sensitive_attributes": [],
          "private": "eyJlMmJmYjczMC1lY2FhLTExZTYtOGY4OC0zNDM2M2JjN2M0YzAiOnsiZGVsZXRlIjo2MDAwMDAwMDAwMDB9fQ=="
        }
      ]
    },
    {
      "module": "module.sneedaas",
      "mode": "managed",
      "type": "openstack_networking_subnet_v2",
      "name": "subnet",
      "provider": "provider[\"registry.terraform.io/terraform-provider-openstack/openstack\"]",
      "instances": [
        {
          "schema_version": 0,
          "attributes": {
            "all_tags": [],
            "allocation_pool": [
              {
                "end": "10.0.0.254",
                "start": "10.0.0.2"
              }
            ],
            "allocation_pools": [
              {
                "end": "10.0.0.254",
                "start": "10.0.0.2"
              }
            ],
            "cidr": "10.0.0.0/24",
            "description": "",
            "dns_nameservers": [],
            "enable_dhcp": true,
            "gateway_ip": "10.0.0.1",
            "host_routes": [],
            "id": "dea3f48d-2069-44ab-81d9-a1b95dae1975",
            "ip_version": 4,
            "ipv6_address_mode": "",
            "ipv6_ra_mode": "",
            "name": "SNEEDaaS",
            "network_id": "2d78adfd-475f-4d71-aaa2-4407b01f18b5",
            "no_gateway": false,
            "prefix_length": null,
            "region": "MIEM",
            "service_types": [],
            "subnetpool_id": "",
            "tags": [],
            "tenant_id": "88fc814365584a898107453b8b9b9903",
            "timeouts": null,
            "value_specs": null
          },
          "sensitive_attributes": [],
          "private": "eyJlMmJmYjczMC1lY2FhLTExZTYtOGY4OC0zNDM2M2JjN2M0YzAiOnsiY3JlYXRlIjo2MDAwMDAwMDAwMDAsImRlbGV0ZSI6NjAwMDAwMDAwMDAwfX0=",
          "dependencies": [
            "module.sneedaas.openstack_networking_network_v2.network"
          ]
        }
      ]
    }
  ],
  "check_results": null
}
