{
  "version": 4,
  "terraform_version": "1.5.3",
  "serial": 517,
  "lineage": "5bd3b132-e744-1277-d66e-6e3a411863d7",
  "outputs": {},
  "resources": [
    {
      "module": "module.admin",
      "mode": "data",
      "type": "openstack_identity_auth_scope_v3",
      "name": "current",
      "provider": "provider[\"registry.terraform.io/terraform-provider-openstack/openstack\"]",
      "instances": [
        {
          "schema_version": 0,
          "attributes": {
            "domain_id": "",
            "domain_name": "",
            "id": "current",
            "name": "current",
            "project_domain_id": "default",
            "project_domain_name": "Default",
            "project_id": "88fc814365584a898107453b8b9b9903",
            "project_name": "admin",
            "region": "MIEM",
            "roles": [
              {
                "role_id": "7c2085da256643a8a990a0226954acf8",
                "role_name": "heat_stack_owner"
              },
              {
                "role_id": "d5994ba196834572871699c8ad46d5e2",
                "role_name": "reader"
              },
              {
                "role_id": "7c1264f86d2941c28836182bb3fbc763",
                "role_name": "admin"
              },
              {
                "role_id": "81a9f8e4e8d34d9f86ff45a9f74aa64a",
                "role_name": "member"
              }
            ],
            "service_catalog": [
              {
                "endpoints": [
                  {
                    "id": "055a701306ce429baa76959d8c213da8",
                    "interface": "internal",
                    "region": "MIEM",
                    "region_id": "MIEM",
                    "url": "https://internal.mekstack.ru:9876"
                  },
                  {
                    "id": "83f72f37e2694a64825bfab03a271ba2",
                    "interface": "public",
                    "region": "MIEM",
                    "region_id": "MIEM",
                    "url": "https://octavia.api.mekstack.ru"
                  }
                ],
                "id": "1f120e5824f54874b8b898394bdd0d9c",
                "name": "octavia",
                "type": "load-balancer"
              },
              {
                "endpoints": [
                  {
                    "id": "3d9305bca60b4544b169a565b18dfd68",
                    "interface": "public",
                    "region": "MIEM",
                    "region_id": "MIEM",
                    "url": "https://nova.api.mekstack.ru/v2.1"
                  },
                  {
                    "id": "a0f720f9ef544085a1749f7fc0e3dd6a",
                    "interface": "internal",
                    "region": "MIEM",
                    "region_id": "MIEM",
                    "url": "https://internal.mekstack.ru:8774/v2.1"
                  }
                ],
                "id": "21d3ba5839574a92841dc0ef73df89f3",
                "name": "nova",
                "type": "compute"
              },
              {
                "endpoints": [
                  {
                    "id": "6b5cbd9b41074fb1a1782f6341e41e5a",
                    "interface": "internal",
                    "region": "MIEM",
                    "region_id": "MIEM",
                    "url": "https://internal.mekstack.ru:9292"
                  },
                  {
                    "id": "d1ea6fc7b1b24f39a701ce4e23971ecf",
                    "interface": "public",
                    "region": "MIEM",
                    "region_id": "MIEM",
                    "url": "https://glance.api.mekstack.ru"
                  }
                ],
                "id": "2416bda915754cef84d3e8633464c827",
                "name": "glance",
                "type": "image"
              },
              {
                "endpoints": [
                  {
                    "id": "45abdebd9cc448feb142074f40a393d7",
                    "interface": "internal",
                    "region": "MIEM",
                    "region_id": "MIEM",
                    "url": "https://internal.mekstack.ru:8004/v1/88fc814365584a898107453b8b9b9903"
                  },
                  {
                    "id": "9398986921ba488a9682389128e7ea6d",
                    "interface": "public",
                    "region": "MIEM",
                    "region_id": "MIEM",
                    "url": "https://mekstack.ru:8004/v1/88fc814365584a898107453b8b9b9903"
                  }
                ],
                "id": "2596244bcd0e4280bdfa3d9a98759d34",
                "name": "heat",
                "type": "orchestration"
              },
              {
                "endpoints": [
                  {
                    "id": "68f4739f292944729f39cd3a1201eb8e",
                    "interface": "public",
                    "region": "MIEM",
                    "region_id": "MIEM",
                    "url": "https://magnum.api.mekstack.ru"
                  },
                  {
                    "id": "769c802e40484c7b96ae79ea5dc962ee",
                    "interface": "internal",
                    "region": "MIEM",
                    "region_id": "MIEM",
                    "url": "https://internal.mekstack.ru:9511/v1"
                  }
                ],
                "id": "32e6242089084e659e99863f32da04a9",
                "name": "magnum",
                "type": "container-infra"
              },
              {
                "endpoints": [
                  {
                    "id": "40ab940e1408491a8f09506246a62820",
                    "interface": "public",
                    "region": "MIEM",
                    "region_id": "MIEM",
                    "url": "https://placement.api.mekstack.ru"
                  },
                  {
                    "id": "aa6a4371af374fc596bab2cd39f0b059",
                    "interface": "internal",
                    "region": "MIEM",
                    "region_id": "MIEM",
                    "url": "https://internal.mekstack.ru:8780"
                  }
                ],
                "id": "3c18b9480b0747ef9fe36efa91c51620",
                "name": "placement",
                "type": "placement"
              },
              {
                "endpoints": [
                  {
                    "id": "eef5f9772baa456fa731500625967d08",
                    "interface": "internal",
                    "region": "MIEM",
                    "region_id": "MIEM",
                    "url": "https://internal.mekstack.ru:8000/v1"
                  },
                  {
                    "id": "f33e1c36d71d4fa98c83ab4533de5b11",
                    "interface": "public",
                    "region": "MIEM",
                    "region_id": "MIEM",
                    "url": "https://heat-cfn.api.mekstack.ru/v1"
                  }
                ],
                "id": "73ef28ffd5054b26872481fccc0be952",
                "name": "heat-cfn",
                "type": "cloudformation"
              },
              {
                "endpoints": [
                  {
                    "id": "2566440b1d7b43b2ae7ad4a9cfae285e",
                    "interface": "public",
                    "region": "MIEM",
                    "region_id": "MIEM",
                    "url": "https://cinder.api.mekstack.ru/v3/88fc814365584a898107453b8b9b9903"
                  },
                  {
                    "id": "ee67d18f9a4742b489811abbffabf41a",
                    "interface": "internal",
                    "region": "MIEM",
                    "region_id": "MIEM",
                    "url": "https://internal.mekstack.ru:8776/v3/88fc814365584a898107453b8b9b9903"
                  }
                ],
                "id": "a9e634a64ef546d288860cfb4165e967",
                "name": "cinderv3",
                "type": "volumev3"
              },
              {
                "endpoints": [
                  {
                    "id": "a5766f3be1d84f43bda3fc32b4774365",
                    "interface": "public",
                    "region": "MIEM",
                    "region_id": "MIEM",
                    "url": "https://designate.api.mekstack.ru"
                  },
                  {
                    "id": "c659db5f45894bfd8f8fef12e3e38da3",
                    "interface": "internal",
                    "region": "MIEM",
                    "region_id": "MIEM",
                    "url": "https://internal.mekstack.ru:9001"
                  }
                ],
                "id": "b58252e6a7654ba89ea2c9a1fe5d418b",
                "name": "designate",
                "type": "dns"
              },
              {
                "endpoints": [
                  {
                    "id": "49ffa434598c4ff6a131e7d123abc661",
                    "interface": "public",
                    "region": "MIEM",
                    "region_id": "MIEM",
                    "url": "https://mekstack.ru:5000"
                  },
                  {
                    "id": "6ce5b6c898944ff6b91c500a75a5c4a1",
                    "interface": "internal",
                    "region": "MIEM",
                    "region_id": "MIEM",
                    "url": "https://internal.mekstack.ru:5000"
                  }
                ],
                "id": "b814c9e7a9b848f99ed4d2134db4de38",
                "name": "keystone",
                "type": "identity"
              },
              {
                "endpoints": [
                  {
                    "id": "51d2cddd3cbd44ac94bb1c55b0fd5f4b",
                    "interface": "internal",
                    "region": "MIEM",
                    "region_id": "MIEM",
                    "url": "https://internal.mekstack.ru:9696"
                  },
                  {
                    "id": "cace427664d04dfe8ff2b58fe5829121",
                    "interface": "public",
                    "region": "MIEM",
                    "region_id": "MIEM",
                    "url": "https://neutron.api.mekstack.ru"
                  }
                ],
                "id": "c72003a75591457e9901bb8d5481aa8a",
                "name": "neutron",
                "type": "network"
              }
            ],
            "set_token_id": null,
            "token_id": null,
            "user_domain_id": "default",
            "user_domain_name": "Default",
            "user_id": "cba439ff71674ca9a93689384910c06c",
            "user_name": "admin"
          },
          "sensitive_attributes": []
        }
      ]
    },
    {
      "module": "module.admin",
      "mode": "data",
      "type": "openstack_networking_secgroup_v2",
      "name": "default",
      "provider": "provider[\"registry.terraform.io/terraform-provider-openstack/openstack\"]",
      "instances": [
        {
          "schema_version": 0,
          "attributes": {
            "all_tags": [],
            "description": "Default security group",
            "id": "e605b509-d661-46f8-a349-a32252a1ad38",
            "name": "default",
            "region": "MIEM",
            "secgroup_id": null,
            "tags": null,
            "tenant_id": "88fc814365584a898107453b8b9b9903"
          },
          "sensitive_attributes": []
        }
      ]
    },
    {
      "module": "module.admin",
      "mode": "managed",
      "type": "openstack_blockstorage_quotaset_v3",
      "name": "admin",
      "provider": "provider[\"registry.terraform.io/terraform-provider-openstack/openstack\"]",
      "instances": [
        {
          "schema_version": 0,
          "attributes": {
            "backup_gigabytes": 1000,
            "backups": 20,
            "gigabytes": 10000,
            "groups": 100,
            "id": "88fc814365584a898107453b8b9b9903/MIEM",
            "per_volume_gigabytes": 1000,
            "project_id": "88fc814365584a898107453b8b9b9903",
            "region": "MIEM",
            "snapshots": 20,
            "timeouts": null,
            "volume_type_quota": null,
            "volumes": 20
          },
          "sensitive_attributes": [],
          "private": "eyJlMmJmYjczMC1lY2FhLTExZTYtOGY4OC0zNDM2M2JjN2M0YzAiOnsiY3JlYXRlIjo2MDAwMDAwMDAwMDAsImRlbGV0ZSI6NjAwMDAwMDAwMDAwLCJ1cGRhdGUiOjYwMDAwMDAwMDAwMH19",
          "dependencies": [
            "module.admin.data.openstack_identity_auth_scope_v3.current"
          ]
        }
      ]
    },
    {
      "module": "module.admin",
      "mode": "managed",
      "type": "openstack_compute_flavor_v2",
      "name": "m2s",
      "provider": "provider[\"registry.terraform.io/terraform-provider-openstack/openstack\"]",
      "instances": [
        {
          "index_key": "0",
          "schema_version": 0,
          "attributes": {
            "description": "",
            "disk": 5,
            "ephemeral": 0,
            "extra_specs": {
              "hw:cpu_policy": "shared",
              "hw:numa_nodes": "1"
            },
            "flavor_id": "0",
            "id": "0",
            "is_public": true,
            "name": "m2s.micro",
            "ram": 512,
            "region": "MIEM",
            "rx_tx_factor": 1,
            "swap": 512,
            "vcpus": 4
          },
          "sensitive_attributes": [],
          "private": "bnVsbA=="
        },
        {
          "index_key": "1",
          "schema_version": 0,
          "attributes": {
            "description": "",
            "disk": 10,
            "ephemeral": 0,
            "extra_specs": {
              "hw:cpu_policy": "shared",
              "hw:numa_nodes": "1"
            },
            "flavor_id": "1",
            "id": "1",
            "is_public": true,
            "name": "m2s.small",
            "ram": 1024,
            "region": "MIEM",
            "rx_tx_factor": 1,
            "swap": 1024,
            "vcpus": 6
          },
          "sensitive_attributes": [],
          "private": "bnVsbA=="
        },
        {
          "index_key": "2",
          "schema_version": 0,
          "attributes": {
            "description": "",
            "disk": 15,
            "ephemeral": 0,
            "extra_specs": {
              "hw:cpu_policy": "shared",
              "hw:numa_nodes": "1"
            },
            "flavor_id": "2",
            "id": "2",
            "is_public": true,
            "name": "m2s.medium",
            "ram": 2048,
            "region": "MIEM",
            "rx_tx_factor": 1,
            "swap": 2048,
            "vcpus": 6
          },
          "sensitive_attributes": [],
          "private": "bnVsbA=="
        },
        {
          "index_key": "3",
          "schema_version": 0,
          "attributes": {
            "description": "",
            "disk": 20,
            "ephemeral": 0,
            "extra_specs": {
              "hw:cpu_policy": "shared",
              "hw:numa_nodes": "1"
            },
            "flavor_id": "3",
            "id": "3",
            "is_public": true,
            "name": "m2s.large",
            "ram": 4096,
            "region": "MIEM",
            "rx_tx_factor": 1,
            "swap": 2048,
            "vcpus": 8
          },
          "sensitive_attributes": [],
          "private": "bnVsbA=="
        }
      ]
    },
    {
      "module": "module.admin",
      "mode": "managed",
      "type": "openstack_compute_keypair_v2",
      "name": "admins",
      "provider": "provider[\"registry.terraform.io/terraform-provider-openstack/openstack\"]",
      "instances": [
        {
          "schema_version": 0,
          "attributes": {
            "fingerprint": "97:4d:94:9f:be:70:32:06:fe:68:2c:f3:0f:75:18:d6",
            "id": "admins",
            "name": "admins",
            "private_key": "",
            "public_key": "ssh-ed25519 AAAAC3NzaC1lZDI1NTE5AAAAIJU+Jdr48B+PDE18asZ0rlpEY9ucSY6fVaL8Xs/based meks\nssh-ed25519 AAAAC3NzaC1lZDI1NTE5AAAAIOi/hPWFiOvHIIFVysGcPZDONMYKmxXQ+tKTxcKFzsEN sthussky\n",
            "region": "MIEM",
            "user_id": "",
            "value_specs": null
          },
          "sensitive_attributes": [],
          "private": "bnVsbA=="
        }
      ]
    },
    {
      "module": "module.admin",
      "mode": "managed",
      "type": "openstack_compute_quotaset_v2",
      "name": "admin",
      "provider": "provider[\"registry.terraform.io/terraform-provider-openstack/openstack\"]",
      "instances": [
        {
          "schema_version": 0,
          "attributes": {
            "cores": 300,
            "fixed_ips": -1,
            "floating_ips": -1,
            "id": "88fc814365584a898107453b8b9b9903/MIEM",
            "injected_file_content_bytes": 10240,
            "injected_file_path_bytes": 255,
            "injected_files": 5,
            "instances": 20,
            "key_pairs": 10,
            "metadata_items": 128,
            "project_id": "88fc814365584a898107453b8b9b9903",
            "ram": 1000000,
            "region": "MIEM",
            "security_group_rules": -1,
            "security_groups": -1,
            "server_group_members": 8,
            "server_groups": 4,
            "timeouts": null
          },
          "sensitive_attributes": [],
          "private": "eyJlMmJmYjczMC1lY2FhLTExZTYtOGY4OC0zNDM2M2JjN2M0YzAiOnsiY3JlYXRlIjo2MDAwMDAwMDAwMDAsImRlbGV0ZSI6NjAwMDAwMDAwMDAwLCJ1cGRhdGUiOjYwMDAwMDAwMDAwMH19",
          "dependencies": [
            "module.admin.data.openstack_identity_auth_scope_v3.current"
          ]
        }
      ]
    },
    {
      "module": "module.admin",
      "mode": "managed",
      "type": "openstack_dns_recordset_v2",
      "name": "api",
      "provider": "provider[\"registry.terraform.io/terraform-provider-openstack/openstack\"]",
      "instances": [
        {
          "schema_version": 0,
          "attributes": {
            "description": "Mekstack service endpoints address",
            "disable_status_check": false,
            "id": "24943f67-4077-400c-96fa-4c8b01301d10/7c0d383d-9a51-46fb-8f69-a6a38fb9615e",
            "name": "*.api.mekstack.ru.",
            "project_id": "88fc814365584a898107453b8b9b9903",
            "records": [
              "172.18.217.200"
            ],
            "region": "MIEM",
            "timeouts": null,
            "ttl": 3000,
            "type": "A",
            "value_specs": null,
            "zone_id": "24943f67-4077-400c-96fa-4c8b01301d10"
          },
          "sensitive_attributes": [],
          "private": "eyJlMmJmYjczMC1lY2FhLTExZTYtOGY4OC0zNDM2M2JjN2M0YzAiOnsiY3JlYXRlIjo2MDAwMDAwMDAwMDAsImRlbGV0ZSI6NjAwMDAwMDAwMDAwLCJ1cGRhdGUiOjYwMDAwMDAwMDAwMH19",
          "dependencies": [
            "module.admin.openstack_dns_zone_v2.mekstack_zone"
          ]
        }
      ]
    },
    {
      "module": "module.admin",
      "mode": "managed",
      "type": "openstack_dns_recordset_v2",
      "name": "horiozn",
      "provider": "provider[\"registry.terraform.io/terraform-provider-openstack/openstack\"]",
      "instances": [
        {
          "schema_version": 0,
          "attributes": {
            "description": "Mekstack horizon web dashboard address",
            "disable_status_check": false,
            "id": "24943f67-4077-400c-96fa-4c8b01301d10/c429f0f7-3657-4842-a31d-cc8e8d968d51",
            "name": "mekstack.ru.",
            "project_id": "88fc814365584a898107453b8b9b9903",
            "records": [
              "172.18.217.200"
            ],
            "region": "MIEM",
            "timeouts": null,
            "ttl": 3000,
            "type": "A",
            "value_specs": null,
            "zone_id": "24943f67-4077-400c-96fa-4c8b01301d10"
          },
          "sensitive_attributes": [],
          "private": "eyJlMmJmYjczMC1lY2FhLTExZTYtOGY4OC0zNDM2M2JjN2M0YzAiOnsiY3JlYXRlIjo2MDAwMDAwMDAwMDAsImRlbGV0ZSI6NjAwMDAwMDAwMDAwLCJ1cGRhdGUiOjYwMDAwMDAwMDAwMH19",
          "dependencies": [
            "module.admin.openstack_dns_zone_v2.mekstack_zone"
          ]
        }
      ]
    },
    {
      "module": "module.admin",
      "mode": "managed",
      "type": "openstack_dns_zone_v2",
      "name": "mekstack_zone",
      "provider": "provider[\"registry.terraform.io/terraform-provider-openstack/openstack\"]",
      "instances": [
        {
          "schema_version": 0,
          "attributes": {
            "attributes": {},
            "description": "Mekstack project zone",
            "disable_status_check": false,
            "email": "19106@miem.hse.ru",
            "id": "24943f67-4077-400c-96fa-4c8b01301d10",
            "masters": [],
            "name": "mekstack.ru.",
            "project_id": "88fc814365584a898107453b8b9b9903",
            "region": "MIEM",
            "timeouts": null,
            "ttl": 3000,
            "type": "PRIMARY",
            "value_specs": null
          },
          "sensitive_attributes": [],
          "private": "eyJlMmJmYjczMC1lY2FhLTExZTYtOGY4OC0zNDM2M2JjN2M0YzAiOnsiY3JlYXRlIjo2MDAwMDAwMDAwMDAsImRlbGV0ZSI6NjAwMDAwMDAwMDAwLCJ1cGRhdGUiOjYwMDAwMDAwMDAwMH19"
        }
      ]
    },
    {
      "module": "module.admin",
      "mode": "managed",
      "type": "openstack_images_image_v2",
      "name": "image",
      "provider": "provider[\"registry.terraform.io/terraform-provider-openstack/openstack\"]",
      "instances": [
        {
          "index_key": "arch",
          "schema_version": 0,
          "attributes": {
            "checksum": "de42fbe2e0309dd5880f78c17d3fd796",
            "container_format": "bare",
            "created_at": "2023-09-05T15:12:23Z",
            "decompress": null,
            "disk_format": "qcow2",
            "file": "/v2/images/07b83701-8087-4bb4-95e4-c30bd8ea90b1/file",
            "hidden": false,
            "id": "07b83701-8087-4bb4-95e4-c30bd8ea90b1",
            "image_cache_path": "./image_cache",
            "image_id": "07b83701-8087-4bb4-95e4-c30bd8ea90b1",
            "image_source_password": null,
            "image_source_url": "https://geo.mirror.pkgbuild.com/images/latest/Arch-Linux-x86_64-cloudimg.qcow2",
            "image_source_username": null,
            "local_file_path": null,
            "metadata": {},
            "min_disk_gb": 3,
            "min_ram_mb": 512,
            "name": "arch",
            "owner": "88fc814365584a898107453b8b9b9903",
            "properties": {
              "os_hash_algo": "sha512",
              "os_hash_value": "43b1657ff2277953e38af0bc4bc5b62294e023035b78107d97b7edd5d6a94373ead48d0f3abff6ddd940639d7d01d4221ce309efa149b0ead7c8a93cc3f6226d",
              "os_type": "linux",
              "stores": "file"
            },
            "protected": false,
            "region": "MIEM",
            "schema": "/v2/schemas/image",
            "size_bytes": 524187648,
            "status": "active",
            "tags": [],
            "timeouts": null,
            "update_at": "2023-09-05T15:25:58Z",
            "updated_at": "2023-09-05T15:25:58Z",
            "verify_checksum": null,
            "visibility": "public",
            "web_download": null
          },
          "sensitive_attributes": [],
          "private": "eyJlMmJmYjczMC1lY2FhLTExZTYtOGY4OC0zNDM2M2JjN2M0YzAiOnsiY3JlYXRlIjoxODAwMDAwMDAwMDAwfX0="
        },
        {
          "index_key": "jammy",
          "schema_version": 0,
          "attributes": {
            "checksum": "567727e2d5f78cc474c422b433360787",
            "container_format": "bare",
            "created_at": "2023-09-05T15:12:23Z",
            "decompress": null,
            "disk_format": "qcow2",
            "file": "/v2/images/2ea2f0ed-83e2-4c51-be3c-ef7121e8ef6b/file",
            "hidden": false,
            "id": "2ea2f0ed-83e2-4c51-be3c-ef7121e8ef6b",
            "image_cache_path": "./image_cache",
            "image_id": "2ea2f0ed-83e2-4c51-be3c-ef7121e8ef6b",
            "image_source_password": null,
            "image_source_url": "https://cloud-images.ubuntu.com/daily/server/jammy/current/jammy-server-cloudimg-amd64.img",
            "image_source_username": null,
            "local_file_path": null,
            "metadata": {},
            "min_disk_gb": 3,
            "min_ram_mb": 512,
            "name": "jammy",
            "owner": "88fc814365584a898107453b8b9b9903",
            "properties": {
              "os_hash_algo": "sha512",
              "os_hash_value": "0a46a560e51c4525532edf951c45262b55f7c2f6634bbf929b7d9d5299f58c6890e5fefd326505839973e37a947a78ab7ecc55e30df366c960374bb155b97c26",
              "os_type": "linux",
              "stores": "file"
            },
            "protected": false,
            "region": "MIEM",
            "schema": "/v2/schemas/image",
            "size_bytes": 670302208,
            "status": "active",
            "tags": [],
            "timeouts": null,
            "update_at": "2023-09-05T15:28:12Z",
            "updated_at": "2023-09-05T15:28:12Z",
            "verify_checksum": null,
            "visibility": "public",
            "web_download": null
          },
          "sensitive_attributes": [],
          "private": "eyJlMmJmYjczMC1lY2FhLTExZTYtOGY4OC0zNDM2M2JjN2M0YzAiOnsiY3JlYXRlIjoxODAwMDAwMDAwMDAwfX0="
        }
      ]
    },
    {
      "module": "module.admin",
      "mode": "managed",
      "type": "openstack_networking_network_v2",
      "name": "public",
      "provider": "provider[\"registry.terraform.io/terraform-provider-openstack/openstack\"]",
      "instances": [
        {
          "schema_version": 0,
          "attributes": {
            "admin_state_up": true,
            "all_tags": [],
            "availability_zone_hints": [],
            "description": "Public Network",
            "dns_domain": "",
            "external": true,
            "id": "0f8c3805-9853-4264-ace0-9420686bbbfb",
            "mtu": 1442,
            "name": "public",
            "port_security_enabled": true,
            "qos_policy_id": "",
            "region": "MIEM",
            "segments": [
              {
                "network_type": "vlan",
                "physical_network": "physnet1",
                "segmentation_id": 218
              }
            ],
            "shared": true,
            "tags": [],
            "tenant_id": "88fc814365584a898107453b8b9b9903",
            "timeouts": null,
            "transparent_vlan": false,
            "value_specs": null
          },
          "sensitive_attributes": [],
          "private": "eyJlMmJmYjczMC1lY2FhLTExZTYtOGY4OC0zNDM2M2JjN2M0YzAiOnsiY3JlYXRlIjo2MDAwMDAwMDAwMDAsImRlbGV0ZSI6NjAwMDAwMDAwMDAwfX0="
        }
      ]
    },
    {
      "module": "module.admin",
      "mode": "managed",
      "type": "openstack_networking_secgroup_rule_v2",
      "name": "icmp",
      "provider": "provider[\"registry.terraform.io/terraform-provider-openstack/openstack\"]",
      "instances": [
        {
          "schema_version": 0,
          "attributes": {
            "description": "",
            "direction": "ingress",
            "ethertype": "IPv4",
            "id": "33841055-21fb-4daf-b637-e69c413e476f",
            "port_range_max": 0,
            "port_range_min": 0,
            "protocol": "icmp",
            "region": "MIEM",
            "remote_group_id": "",
            "remote_ip_prefix": "0.0.0.0/0",
            "security_group_id": "e605b509-d661-46f8-a349-a32252a1ad38",
            "tenant_id": "88fc814365584a898107453b8b9b9903",
            "timeouts": null
          },
          "sensitive_attributes": [],
          "private": "eyJlMmJmYjczMC1lY2FhLTExZTYtOGY4OC0zNDM2M2JjN2M0YzAiOnsiZGVsZXRlIjo2MDAwMDAwMDAwMDB9fQ==",
          "dependencies": [
            "module.admin.data.openstack_identity_auth_scope_v3.current",
            "module.admin.data.openstack_networking_secgroup_v2.default"
          ]
        }
      ]
    },
    {
      "module": "module.admin",
      "mode": "managed",
      "type": "openstack_networking_secgroup_rule_v2",
      "name": "ssh",
      "provider": "provider[\"registry.terraform.io/terraform-provider-openstack/openstack\"]",
      "instances": [
        {
          "schema_version": 0,
          "attributes": {
            "description": "",
            "direction": "ingress",
            "ethertype": "IPv4",
            "id": "444d9990-fc96-44ca-bbba-e533b251b3b3",
            "port_range_max": 22,
            "port_range_min": 22,
            "protocol": "tcp",
            "region": "MIEM",
            "remote_group_id": "",
            "remote_ip_prefix": "0.0.0.0/0",
            "security_group_id": "e605b509-d661-46f8-a349-a32252a1ad38",
            "tenant_id": "88fc814365584a898107453b8b9b9903",
            "timeouts": null
          },
          "sensitive_attributes": [],
          "private": "eyJlMmJmYjczMC1lY2FhLTExZTYtOGY4OC0zNDM2M2JjN2M0YzAiOnsiZGVsZXRlIjo2MDAwMDAwMDAwMDB9fQ==",
          "dependencies": [
            "module.admin.data.openstack_identity_auth_scope_v3.current",
            "module.admin.data.openstack_networking_secgroup_v2.default"
          ]
        }
      ]
    },
    {
      "module": "module.admin",
      "mode": "managed",
      "type": "openstack_networking_subnet_route_v2",
      "name": "posral1",
      "provider": "provider[\"registry.terraform.io/terraform-provider-openstack/openstack\"]",
      "instances": [
        {
          "schema_version": 0,
          "attributes": {
            "destination_cidr": "172.18.217.21/32",
            "id": "c1d79788-b67c-4611-8f5f-8e830e88cb3f-route-172.18.217.21/32-172.18.218.2",
            "next_hop": "172.18.218.2",
            "region": "MIEM",
            "subnet_id": "c1d79788-b67c-4611-8f5f-8e830e88cb3f"
          },
          "sensitive_attributes": [],
          "private": "bnVsbA==",
          "dependencies": [
            "module.admin.openstack_networking_network_v2.public",
            "module.admin.openstack_networking_subnet_v2.public"
          ]
        }
      ]
    },
    {
      "module": "module.admin",
      "mode": "managed",
      "type": "openstack_networking_subnet_route_v2",
      "name": "posral2",
      "provider": "provider[\"registry.terraform.io/terraform-provider-openstack/openstack\"]",
      "instances": [
        {
          "schema_version": 0,
          "attributes": {
            "destination_cidr": "172.18.217.22/32",
            "id": "c1d79788-b67c-4611-8f5f-8e830e88cb3f-route-172.18.217.22/32-172.18.218.2",
            "next_hop": "172.18.218.2",
            "region": "MIEM",
            "subnet_id": "c1d79788-b67c-4611-8f5f-8e830e88cb3f"
          },
          "sensitive_attributes": [],
          "private": "bnVsbA==",
          "dependencies": [
            "module.admin.openstack_networking_network_v2.public",
            "module.admin.openstack_networking_subnet_v2.public"
          ]
        }
      ]
    },
    {
      "module": "module.admin",
      "mode": "managed",
      "type": "openstack_networking_subnet_route_v2",
      "name": "posral3",
      "provider": "provider[\"registry.terraform.io/terraform-provider-openstack/openstack\"]",
      "instances": [
        {
          "schema_version": 0,
          "attributes": {
            "destination_cidr": "172.18.217.23/32",
            "id": "c1d79788-b67c-4611-8f5f-8e830e88cb3f-route-172.18.217.23/32-172.18.218.2",
            "next_hop": "172.18.218.2",
            "region": "MIEM",
            "subnet_id": "c1d79788-b67c-4611-8f5f-8e830e88cb3f"
          },
          "sensitive_attributes": [],
          "private": "bnVsbA==",
          "dependencies": [
            "module.admin.openstack_networking_network_v2.public",
            "module.admin.openstack_networking_subnet_v2.public"
          ]
        }
      ]
    },
    {
      "module": "module.admin",
      "mode": "managed",
      "type": "openstack_networking_subnet_route_v2",
      "name": "public-to-another-public",
      "provider": "provider[\"registry.terraform.io/terraform-provider-openstack/openstack\"]",
      "instances": [
        {
          "schema_version": 0,
          "attributes": {
            "destination_cidr": "172.18.217.0/24",
            "id": "c1d79788-b67c-4611-8f5f-8e830e88cb3f-route-172.18.217.0/24-172.18.218.2",
            "next_hop": "172.18.218.2",
            "region": "MIEM",
            "subnet_id": "c1d79788-b67c-4611-8f5f-8e830e88cb3f"
          },
          "sensitive_attributes": [],
          "private": "bnVsbA==",
          "dependencies": [
            "module.admin.openstack_networking_network_v2.public",
            "module.admin.openstack_networking_subnet_v2.public"
          ]
        }
      ]
    },
    {
      "module": "module.admin",
      "mode": "managed",
      "type": "openstack_networking_subnet_v2",
      "name": "public",
      "provider": "provider[\"registry.terraform.io/terraform-provider-openstack/openstack\"]",
      "instances": [
        {
          "schema_version": 0,
          "attributes": {
            "all_tags": [],
            "allocation_pool": [
              {
                "end": "172.18.219.200",
                "start": "172.18.218.51"
              }
            ],
            "allocation_pools": [
              {
                "end": "172.18.219.200",
                "start": "172.18.218.51"
              }
            ],
            "cidr": "172.18.218.0/23",
            "description": "Public Subnet",
            "dns_nameservers": [
              "172.18.217.21",
              "172.18.217.22",
              "172.18.217.23"
            ],
            "enable_dhcp": true,
            "gateway_ip": "172.18.218.1",
            "host_routes": [],
            "id": "c1d79788-b67c-4611-8f5f-8e830e88cb3f",
            "ip_version": 4,
            "ipv6_address_mode": "",
            "ipv6_ra_mode": "",
            "name": "public-subnet",
            "network_id": "0f8c3805-9853-4264-ace0-9420686bbbfb",
            "no_gateway": false,
            "prefix_length": null,
            "region": "MIEM",
            "service_types": [],
            "subnetpool_id": "",
            "tags": [],
            "tenant_id": "88fc814365584a898107453b8b9b9903",
            "timeouts": null,
            "value_specs": null
          },
          "sensitive_attributes": [],
          "private": "eyJlMmJmYjczMC1lY2FhLTExZTYtOGY4OC0zNDM2M2JjN2M0YzAiOnsiY3JlYXRlIjo2MDAwMDAwMDAwMDAsImRlbGV0ZSI6NjAwMDAwMDAwMDAwfX0=",
          "dependencies": [
            "module.admin.openstack_networking_network_v2.public"
          ]
        }
      ]
    },
    {
      "module": "module.sneedaas",
      "mode": "data",
      "type": "openstack_networking_network_v2",
      "name": "public",
      "provider": "provider[\"registry.terraform.io/terraform-provider-openstack/openstack\"]",
      "instances": [
        {
          "schema_version": 0,
          "attributes": {
            "admin_state_up": "true",
            "all_tags": [],
            "availability_zone_hints": [],
            "description": "Public Network",
            "dns_domain": "",
            "external": true,
            "id": "0f8c3805-9853-4264-ace0-9420686bbbfb",
            "matching_subnet_cidr": null,
            "mtu": 1442,
            "name": "public",
            "network_id": null,
            "region": "MIEM",
            "segments": [
              {
                "network_type": "vlan",
                "physical_network": "physnet1",
                "segmentation_id": 218
              }
            ],
            "shared": "true",
            "status": null,
            "subnets": [
              "c1d79788-b67c-4611-8f5f-8e830e88cb3f"
            ],
            "tags": null,
            "tenant_id": "88fc814365584a898107453b8b9b9903",
            "transparent_vlan": false
          },
          "sensitive_attributes": []
        }
      ]
    },
    {
      "module": "module.sneedaas",
      "mode": "managed",
      "type": "openstack_compute_instance_v2",
      "name": "instance",
      "provider": "provider[\"registry.terraform.io/terraform-provider-openstack/openstack\"]",
      "instances": [
        {
          "index_key": 0,
          "schema_version": 0,
          "attributes": {
            "access_ip_v4": "10.0.0.11",
            "access_ip_v6": "",
            "admin_pass": null,
            "all_metadata": {},
            "all_tags": [],
            "availability_zone": "comoute-one-only",
            "availability_zone_hints": null,
            "block_device": [],
            "config_drive": null,
            "created": "2023-09-05 20:39:12 +0000 UTC",
            "flavor_id": "0",
            "flavor_name": "m2s.micro",
            "floating_ip": null,
            "force_delete": false,
            "id": "5bcc51ac-f1df-43cb-b3c3-c4fd7987573f",
            "image_id": "2ea2f0ed-83e2-4c51-be3c-ef7121e8ef6b",
            "image_name": "jammy",
            "key_pair": "admins",
            "metadata": null,
            "name": "SNEEDaaS1",
            "network": [
              {
                "access_network": false,
                "fixed_ip_v4": "10.0.0.11",
                "fixed_ip_v6": "",
                "floating_ip": "",
                "mac": "fa:16:3e:e3:86:72",
                "name": "SNEEDaaS",
                "port": "",
                "uuid": "b08889d4-7bda-471b-bfa8-211e037714b2"
              }
            ],
            "network_mode": null,
            "personality": [],
            "power_state": "active",
            "region": "MIEM",
            "scheduler_hints": [],
            "security_groups": [
              "SNEEDaaS"
            ],
            "stop_before_destroy": false,
            "tags": [],
            "timeouts": null,
            "updated": "2023-09-05 20:39:21 +0000 UTC",
            "user_data": "23e12e45efe0df92fdb45e7e30bd4fe3f0ac6eec",
            "vendor_options": [],
            "volume": []
          },
          "sensitive_attributes": [],
          "private": "eyJlMmJmYjczMC1lY2FhLTExZTYtOGY4OC0zNDM2M2JjN2M0YzAiOnsiY3JlYXRlIjoxODAwMDAwMDAwMDAwLCJkZWxldGUiOjE4MDAwMDAwMDAwMDAsInVwZGF0ZSI6MTgwMDAwMDAwMDAwMH19",
          "dependencies": [
            "module.admin.openstack_images_image_v2.image",
            "module.sneedaas.openstack_networking_network_v2.network",
            "module.sneedaas.openstack_networking_secgroup_v2.secgroup",
            "module.sneedaas.openstack_networking_subnet_v2.subnet"
          ]
        },
        {
          "index_key": 1,
          "schema_version": 0,
          "attributes": {
            "access_ip_v4": "10.0.0.12",
            "access_ip_v6": "",
            "admin_pass": null,
            "all_metadata": {},
            "all_tags": [],
            "availability_zone": "comoute-one-only",
            "availability_zone_hints": null,
            "block_device": [],
            "config_drive": null,
            "created": "2023-09-05 20:39:13 +0000 UTC",
            "flavor_id": "0",
            "flavor_name": "m2s.micro",
            "floating_ip": null,
            "force_delete": false,
            "id": "8389ada2-b521-42ce-9420-2f6bb41361a8",
            "image_id": "2ea2f0ed-83e2-4c51-be3c-ef7121e8ef6b",
            "image_name": "jammy",
            "key_pair": "admins",
            "metadata": null,
            "name": "SNEEDaaS2",
            "network": [
              {
                "access_network": false,
                "fixed_ip_v4": "10.0.0.12",
                "fixed_ip_v6": "",
                "floating_ip": "",
                "mac": "fa:16:3e:a1:db:6d",
                "name": "SNEEDaaS",
                "port": "",
                "uuid": "b08889d4-7bda-471b-bfa8-211e037714b2"
              }
            ],
            "network_mode": null,
            "personality": [],
            "power_state": "active",
            "region": "MIEM",
            "scheduler_hints": [],
            "security_groups": [
              "SNEEDaaS"
            ],
            "stop_before_destroy": false,
            "tags": [],
            "timeouts": null,
            "updated": "2023-09-05 20:39:21 +0000 UTC",
            "user_data": "23e12e45efe0df92fdb45e7e30bd4fe3f0ac6eec",
            "vendor_options": [],
            "volume": []
          },
          "sensitive_attributes": [],
          "private": "eyJlMmJmYjczMC1lY2FhLTExZTYtOGY4OC0zNDM2M2JjN2M0YzAiOnsiY3JlYXRlIjoxODAwMDAwMDAwMDAwLCJkZWxldGUiOjE4MDAwMDAwMDAwMDAsInVwZGF0ZSI6MTgwMDAwMDAwMDAwMH19",
          "dependencies": [
            "module.admin.openstack_images_image_v2.image",
            "module.sneedaas.openstack_networking_network_v2.network",
            "module.sneedaas.openstack_networking_secgroup_v2.secgroup",
            "module.sneedaas.openstack_networking_subnet_v2.subnet"
          ]
        },
        {
          "index_key": 2,
          "schema_version": 0,
          "attributes": {
            "access_ip_v4": "10.0.0.13",
            "access_ip_v6": "",
            "admin_pass": null,
            "all_metadata": {},
            "all_tags": [],
            "availability_zone": "comoute-one-only",
            "availability_zone_hints": null,
            "block_device": [],
            "config_drive": null,
            "created": "2023-09-05 20:39:13 +0000 UTC",
            "flavor_id": "0",
            "flavor_name": "m2s.micro",
            "floating_ip": null,
            "force_delete": false,
            "id": "0c3e10b4-3a5a-42fc-bb2e-fc742ec23a8f",
            "image_id": "2ea2f0ed-83e2-4c51-be3c-ef7121e8ef6b",
            "image_name": "jammy",
            "key_pair": "admins",
            "metadata": null,
            "name": "SNEEDaaS3",
            "network": [
              {
                "access_network": false,
                "fixed_ip_v4": "10.0.0.13",
                "fixed_ip_v6": "",
                "floating_ip": "",
                "mac": "fa:16:3e:4d:0d:26",
                "name": "SNEEDaaS",
                "port": "",
                "uuid": "b08889d4-7bda-471b-bfa8-211e037714b2"
              }
            ],
            "network_mode": null,
            "personality": [],
            "power_state": "active",
            "region": "MIEM",
            "scheduler_hints": [],
            "security_groups": [
              "SNEEDaaS"
            ],
            "stop_before_destroy": false,
            "tags": [],
            "timeouts": null,
            "updated": "2023-09-05 20:39:21 +0000 UTC",
            "user_data": "23e12e45efe0df92fdb45e7e30bd4fe3f0ac6eec",
            "vendor_options": [],
            "volume": []
          },
          "sensitive_attributes": [],
          "private": "eyJlMmJmYjczMC1lY2FhLTExZTYtOGY4OC0zNDM2M2JjN2M0YzAiOnsiY3JlYXRlIjoxODAwMDAwMDAwMDAwLCJkZWxldGUiOjE4MDAwMDAwMDAwMDAsInVwZGF0ZSI6MTgwMDAwMDAwMDAwMH19",
          "dependencies": [
            "module.admin.openstack_images_image_v2.image",
            "module.sneedaas.openstack_networking_network_v2.network",
            "module.sneedaas.openstack_networking_secgroup_v2.secgroup",
            "module.sneedaas.openstack_networking_subnet_v2.subnet"
          ]
        }
      ]
    },
    {
      "module": "module.sneedaas",
      "mode": "managed",
      "type": "openstack_lb_listener_v2",
      "name": "lb",
      "provider": "provider[\"registry.terraform.io/terraform-provider-openstack/openstack\"]",
      "instances": [
        {
          "index_key": "HTTP",
          "schema_version": 0,
          "attributes": {
            "admin_state_up": true,
            "allowed_cidrs": [],
            "connection_limit": -1,
            "default_pool_id": "a250c9ff-a39d-44a9-ad25-059c1327b06b",
            "default_tls_container_ref": "",
            "description": "",
            "id": "a720d82c-36ba-4620-972b-9364c5f84b2d",
            "insert_headers": {},
            "loadbalancer_id": "d3f07493-c337-4080-93e2-f6f5d10a5034",
            "name": "HTTP",
            "protocol": "TCP",
            "protocol_port": 80,
            "region": "MIEM",
            "sni_container_refs": [],
            "tags": [],
            "tenant_id": "88fc814365584a898107453b8b9b9903",
            "timeout_client_data": 50000,
            "timeout_member_connect": 5000,
            "timeout_member_data": 50000,
            "timeout_tcp_inspect": 0,
            "timeouts": null
          },
          "sensitive_attributes": [],
          "private": "eyJlMmJmYjczMC1lY2FhLTExZTYtOGY4OC0zNDM2M2JjN2M0YzAiOnsiY3JlYXRlIjo2MDAwMDAwMDAwMDAsImRlbGV0ZSI6NjAwMDAwMDAwMDAwLCJ1cGRhdGUiOjYwMDAwMDAwMDAwMH19",
          "dependencies": [
            "module.sneedaas.openstack_lb_loadbalancer_v2.lb",
            "module.sneedaas.openstack_networking_network_v2.network",
            "module.sneedaas.openstack_networking_subnet_v2.subnet"
          ]
        },
        {
          "index_key": "HTTPS",
          "schema_version": 0,
          "attributes": {
            "admin_state_up": true,
            "allowed_cidrs": [],
            "connection_limit": -1,
            "default_pool_id": "eb4e3baa-caf7-4f43-9956-d80e4bbcb531",
            "default_tls_container_ref": "",
            "description": "",
            "id": "5e9070b2-d583-4556-b3d0-6f9e2a692e2c",
            "insert_headers": {},
            "loadbalancer_id": "d3f07493-c337-4080-93e2-f6f5d10a5034",
            "name": "HTTPS",
            "protocol": "TCP",
            "protocol_port": 443,
            "region": "MIEM",
            "sni_container_refs": [],
            "tags": [],
            "tenant_id": "88fc814365584a898107453b8b9b9903",
            "timeout_client_data": 50000,
            "timeout_member_connect": 5000,
            "timeout_member_data": 50000,
            "timeout_tcp_inspect": 0,
            "timeouts": null
          },
          "sensitive_attributes": [],
          "private": "eyJlMmJmYjczMC1lY2FhLTExZTYtOGY4OC0zNDM2M2JjN2M0YzAiOnsiY3JlYXRlIjo2MDAwMDAwMDAwMDAsImRlbGV0ZSI6NjAwMDAwMDAwMDAwLCJ1cGRhdGUiOjYwMDAwMDAwMDAwMH19",
          "dependencies": [
            "module.sneedaas.openstack_lb_loadbalancer_v2.lb",
            "module.sneedaas.openstack_networking_network_v2.network",
            "module.sneedaas.openstack_networking_subnet_v2.subnet"
          ]
        }
      ]
    },
    {
      "module": "module.sneedaas",
      "mode": "managed",
      "type": "openstack_lb_loadbalancer_v2",
      "name": "lb",
      "provider": "provider[\"registry.terraform.io/terraform-provider-openstack/openstack\"]",
      "instances": [
        {
          "schema_version": 0,
          "attributes": {
            "admin_state_up": true,
            "availability_zone": "",
            "description": "",
            "flavor_id": "",
            "id": "d3f07493-c337-4080-93e2-f6f5d10a5034",
            "loadbalancer_provider": "ovn",
            "name": "SNEEDaaS",
            "region": "MIEM",
            "security_group_ids": [
              "e605b509-d661-46f8-a349-a32252a1ad38"
            ],
            "tags": [],
            "tenant_id": "88fc814365584a898107453b8b9b9903",
            "timeouts": null,
            "vip_address": "10.0.0.84",
            "vip_network_id": "b08889d4-7bda-471b-bfa8-211e037714b2",
            "vip_port_id": "09183583-99e8-4fae-a6b3-0579cb1170f4",
            "vip_subnet_id": "42542f09-11d6-441f-8900-56bf516a08d9"
          },
          "sensitive_attributes": [],
          "private": "eyJlMmJmYjczMC1lY2FhLTExZTYtOGY4OC0zNDM2M2JjN2M0YzAiOnsiY3JlYXRlIjo2MDAwMDAwMDAwMDAsImRlbGV0ZSI6MzAwMDAwMDAwMDAwLCJ1cGRhdGUiOjYwMDAwMDAwMDAwMH19",
          "dependencies": [
            "module.sneedaas.openstack_networking_network_v2.network",
            "module.sneedaas.openstack_networking_subnet_v2.subnet"
          ]
        }
      ]
    },
    {
      "module": "module.sneedaas",
      "mode": "managed",
      "type": "openstack_lb_members_v2",
      "name": "lb",
      "provider": "provider[\"registry.terraform.io/terraform-provider-openstack/openstack\"]",
      "instances": [
        {
          "index_key": "HTTP",
          "schema_version": 0,
          "attributes": {
            "id": "a250c9ff-a39d-44a9-ad25-059c1327b06b",
            "member": [
              {
                "address": "10.0.0.11",
                "admin_state_up": true,
                "backup": false,
                "id": "4ce3242d-e9fa-4a71-90e0-d19a751a2182",
                "monitor_address": "",
                "monitor_port": 0,
                "name": "",
                "protocol_port": 80,
                "subnet_id": "",
                "weight": 1
              },
              {
                "address": "10.0.0.12",
                "admin_state_up": true,
                "backup": false,
                "id": "d6c4b614-c78c-46a9-9ba1-973fb3ba0dee",
                "monitor_address": "",
                "monitor_port": 0,
                "name": "",
                "protocol_port": 80,
                "subnet_id": "",
                "weight": 1
              },
              {
                "address": "10.0.0.13",
                "admin_state_up": true,
                "backup": false,
                "id": "f1bf1b01-fa9e-467b-8cf6-c1c7ff25edab",
                "monitor_address": "",
                "monitor_port": 0,
                "name": "",
                "protocol_port": 80,
                "subnet_id": "",
                "weight": 1
              }
            ],
            "pool_id": "a250c9ff-a39d-44a9-ad25-059c1327b06b",
            "region": "MIEM",
            "timeouts": null
          },
          "sensitive_attributes": [],
          "private": "eyJlMmJmYjczMC1lY2FhLTExZTYtOGY4OC0zNDM2M2JjN2M0YzAiOnsiY3JlYXRlIjo2MDAwMDAwMDAwMDAsImRlbGV0ZSI6NjAwMDAwMDAwMDAwLCJ1cGRhdGUiOjYwMDAwMDAwMDAwMH19",
          "dependencies": [
            "module.admin.openstack_images_image_v2.image",
            "module.sneedaas.openstack_compute_instance_v2.instance",
            "module.sneedaas.openstack_lb_listener_v2.lb",
            "module.sneedaas.openstack_lb_loadbalancer_v2.lb",
            "module.sneedaas.openstack_lb_pool_v2.lb",
            "module.sneedaas.openstack_networking_network_v2.network",
            "module.sneedaas.openstack_networking_secgroup_v2.secgroup",
            "module.sneedaas.openstack_networking_subnet_v2.subnet"
          ]
        },
        {
          "index_key": "HTTPS",
          "schema_version": 0,
          "attributes": {
            "id": "eb4e3baa-caf7-4f43-9956-d80e4bbcb531",
            "member": [
              {
                "address": "10.0.0.11",
                "admin_state_up": true,
                "backup": false,
                "id": "fa2c1013-b297-48b3-b0cc-c4d7fcd09e16",
                "monitor_address": "",
                "monitor_port": 0,
                "name": "",
                "protocol_port": 443,
                "subnet_id": "",
                "weight": 1
              },
              {
                "address": "10.0.0.12",
                "admin_state_up": true,
                "backup": false,
                "id": "8edb3f3e-14f6-4196-9511-5e48677e5f1c",
                "monitor_address": "",
                "monitor_port": 0,
                "name": "",
                "protocol_port": 443,
                "subnet_id": "",
                "weight": 1
              },
              {
                "address": "10.0.0.13",
                "admin_state_up": true,
                "backup": false,
                "id": "2426ee79-2b19-4395-9df9-131761a19da6",
                "monitor_address": "",
                "monitor_port": 0,
                "name": "",
                "protocol_port": 443,
                "subnet_id": "",
                "weight": 1
              }
            ],
            "pool_id": "eb4e3baa-caf7-4f43-9956-d80e4bbcb531",
            "region": "MIEM",
            "timeouts": null
          },
          "sensitive_attributes": [],
          "private": "eyJlMmJmYjczMC1lY2FhLTExZTYtOGY4OC0zNDM2M2JjN2M0YzAiOnsiY3JlYXRlIjo2MDAwMDAwMDAwMDAsImRlbGV0ZSI6NjAwMDAwMDAwMDAwLCJ1cGRhdGUiOjYwMDAwMDAwMDAwMH19",
          "dependencies": [
            "module.admin.openstack_images_image_v2.image",
            "module.sneedaas.openstack_compute_instance_v2.instance",
            "module.sneedaas.openstack_lb_listener_v2.lb",
            "module.sneedaas.openstack_lb_loadbalancer_v2.lb",
            "module.sneedaas.openstack_lb_pool_v2.lb",
            "module.sneedaas.openstack_networking_network_v2.network",
            "module.sneedaas.openstack_networking_secgroup_v2.secgroup",
            "module.sneedaas.openstack_networking_subnet_v2.subnet"
          ]
        }
      ]
    },
    {
      "module": "module.sneedaas",
      "mode": "managed",
      "type": "openstack_lb_monitor_v2",
      "name": "lb",
      "provider": "provider[\"registry.terraform.io/terraform-provider-openstack/openstack\"]",
      "instances": [
        {
          "index_key": "HTTP",
          "schema_version": 0,
          "attributes": {
            "admin_state_up": true,
            "delay": 20,
            "expected_codes": "",
            "http_method": "",
            "id": "3b0151a7-d1c6-47e2-beea-972fc2b63564",
            "max_retries": 5,
            "max_retries_down": 3,
            "name": "HTTP 80",
            "pool_id": "a250c9ff-a39d-44a9-ad25-059c1327b06b",
            "region": "MIEM",
            "tenant_id": "88fc814365584a898107453b8b9b9903",
            "timeout": 10,
            "timeouts": null,
            "type": "TCP",
            "url_path": ""
          },
          "sensitive_attributes": [],
          "private": "eyJlMmJmYjczMC1lY2FhLTExZTYtOGY4OC0zNDM2M2JjN2M0YzAiOnsiY3JlYXRlIjo2MDAwMDAwMDAwMDAsImRlbGV0ZSI6NjAwMDAwMDAwMDAwLCJ1cGRhdGUiOjYwMDAwMDAwMDAwMH19",
          "dependencies": [
            "module.sneedaas.openstack_lb_listener_v2.lb",
            "module.sneedaas.openstack_lb_loadbalancer_v2.lb",
            "module.sneedaas.openstack_lb_pool_v2.lb",
            "module.sneedaas.openstack_networking_network_v2.network",
            "module.sneedaas.openstack_networking_subnet_v2.subnet"
          ]
        },
        {
          "index_key": "HTTPS",
          "schema_version": 0,
          "attributes": {
            "admin_state_up": true,
            "delay": 20,
            "expected_codes": "",
            "http_method": "",
            "id": "a0745bcd-3cb4-499a-a091-b4aea597f4bf",
            "max_retries": 5,
            "max_retries_down": 3,
            "name": "HTTPS 443",
            "pool_id": "eb4e3baa-caf7-4f43-9956-d80e4bbcb531",
            "region": "MIEM",
            "tenant_id": "88fc814365584a898107453b8b9b9903",
            "timeout": 10,
            "timeouts": null,
            "type": "TCP",
            "url_path": ""
          },
          "sensitive_attributes": [],
          "private": "eyJlMmJmYjczMC1lY2FhLTExZTYtOGY4OC0zNDM2M2JjN2M0YzAiOnsiY3JlYXRlIjo2MDAwMDAwMDAwMDAsImRlbGV0ZSI6NjAwMDAwMDAwMDAwLCJ1cGRhdGUiOjYwMDAwMDAwMDAwMH19",
          "dependencies": [
            "module.sneedaas.openstack_lb_listener_v2.lb",
            "module.sneedaas.openstack_lb_loadbalancer_v2.lb",
            "module.sneedaas.openstack_lb_pool_v2.lb",
            "module.sneedaas.openstack_networking_network_v2.network",
            "module.sneedaas.openstack_networking_subnet_v2.subnet"
          ]
        }
      ]
    },
    {
      "module": "module.sneedaas",
      "mode": "managed",
      "type": "openstack_lb_pool_v2",
      "name": "lb",
      "provider": "provider[\"registry.terraform.io/terraform-provider-openstack/openstack\"]",
      "instances": [
        {
          "index_key": "HTTP",
          "schema_version": 0,
          "attributes": {
            "admin_state_up": true,
            "description": "",
            "id": "a250c9ff-a39d-44a9-ad25-059c1327b06b",
            "lb_method": "SOURCE_IP_PORT",
            "listener_id": "a720d82c-36ba-4620-972b-9364c5f84b2d",
            "loadbalancer_id": null,
            "name": "HTTP",
            "persistence": [
              {
                "cookie_name": "",
                "type": ""
              }
            ],
            "protocol": "TCP",
            "region": "MIEM",
            "tenant_id": "88fc814365584a898107453b8b9b9903",
            "timeouts": null
          },
          "sensitive_attributes": [],
          "private": "eyJlMmJmYjczMC1lY2FhLTExZTYtOGY4OC0zNDM2M2JjN2M0YzAiOnsiY3JlYXRlIjo2MDAwMDAwMDAwMDAsImRlbGV0ZSI6NjAwMDAwMDAwMDAwLCJ1cGRhdGUiOjYwMDAwMDAwMDAwMH19",
          "dependencies": [
            "module.sneedaas.openstack_lb_listener_v2.lb",
            "module.sneedaas.openstack_lb_loadbalancer_v2.lb",
            "module.sneedaas.openstack_networking_network_v2.network",
            "module.sneedaas.openstack_networking_subnet_v2.subnet"
          ]
        },
        {
          "index_key": "HTTPS",
          "schema_version": 0,
          "attributes": {
            "admin_state_up": true,
            "description": "",
            "id": "eb4e3baa-caf7-4f43-9956-d80e4bbcb531",
            "lb_method": "SOURCE_IP_PORT",
            "listener_id": "5e9070b2-d583-4556-b3d0-6f9e2a692e2c",
            "loadbalancer_id": null,
            "name": "HTTPS",
            "persistence": [
              {
                "cookie_name": "",
                "type": ""
              }
            ],
            "protocol": "TCP",
            "region": "MIEM",
            "tenant_id": "88fc814365584a898107453b8b9b9903",
            "timeouts": null
          },
          "sensitive_attributes": [],
          "private": "eyJlMmJmYjczMC1lY2FhLTExZTYtOGY4OC0zNDM2M2JjN2M0YzAiOnsiY3JlYXRlIjo2MDAwMDAwMDAwMDAsImRlbGV0ZSI6NjAwMDAwMDAwMDAwLCJ1cGRhdGUiOjYwMDAwMDAwMDAwMH19",
          "dependencies": [
            "module.sneedaas.openstack_lb_listener_v2.lb",
            "module.sneedaas.openstack_lb_loadbalancer_v2.lb",
            "module.sneedaas.openstack_networking_network_v2.network",
            "module.sneedaas.openstack_networking_subnet_v2.subnet"
          ]
        }
      ]
    },
    {
      "module": "module.sneedaas",
      "mode": "managed",
      "type": "openstack_networking_floatingip_associate_v2",
      "name": "lb_fip",
      "provider": "provider[\"registry.terraform.io/terraform-provider-openstack/openstack\"]",
      "instances": [
        {
          "schema_version": 0,
          "attributes": {
            "fixed_ip": "10.0.0.84",
            "floating_ip": "172.18.219.1",
            "id": "ccda69a9-4dfd-493a-b91e-d32f6b152d16",
            "port_id": "09183583-99e8-4fae-a6b3-0579cb1170f4",
            "region": "MIEM"
          },
          "sensitive_attributes": [],
          "private": "bnVsbA==",
          "dependencies": [
            "module.sneedaas.data.openstack_networking_network_v2.public",
            "module.sneedaas.openstack_lb_loadbalancer_v2.lb",
            "module.sneedaas.openstack_networking_floatingip_v2.fip",
            "module.sneedaas.openstack_networking_network_v2.network",
            "module.sneedaas.openstack_networking_subnet_v2.subnet"
          ]
        }
      ]
    },
    {
      "module": "module.sneedaas",
      "mode": "managed",
      "type": "openstack_networking_floatingip_v2",
      "name": "fip",
      "provider": "provider[\"registry.terraform.io/terraform-provider-openstack/openstack\"]",
      "instances": [
        {
          "schema_version": 0,
          "attributes": {
            "address": "172.18.219.1",
            "all_tags": [],
            "description": "HTTP(S) Reverse proxy gateway",
            "dns_domain": "",
            "dns_name": "",
            "fixed_ip": "10.0.0.84",
            "id": "ccda69a9-4dfd-493a-b91e-d32f6b152d16",
            "pool": "public",
            "port_id": "09183583-99e8-4fae-a6b3-0579cb1170f4",
            "region": "MIEM",
            "subnet_id": null,
            "subnet_ids": null,
            "tags": [],
            "tenant_id": "88fc814365584a898107453b8b9b9903",
            "timeouts": null,
            "value_specs": null
          },
          "sensitive_attributes": [],
          "private": "eyJlMmJmYjczMC1lY2FhLTExZTYtOGY4OC0zNDM2M2JjN2M0YzAiOnsiY3JlYXRlIjo2MDAwMDAwMDAwMDAsImRlbGV0ZSI6NjAwMDAwMDAwMDAwfX0=",
          "dependencies": [
            "module.sneedaas.data.openstack_networking_network_v2.public"
          ]
        }
      ]
    },
    {
      "module": "module.sneedaas",
      "mode": "managed",
      "type": "openstack_networking_network_v2",
      "name": "network",
      "provider": "provider[\"registry.terraform.io/terraform-provider-openstack/openstack\"]",
      "instances": [
        {
          "schema_version": 0,
          "attributes": {
            "admin_state_up": true,
            "all_tags": [],
            "availability_zone_hints": [],
            "description": "",
            "dns_domain": "",
            "external": false,
            "id": "b08889d4-7bda-471b-bfa8-211e037714b2",
            "mtu": 1442,
            "name": "SNEEDaaS",
            "port_security_enabled": true,
            "qos_policy_id": "",
            "region": "MIEM",
            "segments": [
              {
                "network_type": "geneve",
                "physical_network": "",
                "segmentation_id": 1829
              }
            ],
            "shared": false,
            "tags": [],
            "tenant_id": "88fc814365584a898107453b8b9b9903",
            "timeouts": null,
            "transparent_vlan": false,
            "value_specs": null
          },
          "sensitive_attributes": [],
          "private": "eyJlMmJmYjczMC1lY2FhLTExZTYtOGY4OC0zNDM2M2JjN2M0YzAiOnsiY3JlYXRlIjo2MDAwMDAwMDAwMDAsImRlbGV0ZSI6NjAwMDAwMDAwMDAwfX0="
        }
      ]
    },
    {
      "module": "module.sneedaas",
      "mode": "managed",
      "type": "openstack_networking_router_interface_v2",
      "name": "router_interface",
      "provider": "provider[\"registry.terraform.io/terraform-provider-openstack/openstack\"]",
      "instances": [
        {
          "schema_version": 0,
          "attributes": {
            "force_destroy": false,
            "id": "c5ae3e63-072e-4317-9a95-b7977aaa3eab",
            "port_id": "c5ae3e63-072e-4317-9a95-b7977aaa3eab",
            "region": "MIEM",
            "router_id": "fa77b690-57ca-402c-ab36-46fe937b0583",
            "subnet_id": "42542f09-11d6-441f-8900-56bf516a08d9",
            "timeouts": null
          },
          "sensitive_attributes": [],
          "private": "eyJlMmJmYjczMC1lY2FhLTExZTYtOGY4OC0zNDM2M2JjN2M0YzAiOnsiY3JlYXRlIjo2MDAwMDAwMDAwMDAsImRlbGV0ZSI6NjAwMDAwMDAwMDAwfX0=",
          "dependencies": [
            "module.sneedaas.data.openstack_networking_network_v2.public",
            "module.sneedaas.openstack_networking_network_v2.network",
            "module.sneedaas.openstack_networking_router_v2.router",
            "module.sneedaas.openstack_networking_subnet_v2.subnet"
          ]
        }
      ]
    },
    {
      "module": "module.sneedaas",
      "mode": "managed",
      "type": "openstack_networking_router_route_v2",
      "name": "router_route",
      "provider": "provider[\"registry.terraform.io/terraform-provider-openstack/openstack\"]",
      "instances": [
        {
          "schema_version": 0,
          "attributes": {
            "destination_cidr": "172.18.217.0/24",
            "id": "fa77b690-57ca-402c-ab36-46fe937b0583-route-172.18.217.0/24-172.18.218.2",
            "next_hop": "172.18.218.2",
            "region": "MIEM",
            "router_id": "fa77b690-57ca-402c-ab36-46fe937b0583"
          },
          "sensitive_attributes": [],
          "private": "bnVsbA==",
          "dependencies": [
            "module.sneedaas.data.openstack_networking_network_v2.public",
            "module.sneedaas.openstack_networking_network_v2.network",
            "module.sneedaas.openstack_networking_router_interface_v2.router_interface",
            "module.sneedaas.openstack_networking_router_v2.router",
            "module.sneedaas.openstack_networking_subnet_v2.subnet"
          ]
        }
      ]
    },
    {
      "module": "module.sneedaas",
      "mode": "managed",
      "type": "openstack_networking_router_v2",
      "name": "router",
      "provider": "provider[\"registry.terraform.io/terraform-provider-openstack/openstack\"]",
      "instances": [
        {
          "schema_version": 0,
          "attributes": {
            "admin_state_up": true,
            "all_tags": [],
            "availability_zone_hints": [],
            "description": "",
            "distributed": false,
            "enable_snat": true,
            "external_fixed_ip": [
              {
                "ip_address": "172.18.219.180",
                "subnet_id": "c1d79788-b67c-4611-8f5f-8e830e88cb3f"
              }
            ],
            "external_gateway": "0f8c3805-9853-4264-ace0-9420686bbbfb",
            "external_network_id": "0f8c3805-9853-4264-ace0-9420686bbbfb",
            "external_subnet_ids": null,
            "id": "fa77b690-57ca-402c-ab36-46fe937b0583",
            "name": "SNEEDaaS",
            "region": "MIEM",
            "tags": [],
            "tenant_id": "88fc814365584a898107453b8b9b9903",
            "timeouts": null,
            "value_specs": null,
            "vendor_options": []
          },
          "sensitive_attributes": [],
          "private": "eyJlMmJmYjczMC1lY2FhLTExZTYtOGY4OC0zNDM2M2JjN2M0YzAiOnsiY3JlYXRlIjo2MDAwMDAwMDAwMDAsImRlbGV0ZSI6NjAwMDAwMDAwMDAwfX0=",
          "dependencies": [
            "module.sneedaas.data.openstack_networking_network_v2.public"
          ]
        }
      ]
    },
    {
      "module": "module.sneedaas",
      "mode": "managed",
      "type": "openstack_networking_secgroup_rule_v2",
      "name": "http",
      "provider": "provider[\"registry.terraform.io/terraform-provider-openstack/openstack\"]",
      "instances": [
        {
          "schema_version": 0,
          "attributes": {
            "description": "",
            "direction": "ingress",
            "ethertype": "IPv4",
            "id": "0db15830-22bc-4cde-a237-998684d2e6b4",
            "port_range_max": 80,
            "port_range_min": 80,
            "protocol": "tcp",
            "region": "MIEM",
            "remote_group_id": "",
            "remote_ip_prefix": "0.0.0.0/0",
            "security_group_id": "0c04a2c1-2252-4a52-a296-c4628619e60f",
            "tenant_id": "88fc814365584a898107453b8b9b9903",
            "timeouts": null
          },
          "sensitive_attributes": [],
          "private": "eyJlMmJmYjczMC1lY2FhLTExZTYtOGY4OC0zNDM2M2JjN2M0YzAiOnsiZGVsZXRlIjo2MDAwMDAwMDAwMDB9fQ==",
          "dependencies": [
            "module.sneedaas.openstack_networking_secgroup_v2.secgroup"
          ]
        }
      ]
    },
    {
      "module": "module.sneedaas",
      "mode": "managed",
      "type": "openstack_networking_secgroup_rule_v2",
      "name": "https",
      "provider": "provider[\"registry.terraform.io/terraform-provider-openstack/openstack\"]",
      "instances": [
        {
          "schema_version": 0,
          "attributes": {
            "description": "",
            "direction": "ingress",
            "ethertype": "IPv4",
            "id": "94fd7ef0-ce76-41c6-bc1c-74f72594e976",
            "port_range_max": 443,
            "port_range_min": 443,
            "protocol": "tcp",
            "region": "MIEM",
            "remote_group_id": "",
            "remote_ip_prefix": "0.0.0.0/0",
            "security_group_id": "0c04a2c1-2252-4a52-a296-c4628619e60f",
            "tenant_id": "88fc814365584a898107453b8b9b9903",
            "timeouts": null
          },
          "sensitive_attributes": [],
          "private": "eyJlMmJmYjczMC1lY2FhLTExZTYtOGY4OC0zNDM2M2JjN2M0YzAiOnsiZGVsZXRlIjo2MDAwMDAwMDAwMDB9fQ==",
          "dependencies": [
            "module.sneedaas.openstack_networking_secgroup_v2.secgroup"
          ]
        }
      ]
    },
    {
      "module": "module.sneedaas",
      "mode": "managed",
      "type": "openstack_networking_secgroup_rule_v2",
      "name": "icmp",
      "provider": "provider[\"registry.terraform.io/terraform-provider-openstack/openstack\"]",
      "instances": [
        {
          "schema_version": 0,
          "attributes": {
            "description": "",
            "direction": "ingress",
            "ethertype": "IPv4",
            "id": "2e32b1b5-e6a0-4ea5-a6ea-88062489d27d",
            "port_range_max": 0,
            "port_range_min": 0,
            "protocol": "icmp",
            "region": "MIEM",
            "remote_group_id": "",
            "remote_ip_prefix": "0.0.0.0/0",
            "security_group_id": "0c04a2c1-2252-4a52-a296-c4628619e60f",
            "tenant_id": "88fc814365584a898107453b8b9b9903",
            "timeouts": null
          },
          "sensitive_attributes": [],
          "private": "eyJlMmJmYjczMC1lY2FhLTExZTYtOGY4OC0zNDM2M2JjN2M0YzAiOnsiZGVsZXRlIjo2MDAwMDAwMDAwMDB9fQ==",
          "dependencies": [
            "module.sneedaas.openstack_networking_secgroup_v2.secgroup"
          ]
        }
      ]
    },
    {
      "module": "module.sneedaas",
      "mode": "managed",
      "type": "openstack_networking_secgroup_rule_v2",
      "name": "ssh",
      "provider": "provider[\"registry.terraform.io/terraform-provider-openstack/openstack\"]",
      "instances": [
        {
          "schema_version": 0,
          "attributes": {
            "description": "",
            "direction": "ingress",
            "ethertype": "IPv4",
            "id": "d5c6cf15-6919-47ee-ad15-acc0624b5af5",
            "port_range_max": 22,
            "port_range_min": 22,
            "protocol": "tcp",
            "region": "MIEM",
            "remote_group_id": "",
            "remote_ip_prefix": "0.0.0.0/0",
            "security_group_id": "0c04a2c1-2252-4a52-a296-c4628619e60f",
            "tenant_id": "88fc814365584a898107453b8b9b9903",
            "timeouts": null
          },
          "sensitive_attributes": [],
          "private": "eyJlMmJmYjczMC1lY2FhLTExZTYtOGY4OC0zNDM2M2JjN2M0YzAiOnsiZGVsZXRlIjo2MDAwMDAwMDAwMDB9fQ==",
          "dependencies": [
            "module.sneedaas.openstack_networking_secgroup_v2.secgroup"
          ]
        }
      ]
    },
    {
      "module": "module.sneedaas",
      "mode": "managed",
      "type": "openstack_networking_secgroup_v2",
      "name": "secgroup",
      "provider": "provider[\"registry.terraform.io/terraform-provider-openstack/openstack\"]",
      "instances": [
        {
          "schema_version": 0,
          "attributes": {
            "all_tags": [],
            "delete_default_rules": null,
            "description": "",
            "id": "0c04a2c1-2252-4a52-a296-c4628619e60f",
            "name": "SNEEDaaS",
            "region": "MIEM",
            "tags": [],
            "tenant_id": "88fc814365584a898107453b8b9b9903",
            "timeouts": null
          },
          "sensitive_attributes": [],
          "private": "eyJlMmJmYjczMC1lY2FhLTExZTYtOGY4OC0zNDM2M2JjN2M0YzAiOnsiZGVsZXRlIjo2MDAwMDAwMDAwMDB9fQ=="
        }
      ]
    },
    {
      "module": "module.sneedaas",
      "mode": "managed",
      "type": "openstack_networking_subnet_v2",
      "name": "subnet",
      "provider": "provider[\"registry.terraform.io/terraform-provider-openstack/openstack\"]",
      "instances": [
        {
          "schema_version": 0,
          "attributes": {
            "all_tags": [],
            "allocation_pool": [
              {
                "end": "10.0.0.254",
                "start": "10.0.0.2"
              }
            ],
            "allocation_pools": [
              {
                "end": "10.0.0.254",
                "start": "10.0.0.2"
              }
            ],
            "cidr": "10.0.0.0/24",
            "description": "",
            "dns_nameservers": [],
            "enable_dhcp": true,
            "gateway_ip": "10.0.0.1",
            "host_routes": [],
            "id": "42542f09-11d6-441f-8900-56bf516a08d9",
            "ip_version": 4,
            "ipv6_address_mode": "",
            "ipv6_ra_mode": "",
            "name": "SNEEDaaS",
            "network_id": "b08889d4-7bda-471b-bfa8-211e037714b2",
            "no_gateway": false,
            "prefix_length": null,
            "region": "MIEM",
            "service_types": [],
            "subnetpool_id": "",
            "tags": [],
            "tenant_id": "88fc814365584a898107453b8b9b9903",
            "timeouts": null,
            "value_specs": null
          },
          "sensitive_attributes": [],
          "private": "eyJlMmJmYjczMC1lY2FhLTExZTYtOGY4OC0zNDM2M2JjN2M0YzAiOnsiY3JlYXRlIjo2MDAwMDAwMDAwMDAsImRlbGV0ZSI6NjAwMDAwMDAwMDAwfX0=",
          "dependencies": [
            "module.sneedaas.openstack_networking_network_v2.network"
          ]
        }
      ]
    }
  ],
  "check_results": null
}
