{
  "version": 4,
  "terraform_version": "1.6.4",
  "serial": 362,
  "lineage": "7278c241-229b-4578-51c0-903be564de01",
  "outputs": {},
  "resources": [
    {
      "module": "module.admin",
      "mode": "data",
      "type": "openstack_identity_auth_scope_v3",
      "name": "current",
      "provider": "provider[\"registry.terraform.io/terraform-provider-openstack/openstack\"]",
      "instances": [
        {
          "schema_version": 0,
          "attributes": {
            "domain_id": "",
            "domain_name": "",
            "id": "current",
            "name": "current",
            "project_domain_id": "default",
            "project_domain_name": "Default",
            "project_id": "b5fde25bcaf6499497bc5dc707eb7d1c",
            "project_name": "admin",
            "region": "MIEM",
            "roles": [
              {
                "role_id": "94ab217ce0654f11a64c2da373c6aea7",
                "role_name": "member"
              },
              {
                "role_id": "e5901a7a7cc74514bc911d34064080af",
                "role_name": "reader"
              },
              {
                "role_id": "cbe64aecd2594f3e8569249813b6cdd5",
                "role_name": "heat_stack_owner"
              },
              {
                "role_id": "5c3d0b9b84824a5899638f551599d641",
                "role_name": "load-balancer_member"
              },
              {
                "role_id": "d2ced5bfe34049e0b763216bc97464d8",
                "role_name": "admin"
              }
            ],
            "service_catalog": [
              {
                "endpoints": [
                  {
                    "id": "30e1ecc5a8274494b3ac8d997b40029a",
                    "interface": "internal",
                    "region": "MIEM",
                    "region_id": "MIEM",
                    "url": "https://internal.mekstack.ru:9292"
                  },
                  {
                    "id": "494b8d5ab5c94011b35ed812cf67755d",
                    "interface": "public",
                    "region": "MIEM",
                    "region_id": "MIEM",
                    "url": "https://glance.api.mekstack.ru"
                  }
                ],
                "id": "2284b25e9c5a449b87ba31be10fb3e6c",
                "name": "glance",
                "type": "image"
              },
              {
                "endpoints": [
                  {
                    "id": "78236b5b36414dbfaad339fa5c1609e2",
                    "interface": "public",
                    "region": "MIEM",
                    "region_id": "MIEM",
                    "url": "https://placement.api.mekstack.ru"
                  },
                  {
                    "id": "c535ac4a942a46958e641e5911c3820a",
                    "interface": "internal",
                    "region": "MIEM",
                    "region_id": "MIEM",
                    "url": "https://internal.mekstack.ru:8780"
                  }
                ],
                "id": "45fcfcb1fd9548638438c6a53b7ce232",
                "name": "placement",
                "type": "placement"
              },
              {
                "endpoints": [
                  {
                    "id": "6bf6306b458a4044824f540821ff79c9",
                    "interface": "internal",
                    "region": "MIEM",
                    "region_id": "MIEM",
                    "url": "https://internal.mekstack.ru:9511/v1"
                  },
                  {
                    "id": "a0980960d82047acbc1868c4d064df3a",
                    "interface": "public",
                    "region": "MIEM",
                    "region_id": "MIEM",
                    "url": "https://magnum.api.mekstack.ru"
                  }
                ],
                "id": "618bf43d485a4a7fafe2461745fd4b1d",
                "name": "magnum",
                "type": "container-infra"
              },
              {
                "endpoints": [
                  {
                    "id": "6dccdd627e6d496086b4f238ec4c5c9c",
                    "interface": "internal",
                    "region": "MIEM",
                    "region_id": "MIEM",
                    "url": "https://internal.mekstack.ru:8776/v3/b5fde25bcaf6499497bc5dc707eb7d1c"
                  },
                  {
                    "id": "d1168f8a5b444ad98ff36d45c1f6ca2f",
                    "interface": "public",
                    "region": "MIEM",
                    "region_id": "MIEM",
                    "url": "https://cinder.api.mekstack.ru/v3/b5fde25bcaf6499497bc5dc707eb7d1c"
                  }
                ],
                "id": "636cb0f7817147339a06e83341c4194b",
                "name": "cinderv3",
                "type": "volumev3"
              },
              {
                "endpoints": [
                  {
                    "id": "5d8e1e96cb094547b4f704eb0f132052",
                    "interface": "internal",
                    "region": "MIEM",
                    "region_id": "MIEM",
                    "url": "https://internal.mekstack.ru:8000/v1"
                  },
                  {
                    "id": "b78a175d4b354d83a3e7b03c5326bac7",
                    "interface": "public",
                    "region": "MIEM",
                    "region_id": "MIEM",
                    "url": "https://heat-cfn.api.mekstack.ru/v1"
                  }
                ],
                "id": "6c248325334b47a8afc675c73922a52e",
                "name": "heat-cfn",
                "type": "cloudformation"
              },
              {
                "endpoints": [
                  {
                    "id": "0947405aa3da4c838c83d913e8f8c39b",
                    "interface": "public",
                    "region": "MIEM",
                    "region_id": "MIEM",
                    "url": "https://barbican.api.mekstack.ru"
                  },
                  {
                    "id": "e73c0e82c52b48ca8795cba8753ba13e",
                    "interface": "internal",
                    "region": "MIEM",
                    "region_id": "MIEM",
                    "url": "https://internal.mekstack.ru:9311"
                  }
                ],
                "id": "9a213df55fcc42cebba3fa2522e22507",
                "name": "barbican",
                "type": "key-manager"
              },
              {
                "endpoints": [
                  {
                    "id": "2cb1c92d28a9440c8af6b8a7009e8db4",
                    "interface": "internal",
                    "region": "MIEM",
                    "region_id": "MIEM",
                    "url": "https://internal.mekstack.ru:8774/v2.1"
                  },
                  {
                    "id": "3b8a7c597ea149e7a63ad88397725110",
                    "interface": "public",
                    "region": "MIEM",
                    "region_id": "MIEM",
                    "url": "https://nova.api.mekstack.ru/v2.1"
                  }
                ],
                "id": "a7fab048f85946b49159ee3820d0d365",
                "name": "nova",
                "type": "compute"
              },
              {
                "endpoints": [
                  {
                    "id": "1795ece11f104cbabed9a0e81574e52b",
                    "interface": "public",
                    "region": "MIEM",
                    "region_id": "MIEM",
                    "url": "https://heat.api.mekstack.ru/v1/b5fde25bcaf6499497bc5dc707eb7d1c"
                  },
                  {
                    "id": "351b9ec407b24a08b32343733bff11aa",
                    "interface": "internal",
                    "region": "MIEM",
                    "region_id": "MIEM",
                    "url": "https://internal.mekstack.ru:8004/v1/b5fde25bcaf6499497bc5dc707eb7d1c"
                  }
                ],
                "id": "af6aca2c65554deb87a71978208ee5a9",
                "name": "heat",
                "type": "orchestration"
              },
              {
                "endpoints": [
                  {
                    "id": "23ca8886f4494a0c90faee028478afa0",
                    "interface": "public",
                    "region": "MIEM",
                    "region_id": "MIEM",
                    "url": "https://designate.api.mekstack.ru"
                  },
                  {
                    "id": "7c587f3de3c94403a566ac006d55ce19",
                    "interface": "internal",
                    "region": "MIEM",
                    "region_id": "MIEM",
                    "url": "https://internal.mekstack.ru:9001"
                  }
                ],
                "id": "b3af8f8cc622434a8d26e0a5bfdeec3a",
                "name": "designate",
                "type": "dns"
              },
              {
                "endpoints": [
                  {
                    "id": "83903617b0e34fed9d896a6945b1ad7c",
                    "interface": "internal",
                    "region": "MIEM",
                    "region_id": "MIEM",
                    "url": "https://internal.mekstack.ru:5000"
                  },
                  {
                    "id": "9d4d6dde5f6c4b53968002edf57d9160",
                    "interface": "public",
                    "region": "MIEM",
                    "region_id": "MIEM",
                    "url": "https://keystone.api.mekstack.ru"
                  }
                ],
                "id": "b5bc70aa8f214ff3aa8d3c73e4cb96a8",
                "name": "keystone",
                "type": "identity"
              },
              {
                "endpoints": [
                  {
                    "id": "7ab0c107169541daa27b6a25d8fb0bba",
                    "interface": "public",
                    "region": "MIEM",
                    "region_id": "MIEM",
                    "url": "https://octavia.api.mekstack.ru"
                  },
                  {
                    "id": "b57d590b78004cc3950c7f7ed674cbe0",
                    "interface": "internal",
                    "region": "MIEM",
                    "region_id": "MIEM",
                    "url": "https://internal.mekstack.ru:9876"
                  }
                ],
                "id": "bb3da02448524689bd060eb6f6025176",
                "name": "octavia",
                "type": "load-balancer"
              },
              {
                "endpoints": [
                  {
                    "id": "1a758a81d0b744158f4c5294e5419690",
                    "interface": "internal",
                    "region": "MIEM",
                    "region_id": "MIEM",
                    "url": "https://internal.mekstack.ru:9696"
                  },
                  {
                    "id": "1bf6bad4842c4202988bae16eea0f172",
                    "interface": "public",
                    "region": "MIEM",
                    "region_id": "MIEM",
                    "url": "https://neutron.api.mekstack.ru"
                  }
                ],
                "id": "cc183c216e0d47b997b7a604c33e6971",
                "name": "neutron",
                "type": "network"
              }
            ],
            "set_token_id": null,
            "token_id": null,
            "user_domain_id": "default",
            "user_domain_name": "Default",
            "user_id": "dc11a79816904e1dbfb5e719068f5820",
            "user_name": "admin"
          },
          "sensitive_attributes": []
        }
      ]
    },
    {
      "module": "module.admin",
      "mode": "data",
      "type": "openstack_identity_role_v3",
      "name": "member",
      "provider": "provider[\"registry.terraform.io/terraform-provider-openstack/openstack\"]",
      "instances": [
        {
          "schema_version": 0,
          "attributes": {
            "domain_id": "",
            "id": "94ab217ce0654f11a64c2da373c6aea7",
            "name": "member",
            "region": "MIEM"
          },
          "sensitive_attributes": []
        }
      ]
    },
    {
      "module": "module.admin",
      "mode": "data",
      "type": "openstack_networking_secgroup_v2",
      "name": "default",
      "provider": "provider[\"registry.terraform.io/terraform-provider-openstack/openstack\"]",
      "instances": [
        {
          "schema_version": 0,
          "attributes": {
            "all_tags": [],
            "description": "Default security group",
            "id": "d6e98ea0-bb88-4a31-a2fb-27acae8f8f07",
            "name": "default",
            "region": "MIEM",
            "secgroup_id": null,
            "tags": null,
            "tenant_id": "b5fde25bcaf6499497bc5dc707eb7d1c"
          },
          "sensitive_attributes": []
        }
      ]
    },
    {
      "module": "module.admin",
      "mode": "managed",
      "type": "openstack_blockstorage_quotaset_v3",
      "name": "admin",
      "provider": "provider[\"registry.terraform.io/terraform-provider-openstack/openstack\"]",
      "instances": [
        {
          "schema_version": 0,
          "attributes": {
            "backup_gigabytes": 1000,
            "backups": 30,
            "gigabytes": 10000,
            "groups": 100,
            "id": "b5fde25bcaf6499497bc5dc707eb7d1c/MIEM",
            "per_volume_gigabytes": 1000,
            "project_id": "b5fde25bcaf6499497bc5dc707eb7d1c",
            "region": "MIEM",
            "snapshots": 30,
            "timeouts": null,
            "volume_type_quota": null,
            "volumes": 30
          },
          "sensitive_attributes": [],
          "private": "eyJlMmJmYjczMC1lY2FhLTExZTYtOGY4OC0zNDM2M2JjN2M0YzAiOnsiY3JlYXRlIjo2MDAwMDAwMDAwMDAsImRlbGV0ZSI6NjAwMDAwMDAwMDAwLCJ1cGRhdGUiOjYwMDAwMDAwMDAwMH19",
          "dependencies": [
            "module.admin.data.openstack_identity_auth_scope_v3.current"
          ]
        }
      ]
    },
    {
      "module": "module.admin",
      "mode": "managed",
      "type": "openstack_compute_flavor_v2",
      "name": "m2s",
      "provider": "provider[\"registry.terraform.io/terraform-provider-openstack/openstack\"]",
      "instances": [
        {
          "index_key": "0",
          "schema_version": 0,
          "attributes": {
            "description": "",
            "disk": 10,
            "ephemeral": 0,
            "extra_specs": {
              "hw:cpu_policy": "shared",
              "hw:numa_nodes": "1"
            },
            "flavor_id": "0",
            "id": "0",
            "is_public": true,
            "name": "m2s.micro",
            "ram": 512,
            "region": "MIEM",
            "rx_tx_factor": 1,
            "swap": 512,
            "vcpus": 4
          },
          "sensitive_attributes": [],
          "private": "bnVsbA=="
        },
        {
          "index_key": "1",
          "schema_version": 0,
          "attributes": {
            "description": "",
            "disk": 15,
            "ephemeral": 0,
            "extra_specs": {
              "hw:cpu_policy": "shared",
              "hw:numa_nodes": "1"
            },
            "flavor_id": "1",
            "id": "1",
            "is_public": true,
            "name": "m2s.small",
            "ram": 1024,
            "region": "MIEM",
            "rx_tx_factor": 1,
            "swap": 1024,
            "vcpus": 6
          },
          "sensitive_attributes": [],
          "private": "bnVsbA=="
        },
        {
          "index_key": "2",
          "schema_version": 0,
          "attributes": {
            "description": "",
            "disk": 20,
            "ephemeral": 0,
            "extra_specs": {
              "hw:cpu_policy": "shared",
              "hw:numa_nodes": "1"
            },
            "flavor_id": "2",
            "id": "2",
            "is_public": true,
            "name": "m2s.medium",
            "ram": 2048,
            "region": "MIEM",
            "rx_tx_factor": 1,
            "swap": 2048,
            "vcpus": 8
          },
          "sensitive_attributes": [],
          "private": "bnVsbA=="
        },
        {
          "index_key": "3",
          "schema_version": 0,
          "attributes": {
            "description": "",
            "disk": 25,
            "ephemeral": 0,
            "extra_specs": {
              "hw:cpu_policy": "shared",
              "hw:numa_nodes": "1"
            },
            "flavor_id": "3",
            "id": "3",
            "is_public": true,
            "name": "m2s.large",
            "ram": 4096,
            "region": "MIEM",
            "rx_tx_factor": 1,
            "swap": 2048,
            "vcpus": 10
          },
          "sensitive_attributes": [],
          "private": "bnVsbA=="
        },
        {
          "index_key": "4",
          "schema_version": 0,
          "attributes": {
            "description": "",
            "disk": 30,
            "ephemeral": 0,
            "extra_specs": {
              "hw:cpu_policy": "shared",
              "hw:numa_nodes": "1"
            },
            "flavor_id": "4",
            "id": "4",
            "is_public": true,
            "name": "m2s.xxl",
            "ram": 5120,
            "region": "MIEM",
            "rx_tx_factor": 1,
            "swap": 2048,
            "vcpus": 12
          },
          "sensitive_attributes": [],
          "private": "bnVsbA=="
        }
      ]
    },
    {
      "module": "module.admin",
      "mode": "managed",
      "type": "openstack_compute_keypair_v2",
      "name": "admins",
      "provider": "provider[\"registry.terraform.io/terraform-provider-openstack/openstack\"]",
      "instances": [
        {
          "schema_version": 0,
          "attributes": {
            "fingerprint": "97:4d:94:9f:be:70:32:06:fe:68:2c:f3:0f:75:18:d6",
            "id": "admins",
            "name": "admins",
            "private_key": "",
            "public_key": "ssh-ed25519 AAAAC3NzaC1lZDI1NTE5AAAAIJU+Jdr48B+PDE18asZ0rlpEY9ucSY6fVaL8Xs/based meks\nssh-ed25519 AAAAC3NzaC1lZDI1NTE5AAAAIOi/hPWFiOvHIIFVysGcPZDONMYKmxXQ+tKTxcKFzsEN sthussky\n",
            "region": "MIEM",
            "user_id": "",
            "value_specs": null
          },
          "sensitive_attributes": [],
          "private": "bnVsbA=="
        }
      ]
    },
    {
      "module": "module.admin",
      "mode": "managed",
      "type": "openstack_compute_keypair_v2",
      "name": "kayobe",
      "provider": "provider[\"registry.terraform.io/terraform-provider-openstack/openstack\"]",
      "instances": [
        {
          "schema_version": 0,
          "attributes": {
            "fingerprint": "3c:09:f3:17:dc:90:bf:dd:30:d5:33:30:3d:bc:84:e7",
            "id": "kayobe",
            "name": "kayobe",
            "private_key": "",
            "public_key": "ssh-ed25519 AAAAC3NzaC1lZDI1NTE5AAAAIGMwfWbHWAS1JrdinFVxTxXXN24TOCSSTsAkZRlan0zx ubuntu@kayobe\n",
            "region": "MIEM",
            "user_id": "",
            "value_specs": null
          },
          "sensitive_attributes": [],
          "private": "bnVsbA=="
        }
      ]
    },
    {
      "module": "module.admin",
      "mode": "managed",
      "type": "openstack_compute_quotaset_v2",
      "name": "admin",
      "provider": "provider[\"registry.terraform.io/terraform-provider-openstack/openstack\"]",
      "instances": [
        {
          "schema_version": 0,
          "attributes": {
            "cores": 300,
            "fixed_ips": -1,
            "floating_ips": -1,
            "id": "b5fde25bcaf6499497bc5dc707eb7d1c/MIEM",
            "injected_file_content_bytes": 10240,
            "injected_file_path_bytes": 255,
            "injected_files": 5,
            "instances": 20,
            "key_pairs": 10,
            "metadata_items": 128,
            "project_id": "b5fde25bcaf6499497bc5dc707eb7d1c",
            "ram": 100000,
            "region": "MIEM",
            "security_group_rules": -1,
            "security_groups": -1,
            "server_group_members": 80,
            "server_groups": 20,
            "timeouts": null
          },
          "sensitive_attributes": [],
          "private": "eyJlMmJmYjczMC1lY2FhLTExZTYtOGY4OC0zNDM2M2JjN2M0YzAiOnsiY3JlYXRlIjo2MDAwMDAwMDAwMDAsImRlbGV0ZSI6NjAwMDAwMDAwMDAwLCJ1cGRhdGUiOjYwMDAwMDAwMDAwMH19",
          "dependencies": [
            "module.admin.data.openstack_identity_auth_scope_v3.current"
          ]
        }
      ]
    },
    {
      "module": "module.admin",
      "mode": "managed",
      "type": "openstack_dns_recordset_v2",
      "name": "api",
      "provider": "provider[\"registry.terraform.io/terraform-provider-openstack/openstack\"]",
      "instances": [
        {
          "schema_version": 0,
          "attributes": {
            "description": "Mekstack service endpoints address",
            "disable_status_check": false,
            "id": "4118d280-2290-482f-8ead-7577d472768f/cf8a61bc-bb56-4c46-a769-e88c7ca722d4",
            "name": "*.api.mekstack.ru.",
            "project_id": "b5fde25bcaf6499497bc5dc707eb7d1c",
            "records": [
              "172.18.219.1"
            ],
            "region": "MIEM",
            "timeouts": null,
            "ttl": 3000,
            "type": "A",
            "value_specs": null,
            "zone_id": "4118d280-2290-482f-8ead-7577d472768f"
          },
          "sensitive_attributes": [],
          "private": "eyJlMmJmYjczMC1lY2FhLTExZTYtOGY4OC0zNDM2M2JjN2M0YzAiOnsiY3JlYXRlIjo2MDAwMDAwMDAwMDAsImRlbGV0ZSI6NjAwMDAwMDAwMDAwLCJ1cGRhdGUiOjYwMDAwMDAwMDAwMH19",
          "dependencies": [
            "module.admin.openstack_dns_zone_v2.mekstack_zone"
          ]
        }
      ]
    },
    {
      "module": "module.admin",
      "mode": "managed",
      "type": "openstack_dns_recordset_v2",
      "name": "grafana",
      "provider": "provider[\"registry.terraform.io/terraform-provider-openstack/openstack\"]",
      "instances": [
        {
          "schema_version": 0,
          "attributes": {
            "description": "Mekstack grafana web dashboard address",
            "disable_status_check": false,
            "id": "4118d280-2290-482f-8ead-7577d472768f/ed813033-37ee-45b5-a387-84f5feeb5c85",
            "name": "status.mekstack.ru.",
            "project_id": "b5fde25bcaf6499497bc5dc707eb7d1c",
            "records": [
              "172.18.219.1"
            ],
            "region": "MIEM",
            "timeouts": null,
            "ttl": 3000,
            "type": "A",
            "value_specs": null,
            "zone_id": "4118d280-2290-482f-8ead-7577d472768f"
          },
          "sensitive_attributes": [],
          "private": "eyJlMmJmYjczMC1lY2FhLTExZTYtOGY4OC0zNDM2M2JjN2M0YzAiOnsiY3JlYXRlIjo2MDAwMDAwMDAwMDAsImRlbGV0ZSI6NjAwMDAwMDAwMDAwLCJ1cGRhdGUiOjYwMDAwMDAwMDAwMH19",
          "dependencies": [
            "module.admin.openstack_dns_zone_v2.mekstack_zone"
          ]
        }
      ]
    },
    {
      "module": "module.admin",
      "mode": "managed",
      "type": "openstack_dns_recordset_v2",
      "name": "horiozn",
      "provider": "provider[\"registry.terraform.io/terraform-provider-openstack/openstack\"]",
      "instances": [
        {
          "schema_version": 0,
          "attributes": {
            "description": "Mekstack horizon web dashboard address",
            "disable_status_check": false,
            "id": "4118d280-2290-482f-8ead-7577d472768f/e2deb809-387b-4d3c-8b17-1f93d9368c34",
            "name": "mekstack.ru.",
            "project_id": "b5fde25bcaf6499497bc5dc707eb7d1c",
            "records": [
              "172.18.219.1"
            ],
            "region": "MIEM",
            "timeouts": null,
            "ttl": 3000,
            "type": "A",
            "value_specs": null,
            "zone_id": "4118d280-2290-482f-8ead-7577d472768f"
          },
          "sensitive_attributes": [],
          "private": "eyJlMmJmYjczMC1lY2FhLTExZTYtOGY4OC0zNDM2M2JjN2M0YzAiOnsiY3JlYXRlIjo2MDAwMDAwMDAwMDAsImRlbGV0ZSI6NjAwMDAwMDAwMDAwLCJ1cGRhdGUiOjYwMDAwMDAwMDAwMH19",
          "dependencies": [
            "module.admin.openstack_dns_zone_v2.mekstack_zone"
          ]
        }
      ]
    },
    {
      "module": "module.admin",
      "mode": "managed",
      "type": "openstack_dns_recordset_v2",
      "name": "hse_docs",
      "provider": "provider[\"registry.terraform.io/terraform-provider-openstack/openstack\"]",
      "instances": [
        {
          "schema_version": 0,
          "attributes": {
            "description": "Mekstack service endpoints address",
            "disable_status_check": false,
            "id": "c79e1c8b-5454-4fd1-9161-9bbe818fc6e5/24bb0a4f-7e0d-4f0b-92a2-08fff37a730a",
            "name": "docs.cloud.hse.ru.",
            "project_id": "b5fde25bcaf6499497bc5dc707eb7d1c",
            "records": [
              "172.18.219.137"
            ],
            "region": "MIEM",
            "timeouts": null,
            "ttl": 3000,
            "type": "A",
            "value_specs": null,
            "zone_id": "c79e1c8b-5454-4fd1-9161-9bbe818fc6e5"
          },
          "sensitive_attributes": [],
          "private": "eyJlMmJmYjczMC1lY2FhLTExZTYtOGY4OC0zNDM2M2JjN2M0YzAiOnsiY3JlYXRlIjo2MDAwMDAwMDAwMDAsImRlbGV0ZSI6NjAwMDAwMDAwMDAwLCJ1cGRhdGUiOjYwMDAwMDAwMDAwMH19",
          "dependencies": [
            "module.admin.openstack_dns_zone_v2.hse_zone"
          ]
        }
      ]
    },
    {
      "module": "module.admin",
      "mode": "managed",
      "type": "openstack_dns_recordset_v2",
      "name": "services",
      "provider": "provider[\"registry.terraform.io/terraform-provider-openstack/openstack\"]",
      "instances": [
        {
          "schema_version": 0,
          "attributes": {
            "description": "",
            "disable_status_check": false,
            "id": "4118d280-2290-482f-8ead-7577d472768f/6f461358-bdec-4fe9-b360-634fcf953f3e",
            "name": "*.mekstack.ru.",
            "project_id": "b5fde25bcaf6499497bc5dc707eb7d1c",
            "records": [
              "172.18.219.137"
            ],
            "region": "MIEM",
            "timeouts": null,
            "ttl": 3000,
            "type": "A",
            "value_specs": null,
            "zone_id": "4118d280-2290-482f-8ead-7577d472768f"
          },
          "sensitive_attributes": [],
          "private": "eyJlMmJmYjczMC1lY2FhLTExZTYtOGY4OC0zNDM2M2JjN2M0YzAiOnsiY3JlYXRlIjo2MDAwMDAwMDAwMDAsImRlbGV0ZSI6NjAwMDAwMDAwMDAwLCJ1cGRhdGUiOjYwMDAwMDAwMDAwMH19",
          "dependencies": [
            "module.admin.openstack_dns_zone_v2.mekstack_zone"
          ]
        }
      ]
    },
    {
      "module": "module.admin",
      "mode": "managed",
      "type": "openstack_dns_zone_v2",
      "name": "hse_zone",
      "provider": "provider[\"registry.terraform.io/terraform-provider-openstack/openstack\"]",
      "instances": [
        {
          "schema_version": 0,
          "attributes": {
            "attributes": {},
            "description": "Mekstack project zone",
            "disable_status_check": false,
            "email": "19106@miem.hse.ru",
            "id": "c79e1c8b-5454-4fd1-9161-9bbe818fc6e5",
            "masters": [],
            "name": "cloud.hse.ru.",
            "project_id": "b5fde25bcaf6499497bc5dc707eb7d1c",
            "region": "MIEM",
            "timeouts": null,
            "ttl": 3000,
            "type": "PRIMARY",
            "value_specs": null
          },
          "sensitive_attributes": [],
          "private": "eyJlMmJmYjczMC1lY2FhLTExZTYtOGY4OC0zNDM2M2JjN2M0YzAiOnsiY3JlYXRlIjo2MDAwMDAwMDAwMDAsImRlbGV0ZSI6NjAwMDAwMDAwMDAwLCJ1cGRhdGUiOjYwMDAwMDAwMDAwMH19"
        }
      ]
    },
    {
      "module": "module.admin",
      "mode": "managed",
      "type": "openstack_dns_zone_v2",
      "name": "instances_zone",
      "provider": "provider[\"registry.terraform.io/terraform-provider-openstack/openstack\"]",
      "instances": [
        {
          "schema_version": 0,
          "attributes": {
            "attributes": {},
            "description": "Mekstack instances zone",
            "disable_status_check": false,
            "email": "19106@miem.hse.ru",
            "id": "85934f6d-4888-47ba-bb21-635cc972289a",
            "masters": [],
            "name": "int.mekstack.ru.",
            "project_id": "b5fde25bcaf6499497bc5dc707eb7d1c",
            "region": "MIEM",
            "timeouts": null,
            "ttl": 3000,
            "type": "PRIMARY",
            "value_specs": null
          },
          "sensitive_attributes": [],
          "private": "eyJlMmJmYjczMC1lY2FhLTExZTYtOGY4OC0zNDM2M2JjN2M0YzAiOnsiY3JlYXRlIjo2MDAwMDAwMDAwMDAsImRlbGV0ZSI6NjAwMDAwMDAwMDAwLCJ1cGRhdGUiOjYwMDAwMDAwMDAwMH19"
        }
      ]
    },
    {
      "module": "module.admin",
      "mode": "managed",
      "type": "openstack_dns_zone_v2",
      "name": "mekstack_zone",
      "provider": "provider[\"registry.terraform.io/terraform-provider-openstack/openstack\"]",
      "instances": [
        {
          "schema_version": 0,
          "attributes": {
            "attributes": {},
            "description": "Mekstack project zone",
            "disable_status_check": false,
            "email": "19106@miem.hse.ru",
            "id": "4118d280-2290-482f-8ead-7577d472768f",
            "masters": [],
            "name": "mekstack.ru.",
            "project_id": "b5fde25bcaf6499497bc5dc707eb7d1c",
            "region": "MIEM",
            "timeouts": null,
            "ttl": 3000,
            "type": "PRIMARY",
            "value_specs": null
          },
          "sensitive_attributes": [],
          "private": "eyJlMmJmYjczMC1lY2FhLTExZTYtOGY4OC0zNDM2M2JjN2M0YzAiOnsiY3JlYXRlIjo2MDAwMDAwMDAwMDAsImRlbGV0ZSI6NjAwMDAwMDAwMDAwLCJ1cGRhdGUiOjYwMDAwMDAwMDAwMH19"
        }
      ]
    },
    {
      "module": "module.admin",
      "mode": "managed",
      "type": "openstack_identity_project_v3",
      "name": "mekstack",
      "provider": "provider[\"registry.terraform.io/terraform-provider-openstack/openstack\"]",
      "instances": [
        {
          "schema_version": 0,
          "attributes": {
            "description": "Service project for custom images \u0026 other utils",
            "domain_id": "default",
            "enabled": true,
            "id": "37e471bf9f584ebd986acc44639a5bd4",
            "is_domain": false,
            "name": "Mekstack",
            "parent_id": "default",
            "region": "MIEM",
            "tags": []
          },
          "sensitive_attributes": [],
          "private": "bnVsbA=="
        }
      ]
    },
    {
      "module": "module.admin",
      "mode": "managed",
      "type": "openstack_identity_role_assignment_v3",
      "name": "role_assignment_1",
      "provider": "provider[\"registry.terraform.io/terraform-provider-openstack/openstack\"]",
      "instances": [
        {
          "schema_version": 0,
          "attributes": {
            "domain_id": "",
            "group_id": "",
            "id": "/37e471bf9f584ebd986acc44639a5bd4//2582672539474e13bae779055093c401/94ab217ce0654f11a64c2da373c6aea7",
            "project_id": "37e471bf9f584ebd986acc44639a5bd4",
            "region": "MIEM",
            "role_id": "94ab217ce0654f11a64c2da373c6aea7",
            "user_id": "2582672539474e13bae779055093c401"
          },
          "sensitive_attributes": [],
          "private": "bnVsbA==",
          "dependencies": [
            "module.admin.data.openstack_identity_role_v3.member",
            "module.admin.openstack_identity_project_v3.mekstack",
            "module.admin.openstack_identity_user_v3.imagebuilder"
          ]
        }
      ]
    },
    {
      "module": "module.admin",
      "mode": "managed",
      "type": "openstack_identity_user_v3",
      "name": "imagebuilder",
      "provider": "provider[\"registry.terraform.io/terraform-provider-openstack/openstack\"]",
      "instances": [
        {
          "schema_version": 0,
          "attributes": {
            "default_project_id": "37e471bf9f584ebd986acc44639a5bd4",
            "description": "",
            "domain_id": "default",
            "enabled": true,
            "extra": {},
            "id": "2582672539474e13bae779055093c401",
            "ignore_change_password_upon_first_use": null,
            "ignore_lockout_failure_attempts": null,
            "ignore_password_expiry": null,
            "multi_factor_auth_enabled": null,
            "multi_factor_auth_rule": [],
            "name": "imagebuilder",
            "password": null,
            "region": "MIEM"
          },
          "sensitive_attributes": [],
          "private": "bnVsbA==",
          "dependencies": [
            "module.admin.openstack_identity_project_v3.mekstack"
          ]
        }
      ]
    },
    {
      "module": "module.admin",
      "mode": "managed",
      "type": "openstack_images_image_v2",
      "name": "image",
      "provider": "provider[\"registry.terraform.io/terraform-provider-openstack/openstack\"]",
      "instances": [
        {
          "index_key": "Fedora CoreOS 38",
          "schema_version": 0,
          "attributes": {
            "checksum": "1bbf0707a518f514c478d78f1b96d0f8",
            "container_format": "bare",
            "created_at": "2023-10-07T09:18:26Z",
            "decompress": true,
            "disk_format": "qcow2",
            "file": "/v2/images/0c25a72a-f251-47a8-a9ff-412745c9371c/file",
            "hidden": false,
            "id": "0c25a72a-f251-47a8-a9ff-412745c9371c",
            "image_cache_path": "./image_cache",
            "image_id": "0c25a72a-f251-47a8-a9ff-412745c9371c",
            "image_source_password": null,
            "image_source_url": "https://builds.coreos.fedoraproject.org/prod/streams/stable/builds/38.20230806.3.0/x86_64/fedora-coreos-38.20230806.3.0-openstack.x86_64.qcow2.xz",
            "image_source_username": null,
            "local_file_path": null,
            "metadata": {},
            "min_disk_gb": 3,
            "min_ram_mb": 512,
            "name": "Fedora CoreOS 38",
            "owner": "b5fde25bcaf6499497bc5dc707eb7d1c",
            "properties": {
              "os_distro": "fedora-coreos",
              "os_hash_algo": "sha512",
              "os_hash_value": "0de3fbd1478e5d99e2cbb493f7ccf12cd73faca8fe3c337d87688aa926f4d8bcb9ae2b6e6c7d909892018d725e88d2786548c129bbd817154e06ae3ef4b8aec5",
              "os_type": "linux",
              "stores": "file"
            },
            "protected": false,
            "region": "MIEM",
            "schema": "/v2/schemas/image",
            "size_bytes": 1652031488,
            "status": "active",
            "tags": [],
            "timeouts": null,
            "update_at": "2023-10-07T09:18:53Z",
            "updated_at": "2023-10-07T09:18:53Z",
            "verify_checksum": null,
            "visibility": "public",
            "web_download": null
          },
          "sensitive_attributes": [],
          "private": "eyJlMmJmYjczMC1lY2FhLTExZTYtOGY4OC0zNDM2M2JjN2M0YzAiOnsiY3JlYXRlIjoxODAwMDAwMDAwMDAwfX0="
        },
        {
          "index_key": "Ubuntu 22.04.3 LTS",
          "schema_version": 0,
          "attributes": {
            "checksum": "5f1083131fa070bf9f23c2f1f5c7c540",
            "container_format": "bare",
            "created_at": "2023-10-07T09:18:26Z",
            "decompress": false,
            "disk_format": "qcow2",
            "file": "/v2/images/95902ff0-3c07-4060-8083-8c489753c322/file",
            "hidden": false,
            "id": "95902ff0-3c07-4060-8083-8c489753c322",
            "image_cache_path": "./image_cache",
            "image_id": "95902ff0-3c07-4060-8083-8c489753c322",
            "image_source_password": null,
            "image_source_url": "https://cloud-images.ubuntu.com/daily/server/jammy/current/jammy-server-cloudimg-amd64.img",
            "image_source_username": null,
            "local_file_path": null,
            "metadata": {},
            "min_disk_gb": 3,
            "min_ram_mb": 512,
            "name": "Ubuntu 22.04.3 LTS",
            "owner": "b5fde25bcaf6499497bc5dc707eb7d1c",
            "properties": {
              "os_hash_algo": "sha512",
              "os_hash_value": "e6babe6d5608cb9bfc9132708c2f13c11f467a3b0460373d0ab278aac8797b2c0eef73ccc1a8546679fe6ba7091478ad57d87150ddd94d1df7a987d8e7d34bc9",
              "os_type": "linux",
              "stores": "file"
            },
            "protected": false,
            "region": "MIEM",
            "schema": "/v2/schemas/image",
            "size_bytes": 670957568,
            "status": "active",
            "tags": [],
            "timeouts": null,
            "update_at": "2023-10-14T13:01:34Z",
            "updated_at": "2023-10-14T13:01:34Z",
            "verify_checksum": null,
            "visibility": "private",
            "web_download": null
          },
          "sensitive_attributes": [],
          "private": "eyJlMmJmYjczMC1lY2FhLTExZTYtOGY4OC0zNDM2M2JjN2M0YzAiOnsiY3JlYXRlIjoxODAwMDAwMDAwMDAwfX0="
        }
      ]
    },
    {
      "module": "module.admin",
      "mode": "managed",
      "type": "openstack_networking_network_v2",
      "name": "public",
      "provider": "provider[\"registry.terraform.io/terraform-provider-openstack/openstack\"]",
      "instances": [
        {
          "schema_version": 0,
          "attributes": {
            "admin_state_up": true,
            "all_tags": [],
            "availability_zone_hints": [],
            "description": "Public Network",
            "dns_domain": "int.mekstack.ru.",
            "external": true,
            "id": "4d942526-390d-40a1-8bd3-934405fd4281",
            "mtu": 1500,
            "name": "public",
            "port_security_enabled": true,
            "qos_policy_id": "",
            "region": "MIEM",
            "segments": [
              {
                "network_type": "vlan",
                "physical_network": "physnet1",
                "segmentation_id": 218
              }
            ],
            "shared": true,
            "tags": [],
            "tenant_id": "b5fde25bcaf6499497bc5dc707eb7d1c",
            "timeouts": null,
            "transparent_vlan": false,
            "value_specs": null
          },
          "sensitive_attributes": [],
          "private": "eyJlMmJmYjczMC1lY2FhLTExZTYtOGY4OC0zNDM2M2JjN2M0YzAiOnsiY3JlYXRlIjo2MDAwMDAwMDAwMDAsImRlbGV0ZSI6NjAwMDAwMDAwMDAwfX0="
        }
      ]
    },
    {
      "module": "module.admin",
      "mode": "managed",
      "type": "openstack_networking_quota_v2",
      "name": "quota_1",
      "provider": "provider[\"registry.terraform.io/terraform-provider-openstack/openstack\"]",
      "instances": [
        {
          "schema_version": 0,
          "attributes": {
            "floatingip": 20,
            "id": "b5fde25bcaf6499497bc5dc707eb7d1c/MIEM",
            "network": 10,
            "port": 100,
            "project_id": "b5fde25bcaf6499497bc5dc707eb7d1c",
            "rbac_policy": 10,
            "region": "MIEM",
            "router": 10,
            "security_group": 20,
            "security_group_rule": 200,
            "subnet": 20,
            "subnetpool": 10,
            "timeouts": null
          },
          "sensitive_attributes": [],
          "private": "eyJlMmJmYjczMC1lY2FhLTExZTYtOGY4OC0zNDM2M2JjN2M0YzAiOnsiY3JlYXRlIjo2MDAwMDAwMDAwMDAsImRlbGV0ZSI6NjAwMDAwMDAwMDAwLCJ1cGRhdGUiOjYwMDAwMDAwMDAwMH19",
          "dependencies": [
            "module.admin.data.openstack_identity_auth_scope_v3.current"
          ]
        }
      ]
    },
    {
      "module": "module.admin",
      "mode": "managed",
      "type": "openstack_networking_secgroup_rule_v2",
      "name": "icmp",
      "provider": "provider[\"registry.terraform.io/terraform-provider-openstack/openstack\"]",
      "instances": [
        {
          "schema_version": 0,
          "attributes": {
            "description": "",
            "direction": "ingress",
            "ethertype": "IPv4",
            "id": "015fd1f3-fe7c-4df4-96a0-1d4c88b679a6",
            "port_range_max": 0,
            "port_range_min": 0,
            "protocol": "icmp",
            "region": "MIEM",
            "remote_group_id": "",
            "remote_ip_prefix": "0.0.0.0/0",
            "security_group_id": "d6e98ea0-bb88-4a31-a2fb-27acae8f8f07",
            "tenant_id": "b5fde25bcaf6499497bc5dc707eb7d1c",
            "timeouts": null
          },
          "sensitive_attributes": [],
          "private": "eyJlMmJmYjczMC1lY2FhLTExZTYtOGY4OC0zNDM2M2JjN2M0YzAiOnsiZGVsZXRlIjo2MDAwMDAwMDAwMDB9fQ==",
          "dependencies": [
            "module.admin.data.openstack_identity_auth_scope_v3.current",
            "module.admin.data.openstack_networking_secgroup_v2.default"
          ]
        }
      ]
    },
    {
      "module": "module.admin",
      "mode": "managed",
      "type": "openstack_networking_secgroup_rule_v2",
      "name": "ssh",
      "provider": "provider[\"registry.terraform.io/terraform-provider-openstack/openstack\"]",
      "instances": [
        {
          "schema_version": 0,
          "attributes": {
            "description": "",
            "direction": "ingress",
            "ethertype": "IPv4",
            "id": "6cdb212e-0ba6-480b-aa98-fea14bb02fd7",
            "port_range_max": 22,
            "port_range_min": 22,
            "protocol": "tcp",
            "region": "MIEM",
            "remote_group_id": "",
            "remote_ip_prefix": "0.0.0.0/0",
            "security_group_id": "d6e98ea0-bb88-4a31-a2fb-27acae8f8f07",
            "tenant_id": "b5fde25bcaf6499497bc5dc707eb7d1c",
            "timeouts": null
          },
          "sensitive_attributes": [],
          "private": "eyJlMmJmYjczMC1lY2FhLTExZTYtOGY4OC0zNDM2M2JjN2M0YzAiOnsiZGVsZXRlIjo2MDAwMDAwMDAwMDB9fQ==",
          "dependencies": [
            "module.admin.data.openstack_identity_auth_scope_v3.current",
            "module.admin.data.openstack_networking_secgroup_v2.default"
          ]
        }
      ]
    },
    {
      "module": "module.admin",
      "mode": "managed",
      "type": "openstack_networking_subnet_v2",
      "name": "public",
      "provider": "provider[\"registry.terraform.io/terraform-provider-openstack/openstack\"]",
      "instances": [
        {
          "schema_version": 0,
          "attributes": {
            "all_tags": [],
            "allocation_pool": [
              {
                "end": "172.18.219.200",
                "start": "172.18.218.51"
              }
            ],
            "allocation_pools": [
              {
                "end": "172.18.219.200",
                "start": "172.18.218.51"
              }
            ],
            "cidr": "172.18.218.0/23",
            "description": "Public Subnet",
            "dns_nameservers": [
              "172.18.218.200"
            ],
            "enable_dhcp": true,
            "gateway_ip": "172.18.218.1",
            "host_routes": [],
            "id": "c2bf9d44-b2f5-4c10-96ef-08ca16996219",
            "ip_version": 4,
            "ipv6_address_mode": "",
            "ipv6_ra_mode": "",
            "name": "public-subnet",
            "network_id": "4d942526-390d-40a1-8bd3-934405fd4281",
            "no_gateway": false,
            "prefix_length": null,
            "region": "MIEM",
            "service_types": [],
            "subnetpool_id": "",
            "tags": [],
            "tenant_id": "b5fde25bcaf6499497bc5dc707eb7d1c",
            "timeouts": null,
            "value_specs": null
          },
          "sensitive_attributes": [],
          "private": "eyJlMmJmYjczMC1lY2FhLTExZTYtOGY4OC0zNDM2M2JjN2M0YzAiOnsiY3JlYXRlIjo2MDAwMDAwMDAwMDAsImRlbGV0ZSI6NjAwMDAwMDAwMDAwfX0=",
          "dependencies": [
            "module.admin.openstack_networking_network_v2.public"
          ]
        }
      ]
    },
    {
      "module": "module.dnosha",
      "mode": "managed",
      "type": "openstack_compute_instance_v2",
      "name": "instance",
      "provider": "provider[\"registry.terraform.io/terraform-provider-openstack/openstack\"]",
      "instances": [
        {
          "index_key": 0,
          "schema_version": 0,
          "attributes": {
            "access_ip_v4": "10.0.0.11",
            "access_ip_v6": "",
            "admin_pass": null,
            "all_metadata": {},
            "all_tags": [],
            "availability_zone": "nova",
            "availability_zone_hints": null,
            "block_device": [],
            "config_drive": null,
            "created": "2023-10-14 23:50:24 +0000 UTC",
            "flavor_id": "0",
            "flavor_name": "m2s.micro",
            "floating_ip": null,
            "force_delete": false,
            "id": "32e1f51a-98df-4890-9de4-7c406fa3fa91",
            "image_id": "95902ff0-3c07-4060-8083-8c489753c322",
            "image_name": "Ubuntu 22.04.3 LTS",
            "key_pair": "admins",
            "metadata": null,
            "name": "DNoS-HA-1",
            "network": [
              {
                "access_network": false,
                "fixed_ip_v4": "10.0.0.11",
                "fixed_ip_v6": "",
                "floating_ip": "",
                "mac": "fa:16:3e:c1:6b:51",
                "name": "DNoS-HA",
                "port": "",
                "uuid": "e1eeb774-5075-45db-9df5-a52a47cc4a91"
              }
            ],
            "network_mode": null,
            "personality": [],
            "power_state": "active",
            "region": "MIEM",
            "scheduler_hints": [
              {
                "additional_properties": {},
                "build_near_host_ip": "",
                "different_cell": [],
                "different_host": [],
                "group": "db6ec9f2-073f-4007-814d-c7b6a32a0437",
                "query": [],
                "same_host": [],
                "target_cell": ""
              }
            ],
            "security_groups": [
              "DNoS-HA"
            ],
            "stop_before_destroy": false,
            "tags": [],
            "timeouts": null,
            "updated": "2023-10-14 23:50:36 +0000 UTC",
            "user_data": "67414b7b1357e54f223d3cfa00f62fd720a65672",
            "vendor_options": [],
            "volume": []
          },
          "sensitive_attributes": [],
          "private": "eyJlMmJmYjczMC1lY2FhLTExZTYtOGY4OC0zNDM2M2JjN2M0YzAiOnsiY3JlYXRlIjoxODAwMDAwMDAwMDAwLCJkZWxldGUiOjE4MDAwMDAwMDAwMDAsInVwZGF0ZSI6MTgwMDAwMDAwMDAwMH19",
          "dependencies": [
            "module.admin.openstack_images_image_v2.image",
            "module.dnosha.openstack_compute_servergroup_v2.servergroup",
            "module.dnosha.openstack_networking_network_v2.network",
            "module.dnosha.openstack_networking_secgroup_v2.secgroup",
            "module.dnosha.openstack_networking_subnet_v2.subnet"
          ]
        },
        {
          "index_key": 1,
          "schema_version": 0,
          "attributes": {
            "access_ip_v4": "10.0.0.12",
            "access_ip_v6": "",
            "admin_pass": null,
            "all_metadata": {},
            "all_tags": [],
            "availability_zone": "nova",
            "availability_zone_hints": null,
            "block_device": [],
            "config_drive": null,
            "created": "2023-10-14 23:50:24 +0000 UTC",
            "flavor_id": "0",
            "flavor_name": "m2s.micro",
            "floating_ip": null,
            "force_delete": false,
            "id": "ec25f833-175d-4007-b461-03e5134f2b03",
            "image_id": "95902ff0-3c07-4060-8083-8c489753c322",
            "image_name": "Ubuntu 22.04.3 LTS",
            "key_pair": "admins",
            "metadata": null,
            "name": "DNoS-HA-2",
            "network": [
              {
                "access_network": false,
                "fixed_ip_v4": "10.0.0.12",
                "fixed_ip_v6": "",
                "floating_ip": "",
                "mac": "fa:16:3e:4b:3b:0d",
                "name": "DNoS-HA",
                "port": "",
                "uuid": "e1eeb774-5075-45db-9df5-a52a47cc4a91"
              }
            ],
            "network_mode": null,
            "personality": [],
            "power_state": "active",
            "region": "MIEM",
            "scheduler_hints": [
              {
                "additional_properties": {},
                "build_near_host_ip": "",
                "different_cell": [],
                "different_host": [],
                "group": "db6ec9f2-073f-4007-814d-c7b6a32a0437",
                "query": [],
                "same_host": [],
                "target_cell": ""
              }
            ],
            "security_groups": [
              "DNoS-HA"
            ],
            "stop_before_destroy": false,
            "tags": [],
            "timeouts": null,
            "updated": "2023-10-14 23:50:30 +0000 UTC",
            "user_data": "67414b7b1357e54f223d3cfa00f62fd720a65672",
            "vendor_options": [],
            "volume": []
          },
          "sensitive_attributes": [],
          "private": "eyJlMmJmYjczMC1lY2FhLTExZTYtOGY4OC0zNDM2M2JjN2M0YzAiOnsiY3JlYXRlIjoxODAwMDAwMDAwMDAwLCJkZWxldGUiOjE4MDAwMDAwMDAwMDAsInVwZGF0ZSI6MTgwMDAwMDAwMDAwMH19",
          "dependencies": [
            "module.admin.openstack_images_image_v2.image",
            "module.dnosha.openstack_compute_servergroup_v2.servergroup",
            "module.dnosha.openstack_networking_network_v2.network",
            "module.dnosha.openstack_networking_secgroup_v2.secgroup",
            "module.dnosha.openstack_networking_subnet_v2.subnet"
          ]
        },
        {
          "index_key": 2,
          "schema_version": 0,
          "attributes": {
            "access_ip_v4": "10.0.0.13",
            "access_ip_v6": "",
            "admin_pass": null,
            "all_metadata": {},
            "all_tags": [],
            "availability_zone": "nova",
            "availability_zone_hints": null,
            "block_device": [],
            "config_drive": null,
            "created": "2023-10-14 23:50:24 +0000 UTC",
            "flavor_id": "0",
            "flavor_name": "m2s.micro",
            "floating_ip": null,
            "force_delete": false,
            "id": "43bea523-2f3a-4311-b50d-f1f5fa9ff00d",
            "image_id": "95902ff0-3c07-4060-8083-8c489753c322",
            "image_name": "Ubuntu 22.04.3 LTS",
            "key_pair": "admins",
            "metadata": null,
            "name": "DNoS-HA-3",
            "network": [
              {
                "access_network": false,
                "fixed_ip_v4": "10.0.0.13",
                "fixed_ip_v6": "",
                "floating_ip": "",
                "mac": "fa:16:3e:4e:83:70",
                "name": "DNoS-HA",
                "port": "",
                "uuid": "e1eeb774-5075-45db-9df5-a52a47cc4a91"
              }
            ],
            "network_mode": null,
            "personality": [],
            "power_state": "active",
            "region": "MIEM",
            "scheduler_hints": [
              {
                "additional_properties": {},
                "build_near_host_ip": "",
                "different_cell": [],
                "different_host": [],
                "group": "db6ec9f2-073f-4007-814d-c7b6a32a0437",
                "query": [],
                "same_host": [],
                "target_cell": ""
              }
            ],
            "security_groups": [
              "DNoS-HA"
            ],
            "stop_before_destroy": false,
            "tags": [],
            "timeouts": null,
            "updated": "2023-10-14 23:50:34 +0000 UTC",
            "user_data": "67414b7b1357e54f223d3cfa00f62fd720a65672",
            "vendor_options": [],
            "volume": []
          },
          "sensitive_attributes": [],
          "private": "eyJlMmJmYjczMC1lY2FhLTExZTYtOGY4OC0zNDM2M2JjN2M0YzAiOnsiY3JlYXRlIjoxODAwMDAwMDAwMDAwLCJkZWxldGUiOjE4MDAwMDAwMDAwMDAsInVwZGF0ZSI6MTgwMDAwMDAwMDAwMH19",
          "dependencies": [
            "module.admin.openstack_images_image_v2.image",
            "module.dnosha.openstack_compute_servergroup_v2.servergroup",
            "module.dnosha.openstack_networking_network_v2.network",
            "module.dnosha.openstack_networking_secgroup_v2.secgroup",
            "module.dnosha.openstack_networking_subnet_v2.subnet"
          ]
        }
      ]
    },
    {
      "module": "module.dnosha",
      "mode": "managed",
      "type": "openstack_compute_servergroup_v2",
      "name": "servergroup",
      "provider": "provider[\"registry.terraform.io/terraform-provider-openstack/openstack\"]",
      "instances": [
        {
          "schema_version": 0,
          "attributes": {
            "id": "db6ec9f2-073f-4007-814d-c7b6a32a0437",
            "members": [
              "32e1f51a-98df-4890-9de4-7c406fa3fa91",
              "ec25f833-175d-4007-b461-03e5134f2b03",
              "43bea523-2f3a-4311-b50d-f1f5fa9ff00d"
            ],
            "name": "DNoS-HA",
            "policies": [
              "anti-affinity"
            ],
            "region": "MIEM",
            "rules": [
              {
                "max_server_per_host": 0
              }
            ],
            "value_specs": null
          },
          "sensitive_attributes": [],
          "private": "bnVsbA=="
        }
      ]
    },
    {
      "module": "module.dnosha",
      "mode": "managed",
      "type": "openstack_lb_listener_v2",
      "name": "lb",
      "provider": "provider[\"registry.terraform.io/terraform-provider-openstack/openstack\"]",
      "instances": [
        {
          "schema_version": 0,
          "attributes": {
            "admin_state_up": true,
            "allowed_cidrs": [],
            "connection_limit": -1,
            "default_pool_id": "de71c58e-b118-4b14-9b27-eb02901e611c",
            "default_tls_container_ref": "",
            "description": "",
            "id": "397ff5ca-a485-45e8-8629-e8925d99f7bc",
            "insert_headers": {},
            "loadbalancer_id": "47f6c85c-72ad-4883-99ee-5d7e10675125",
            "name": "DNoS-HA",
            "protocol": "UDP",
            "protocol_port": 53,
            "region": "MIEM",
            "sni_container_refs": [],
            "tags": [],
            "tenant_id": "b5fde25bcaf6499497bc5dc707eb7d1c",
            "timeout_client_data": 50000,
            "timeout_member_connect": 5000,
            "timeout_member_data": 50000,
            "timeout_tcp_inspect": 0,
            "timeouts": null
          },
          "sensitive_attributes": [],
          "private": "eyJlMmJmYjczMC1lY2FhLTExZTYtOGY4OC0zNDM2M2JjN2M0YzAiOnsiY3JlYXRlIjo2MDAwMDAwMDAwMDAsImRlbGV0ZSI6NjAwMDAwMDAwMDAwLCJ1cGRhdGUiOjYwMDAwMDAwMDAwMH19",
          "dependencies": [
            "module.admin.openstack_images_image_v2.image",
            "module.dnosha.openstack_compute_instance_v2.instance",
            "module.dnosha.openstack_compute_servergroup_v2.servergroup",
            "module.dnosha.openstack_lb_loadbalancer_v2.lb",
            "module.dnosha.openstack_networking_network_v2.network",
            "module.dnosha.openstack_networking_secgroup_v2.secgroup",
            "module.dnosha.openstack_networking_subnet_v2.subnet"
          ]
        }
      ]
    },
    {
      "module": "module.dnosha",
      "mode": "managed",
      "type": "openstack_lb_loadbalancer_v2",
      "name": "lb",
      "provider": "provider[\"registry.terraform.io/terraform-provider-openstack/openstack\"]",
      "instances": [
        {
          "schema_version": 0,
          "attributes": {
            "admin_state_up": true,
            "availability_zone": "",
            "description": "",
            "flavor_id": "",
            "id": "47f6c85c-72ad-4883-99ee-5d7e10675125",
            "loadbalancer_provider": "ovn",
            "name": "DNoS-HA",
            "region": "MIEM",
            "security_group_ids": [
              "d6e98ea0-bb88-4a31-a2fb-27acae8f8f07"
            ],
            "tags": [],
            "tenant_id": "b5fde25bcaf6499497bc5dc707eb7d1c",
            "timeouts": null,
            "vip_address": "10.0.0.203",
            "vip_network_id": "e1eeb774-5075-45db-9df5-a52a47cc4a91",
            "vip_port_id": "e6b69596-d4d3-4311-8cc2-6da62f871d36",
            "vip_subnet_id": "4c59aabf-1c80-4640-a82d-39f6c41bd317"
          },
          "sensitive_attributes": [],
          "private": "eyJlMmJmYjczMC1lY2FhLTExZTYtOGY4OC0zNDM2M2JjN2M0YzAiOnsiY3JlYXRlIjo2MDAwMDAwMDAwMDAsImRlbGV0ZSI6MzAwMDAwMDAwMDAwLCJ1cGRhdGUiOjYwMDAwMDAwMDAwMH19",
          "dependencies": [
            "module.admin.openstack_images_image_v2.image",
            "module.dnosha.openstack_compute_instance_v2.instance",
            "module.dnosha.openstack_compute_servergroup_v2.servergroup",
            "module.dnosha.openstack_networking_network_v2.network",
            "module.dnosha.openstack_networking_secgroup_v2.secgroup",
            "module.dnosha.openstack_networking_subnet_v2.subnet"
          ]
        }
      ]
    },
    {
      "module": "module.dnosha",
      "mode": "managed",
      "type": "openstack_lb_members_v2",
      "name": "lb",
      "provider": "provider[\"registry.terraform.io/terraform-provider-openstack/openstack\"]",
      "instances": [
        {
          "schema_version": 0,
          "attributes": {
            "id": "de71c58e-b118-4b14-9b27-eb02901e611c",
            "member": [
              {
                "address": "10.0.0.11",
                "admin_state_up": true,
                "backup": false,
                "id": "c4f984fd-8fbb-4677-bf76-fde80cedb204",
                "monitor_address": "",
                "monitor_port": 0,
                "name": "",
                "protocol_port": 5353,
                "subnet_id": "",
                "weight": 1
              },
              {
                "address": "10.0.0.12",
                "admin_state_up": true,
                "backup": false,
                "id": "5550d816-dca7-4276-bdd9-4f1e0f359fbf",
                "monitor_address": "",
                "monitor_port": 0,
                "name": "",
                "protocol_port": 5353,
                "subnet_id": "",
                "weight": 1
              },
              {
                "address": "10.0.0.13",
                "admin_state_up": true,
                "backup": false,
                "id": "7138d37f-6b7b-471b-8f30-6c3414c05b3d",
                "monitor_address": "",
                "monitor_port": 0,
                "name": "",
                "protocol_port": 5353,
                "subnet_id": "",
                "weight": 1
              }
            ],
            "pool_id": "de71c58e-b118-4b14-9b27-eb02901e611c",
            "region": "MIEM",
            "timeouts": null
          },
          "sensitive_attributes": [],
          "private": "eyJlMmJmYjczMC1lY2FhLTExZTYtOGY4OC0zNDM2M2JjN2M0YzAiOnsiY3JlYXRlIjo2MDAwMDAwMDAwMDAsImRlbGV0ZSI6NjAwMDAwMDAwMDAwLCJ1cGRhdGUiOjYwMDAwMDAwMDAwMH19",
          "dependencies": [
            "module.admin.openstack_images_image_v2.image",
            "module.dnosha.openstack_compute_instance_v2.instance",
            "module.dnosha.openstack_compute_servergroup_v2.servergroup",
            "module.dnosha.openstack_lb_listener_v2.lb",
            "module.dnosha.openstack_lb_loadbalancer_v2.lb",
            "module.dnosha.openstack_lb_pool_v2.lb",
            "module.dnosha.openstack_networking_network_v2.network",
            "module.dnosha.openstack_networking_secgroup_v2.secgroup",
            "module.dnosha.openstack_networking_subnet_v2.subnet"
          ]
        }
      ]
    },
    {
      "module": "module.dnosha",
      "mode": "managed",
      "type": "openstack_lb_monitor_v2",
      "name": "lb",
      "provider": "provider[\"registry.terraform.io/terraform-provider-openstack/openstack\"]",
      "instances": [
        {
          "schema_version": 0,
          "attributes": {
            "admin_state_up": true,
            "delay": 3,
            "expected_codes": "",
            "http_method": "",
            "id": "727a29d9-d187-4fd4-ac82-bf3b29ef9097",
            "max_retries": 1,
            "max_retries_down": 3,
            "name": "DNoS-HA",
            "pool_id": "de71c58e-b118-4b14-9b27-eb02901e611c",
            "region": "MIEM",
            "tenant_id": "b5fde25bcaf6499497bc5dc707eb7d1c",
            "timeout": 1,
            "timeouts": null,
            "type": "UDP-CONNECT",
            "url_path": ""
          },
          "sensitive_attributes": [],
          "private": "eyJlMmJmYjczMC1lY2FhLTExZTYtOGY4OC0zNDM2M2JjN2M0YzAiOnsiY3JlYXRlIjo2MDAwMDAwMDAwMDAsImRlbGV0ZSI6NjAwMDAwMDAwMDAwLCJ1cGRhdGUiOjYwMDAwMDAwMDAwMH19",
          "dependencies": [
            "module.admin.openstack_images_image_v2.image",
            "module.dnosha.openstack_compute_instance_v2.instance",
            "module.dnosha.openstack_compute_servergroup_v2.servergroup",
            "module.dnosha.openstack_lb_listener_v2.lb",
            "module.dnosha.openstack_lb_loadbalancer_v2.lb",
            "module.dnosha.openstack_lb_pool_v2.lb",
            "module.dnosha.openstack_networking_network_v2.network",
            "module.dnosha.openstack_networking_secgroup_v2.secgroup",
            "module.dnosha.openstack_networking_subnet_v2.subnet"
          ]
        }
      ]
    },
    {
      "module": "module.dnosha",
      "mode": "managed",
      "type": "openstack_lb_pool_v2",
      "name": "lb",
      "provider": "provider[\"registry.terraform.io/terraform-provider-openstack/openstack\"]",
      "instances": [
        {
          "schema_version": 0,
          "attributes": {
            "admin_state_up": true,
            "description": "",
            "id": "de71c58e-b118-4b14-9b27-eb02901e611c",
            "lb_method": "SOURCE_IP_PORT",
            "listener_id": "397ff5ca-a485-45e8-8629-e8925d99f7bc",
            "loadbalancer_id": null,
            "name": "DNoS-HA",
            "persistence": [
              {
                "cookie_name": "",
                "type": ""
              }
            ],
            "protocol": "UDP",
            "region": "MIEM",
            "tenant_id": "b5fde25bcaf6499497bc5dc707eb7d1c",
            "timeouts": null
          },
          "sensitive_attributes": [],
          "private": "eyJlMmJmYjczMC1lY2FhLTExZTYtOGY4OC0zNDM2M2JjN2M0YzAiOnsiY3JlYXRlIjo2MDAwMDAwMDAwMDAsImRlbGV0ZSI6NjAwMDAwMDAwMDAwLCJ1cGRhdGUiOjYwMDAwMDAwMDAwMH19",
          "dependencies": [
            "module.admin.openstack_images_image_v2.image",
            "module.dnosha.openstack_compute_instance_v2.instance",
            "module.dnosha.openstack_compute_servergroup_v2.servergroup",
            "module.dnosha.openstack_lb_listener_v2.lb",
            "module.dnosha.openstack_lb_loadbalancer_v2.lb",
            "module.dnosha.openstack_networking_network_v2.network",
            "module.dnosha.openstack_networking_secgroup_v2.secgroup",
            "module.dnosha.openstack_networking_subnet_v2.subnet"
          ]
        }
      ]
    },
    {
      "module": "module.dnosha",
      "mode": "managed",
      "type": "openstack_networking_floatingip_associate_v2",
      "name": "lb_fip",
      "provider": "provider[\"registry.terraform.io/terraform-provider-openstack/openstack\"]",
      "instances": [
        {
          "schema_version": 0,
          "attributes": {
            "fixed_ip": "10.0.0.203",
            "floating_ip": "172.18.218.200",
            "id": "c01f5799-03f0-417f-925e-685654b47bdc",
            "port_id": "e6b69596-d4d3-4311-8cc2-6da62f871d36",
            "region": "MIEM"
          },
          "sensitive_attributes": [],
          "private": "bnVsbA==",
          "dependencies": [
            "module.admin.openstack_images_image_v2.image",
            "module.admin.openstack_networking_network_v2.public",
            "module.dnosha.openstack_compute_instance_v2.instance",
            "module.dnosha.openstack_compute_servergroup_v2.servergroup",
            "module.dnosha.openstack_lb_loadbalancer_v2.lb",
            "module.dnosha.openstack_networking_floatingip_v2.fip",
            "module.dnosha.openstack_networking_network_v2.network",
            "module.dnosha.openstack_networking_secgroup_v2.secgroup",
            "module.dnosha.openstack_networking_subnet_v2.subnet"
          ]
        }
      ]
    },
    {
      "module": "module.dnosha",
      "mode": "managed",
      "type": "openstack_networking_floatingip_v2",
      "name": "fip",
      "provider": "provider[\"registry.terraform.io/terraform-provider-openstack/openstack\"]",
      "instances": [
        {
          "schema_version": 0,
          "attributes": {
            "address": "172.18.218.200",
            "all_tags": [],
            "description": "DNoS-HA VIP",
            "dns_domain": "",
            "dns_name": "",
            "fixed_ip": "10.0.0.203",
            "id": "c01f5799-03f0-417f-925e-685654b47bdc",
            "pool": "public",
            "port_id": "e6b69596-d4d3-4311-8cc2-6da62f871d36",
            "region": "MIEM",
            "subnet_id": null,
            "subnet_ids": null,
            "tags": [],
            "tenant_id": "b5fde25bcaf6499497bc5dc707eb7d1c",
            "timeouts": null,
            "value_specs": null
          },
          "sensitive_attributes": [],
          "private": "eyJlMmJmYjczMC1lY2FhLTExZTYtOGY4OC0zNDM2M2JjN2M0YzAiOnsiY3JlYXRlIjo2MDAwMDAwMDAwMDAsImRlbGV0ZSI6NjAwMDAwMDAwMDAwfX0=",
          "dependencies": [
            "module.admin.openstack_networking_network_v2.public"
          ]
        }
      ]
    },
    {
      "module": "module.dnosha",
      "mode": "managed",
      "type": "openstack_networking_network_v2",
      "name": "network",
      "provider": "provider[\"registry.terraform.io/terraform-provider-openstack/openstack\"]",
      "instances": [
        {
          "schema_version": 0,
          "attributes": {
            "admin_state_up": true,
            "all_tags": [],
            "availability_zone_hints": [],
            "description": "",
            "dns_domain": "",
            "external": false,
            "id": "e1eeb774-5075-45db-9df5-a52a47cc4a91",
            "mtu": 1442,
            "name": "DNoS-HA",
            "port_security_enabled": true,
            "qos_policy_id": "",
            "region": "MIEM",
            "segments": [
              {
                "network_type": "geneve",
                "physical_network": "",
                "segmentation_id": 1252
              }
            ],
            "shared": false,
            "tags": [],
            "tenant_id": "b5fde25bcaf6499497bc5dc707eb7d1c",
            "timeouts": null,
            "transparent_vlan": false,
            "value_specs": null
          },
          "sensitive_attributes": [],
          "private": "eyJlMmJmYjczMC1lY2FhLTExZTYtOGY4OC0zNDM2M2JjN2M0YzAiOnsiY3JlYXRlIjo2MDAwMDAwMDAwMDAsImRlbGV0ZSI6NjAwMDAwMDAwMDAwfX0="
        }
      ]
    },
    {
      "module": "module.dnosha",
      "mode": "managed",
      "type": "openstack_networking_router_interface_v2",
      "name": "router_interface",
      "provider": "provider[\"registry.terraform.io/terraform-provider-openstack/openstack\"]",
      "instances": [
        {
          "schema_version": 0,
          "attributes": {
            "force_destroy": false,
            "id": "d7bc751d-dfd0-46b0-b909-3ff4bdd9a465",
            "port_id": "d7bc751d-dfd0-46b0-b909-3ff4bdd9a465",
            "region": "MIEM",
            "router_id": "42026f42-3bf8-4b27-accc-7373428f9b6a",
            "subnet_id": "4c59aabf-1c80-4640-a82d-39f6c41bd317",
            "timeouts": null
          },
          "sensitive_attributes": [],
          "private": "eyJlMmJmYjczMC1lY2FhLTExZTYtOGY4OC0zNDM2M2JjN2M0YzAiOnsiY3JlYXRlIjo2MDAwMDAwMDAwMDAsImRlbGV0ZSI6NjAwMDAwMDAwMDAwfX0=",
          "dependencies": [
            "module.admin.openstack_networking_network_v2.public",
            "module.dnosha.openstack_networking_network_v2.network",
            "module.dnosha.openstack_networking_router_v2.router",
            "module.dnosha.openstack_networking_subnet_v2.subnet"
          ]
        }
      ]
    },
    {
      "module": "module.dnosha",
      "mode": "managed",
      "type": "openstack_networking_router_route_v2",
      "name": "router_route",
      "provider": "provider[\"registry.terraform.io/terraform-provider-openstack/openstack\"]",
      "instances": [
        {
          "schema_version": 0,
          "attributes": {
            "destination_cidr": "172.18.217.0/24",
            "id": "42026f42-3bf8-4b27-accc-7373428f9b6a-route-172.18.217.0/24-172.18.218.2",
            "next_hop": "172.18.218.2",
            "region": "MIEM",
            "router_id": "42026f42-3bf8-4b27-accc-7373428f9b6a"
          },
          "sensitive_attributes": [],
          "private": "bnVsbA==",
          "dependencies": [
            "module.admin.openstack_networking_network_v2.public",
            "module.dnosha.openstack_networking_network_v2.network",
            "module.dnosha.openstack_networking_router_interface_v2.router_interface",
            "module.dnosha.openstack_networking_router_v2.router",
            "module.dnosha.openstack_networking_subnet_v2.subnet"
          ]
        }
      ]
    },
    {
      "module": "module.dnosha",
      "mode": "managed",
      "type": "openstack_networking_router_v2",
      "name": "router",
      "provider": "provider[\"registry.terraform.io/terraform-provider-openstack/openstack\"]",
      "instances": [
        {
          "schema_version": 0,
          "attributes": {
            "admin_state_up": true,
            "all_tags": [],
            "availability_zone_hints": [],
            "description": "",
            "distributed": false,
            "enable_snat": true,
            "external_fixed_ip": [
              {
                "ip_address": "172.18.218.160",
                "subnet_id": "c2bf9d44-b2f5-4c10-96ef-08ca16996219"
              }
            ],
            "external_gateway": "4d942526-390d-40a1-8bd3-934405fd4281",
            "external_network_id": "4d942526-390d-40a1-8bd3-934405fd4281",
            "external_subnet_ids": null,
            "id": "42026f42-3bf8-4b27-accc-7373428f9b6a",
            "name": "DNoS-HA",
            "region": "MIEM",
            "tags": [],
            "tenant_id": "b5fde25bcaf6499497bc5dc707eb7d1c",
            "timeouts": null,
            "value_specs": null,
            "vendor_options": []
          },
          "sensitive_attributes": [],
          "private": "eyJlMmJmYjczMC1lY2FhLTExZTYtOGY4OC0zNDM2M2JjN2M0YzAiOnsiY3JlYXRlIjo2MDAwMDAwMDAwMDAsImRlbGV0ZSI6NjAwMDAwMDAwMDAwfX0=",
          "dependencies": [
            "module.admin.openstack_networking_network_v2.public"
          ]
        }
      ]
    },
    {
      "module": "module.dnosha",
      "mode": "managed",
      "type": "openstack_networking_secgroup_rule_v2",
      "name": "dns",
      "provider": "provider[\"registry.terraform.io/terraform-provider-openstack/openstack\"]",
      "instances": [
        {
          "schema_version": 0,
          "attributes": {
            "description": "",
            "direction": "ingress",
            "ethertype": "IPv4",
            "id": "0f1ce1af-975b-4269-a060-07ad1b3f5fc9",
            "port_range_max": 53,
            "port_range_min": 53,
            "protocol": "udp",
            "region": "MIEM",
            "remote_group_id": "",
            "remote_ip_prefix": "0.0.0.0/0",
            "security_group_id": "f6636c9f-2f05-4342-950c-93ecab86db99",
            "tenant_id": "b5fde25bcaf6499497bc5dc707eb7d1c",
            "timeouts": null
          },
          "sensitive_attributes": [],
          "private": "eyJlMmJmYjczMC1lY2FhLTExZTYtOGY4OC0zNDM2M2JjN2M0YzAiOnsiZGVsZXRlIjo2MDAwMDAwMDAwMDB9fQ==",
          "dependencies": [
            "module.dnosha.openstack_networking_secgroup_v2.secgroup"
          ]
        }
      ]
    },
    {
      "module": "module.dnosha",
      "mode": "managed",
      "type": "openstack_networking_secgroup_rule_v2",
      "name": "dns-alt",
      "provider": "provider[\"registry.terraform.io/terraform-provider-openstack/openstack\"]",
      "instances": [
        {
          "schema_version": 0,
          "attributes": {
            "description": "",
            "direction": "ingress",
            "ethertype": "IPv4",
            "id": "ae764591-5c0f-40b5-9dbe-1fbc5d108381",
            "port_range_max": 5353,
            "port_range_min": 5353,
            "protocol": "udp",
            "region": "MIEM",
            "remote_group_id": "",
            "remote_ip_prefix": "0.0.0.0/0",
            "security_group_id": "f6636c9f-2f05-4342-950c-93ecab86db99",
            "tenant_id": "b5fde25bcaf6499497bc5dc707eb7d1c",
            "timeouts": null
          },
          "sensitive_attributes": [],
          "private": "eyJlMmJmYjczMC1lY2FhLTExZTYtOGY4OC0zNDM2M2JjN2M0YzAiOnsiZGVsZXRlIjo2MDAwMDAwMDAwMDB9fQ==",
          "dependencies": [
            "module.dnosha.openstack_networking_secgroup_v2.secgroup"
          ]
        }
      ]
    },
    {
      "module": "module.dnosha",
      "mode": "managed",
      "type": "openstack_networking_secgroup_rule_v2",
      "name": "icmp",
      "provider": "provider[\"registry.terraform.io/terraform-provider-openstack/openstack\"]",
      "instances": [
        {
          "schema_version": 0,
          "attributes": {
            "description": "",
            "direction": "ingress",
            "ethertype": "IPv4",
            "id": "5c727e95-89a4-4b4d-ab9e-386bc3584ff8",
            "port_range_max": 0,
            "port_range_min": 0,
            "protocol": "icmp",
            "region": "MIEM",
            "remote_group_id": "",
            "remote_ip_prefix": "0.0.0.0/0",
            "security_group_id": "f6636c9f-2f05-4342-950c-93ecab86db99",
            "tenant_id": "b5fde25bcaf6499497bc5dc707eb7d1c",
            "timeouts": null
          },
          "sensitive_attributes": [],
          "private": "eyJlMmJmYjczMC1lY2FhLTExZTYtOGY4OC0zNDM2M2JjN2M0YzAiOnsiZGVsZXRlIjo2MDAwMDAwMDAwMDB9fQ==",
          "dependencies": [
            "module.dnosha.openstack_networking_secgroup_v2.secgroup"
          ]
        }
      ]
    },
    {
      "module": "module.dnosha",
      "mode": "managed",
      "type": "openstack_networking_secgroup_rule_v2",
      "name": "ssh",
      "provider": "provider[\"registry.terraform.io/terraform-provider-openstack/openstack\"]",
      "instances": [
        {
          "schema_version": 0,
          "attributes": {
            "description": "",
            "direction": "ingress",
            "ethertype": "IPv4",
            "id": "79f06ee2-94af-4c8d-9980-2adf215ed05a",
            "port_range_max": 22,
            "port_range_min": 22,
            "protocol": "tcp",
            "region": "MIEM",
            "remote_group_id": "",
            "remote_ip_prefix": "0.0.0.0/0",
            "security_group_id": "f6636c9f-2f05-4342-950c-93ecab86db99",
            "tenant_id": "b5fde25bcaf6499497bc5dc707eb7d1c",
            "timeouts": null
          },
          "sensitive_attributes": [],
          "private": "eyJlMmJmYjczMC1lY2FhLTExZTYtOGY4OC0zNDM2M2JjN2M0YzAiOnsiZGVsZXRlIjo2MDAwMDAwMDAwMDB9fQ==",
          "dependencies": [
            "module.dnosha.openstack_networking_secgroup_v2.secgroup"
          ]
        }
      ]
    },
    {
      "module": "module.dnosha",
      "mode": "managed",
      "type": "openstack_networking_secgroup_v2",
      "name": "secgroup",
      "provider": "provider[\"registry.terraform.io/terraform-provider-openstack/openstack\"]",
      "instances": [
        {
          "schema_version": 0,
          "attributes": {
            "all_tags": [],
            "delete_default_rules": null,
            "description": "",
            "id": "f6636c9f-2f05-4342-950c-93ecab86db99",
            "name": "DNoS-HA",
            "region": "MIEM",
            "tags": [],
            "tenant_id": "b5fde25bcaf6499497bc5dc707eb7d1c",
            "timeouts": null
          },
          "sensitive_attributes": [],
          "private": "eyJlMmJmYjczMC1lY2FhLTExZTYtOGY4OC0zNDM2M2JjN2M0YzAiOnsiZGVsZXRlIjo2MDAwMDAwMDAwMDB9fQ=="
        }
      ]
    },
    {
      "module": "module.dnosha",
      "mode": "managed",
      "type": "openstack_networking_subnet_v2",
      "name": "subnet",
      "provider": "provider[\"registry.terraform.io/terraform-provider-openstack/openstack\"]",
      "instances": [
        {
          "schema_version": 0,
          "attributes": {
            "all_tags": [],
            "allocation_pool": [
              {
                "end": "10.0.0.254",
                "start": "10.0.0.2"
              }
            ],
            "allocation_pools": [
              {
                "end": "10.0.0.254",
                "start": "10.0.0.2"
              }
            ],
            "cidr": "10.0.0.0/24",
            "description": "",
            "dns_nameservers": [
              "8.8.8.8"
            ],
            "enable_dhcp": true,
            "gateway_ip": "10.0.0.1",
            "host_routes": [],
            "id": "4c59aabf-1c80-4640-a82d-39f6c41bd317",
            "ip_version": 4,
            "ipv6_address_mode": "",
            "ipv6_ra_mode": "",
            "name": "DNoS-HA",
            "network_id": "e1eeb774-5075-45db-9df5-a52a47cc4a91",
            "no_gateway": false,
            "prefix_length": null,
            "region": "MIEM",
            "service_types": [],
            "subnetpool_id": "",
            "tags": [],
            "tenant_id": "b5fde25bcaf6499497bc5dc707eb7d1c",
            "timeouts": null,
            "value_specs": null
          },
          "sensitive_attributes": [],
          "private": "eyJlMmJmYjczMC1lY2FhLTExZTYtOGY4OC0zNDM2M2JjN2M0YzAiOnsiY3JlYXRlIjo2MDAwMDAwMDAwMDAsImRlbGV0ZSI6NjAwMDAwMDAwMDAwfX0=",
          "dependencies": [
            "module.dnosha.openstack_networking_network_v2.network"
          ]
        }
      ]
    },
    {
      "module": "module.magnum",
      "mode": "managed",
      "type": "openstack_containerinfra_cluster_v1",
      "name": "mekstack",
      "provider": "provider[\"registry.terraform.io/terraform-provider-openstack/openstack\"]",
      "instances": [
        {
          "schema_version": 0,
          "attributes": {
            "api_address": "https://172.18.218.143:6443",
            "cluster_template_id": "f0265755-0986-461b-ab5c-6e3eeda2dc6d",
            "coe_version": "v1.26.8-rancher1",
            "container_version": "1.12.6",
            "create_timeout": 0,
            "created_at": "2023-10-16T17:36:24Z",
            "discovery_url": "https://discovery.etcd.io/1587d8fe9790c7a9ef766db3757f378b",
            "docker_volume_size": 0,
            "fixed_network": "",
            "fixed_subnet": "",
            "flavor": "m2s.large",
            "floating_ip_enabled": false,
            "id": "4af8976d-5016-4963-8596-0f77f223c385",
            "keypair": "kayobe",
            "kubeconfig": {
              "client_certificate": "-----BEGIN CERTIFICATE-----\nMIID2TCCAsGgAwIBAgIRANZOgzA2S0kdix3BzSu0zxkwDQYJKoZIhvcNAQELBQAw\nEzERMA8GA1UEAwwIbWVrc3RhY2swHhcNMjMxMDE1MjA0NzA4WhcNMjgxMDE0MjA0\nNzA4WjA9MRcwFQYDVQQKEw5zeXN0ZW06bWFzdGVyczESMBAGA1UECxMJdGVycmFm\nb3JtMQ4wDAYDVQQDEwVhZG1pbjCCAiIwDQYJKoZIhvcNAQEBBQADggIPADCCAgoC\nggIBAMPAi4AeCcKFcro+FdZIoLBdXnnnZ7U9/xnlSkYZcM+wqlO8lfjqeSl0IUN9\nP/9tpoEHhv2ZR4zb+k3CXRmDGuHRVX/ONIc1VgCoz/zeyCuJEz7D4yv5mJvoY0j8\ncRwAxWbpZrJE3N3eR5+RDDNYpTMarhhhfjK+3AbbyTnmgyr53HSNWOZ5cSr6imb4\nFz6HxJJxtqsc3ts5UzMJXm3VryGAZRQAQsv544/BOGc0c81K8K9R3nimd+BBmvyu\nyFkemZ3T4HsTm9Ka+hKi6H0j9lxuBiLDjc4DidnhgGCySY6FSBiNF4jzakKVtw5i\nHCLkNJCeCtIAr8NTsOrgnglh7DSkj8GOXnmLKcsi1pgbID7eDSYmdX1xZcn9CV53\nO5KqA5UukfCTUAlVQEwStBXtR4T005Ta+Azw8jR6y3QrlF6NIMWZ0cfCEdd6AW8b\nzuPCWwQfe/s15yjPQ76zgEl0iy+hVjftvdzAvsEd2/FCLgBQAF1oq0ZCvGZR7ROL\nMFUwTEB666rYH76birMLAhW37M8cpTdfzTWqoUuvRAk+LMD48Q6eMtdpIvFxqw6I\n9Hd1USiQe5Co9ve2Jvsl3nmPSk6a68HXSrt2FGBdqTQKqODjQcoi1Aleq5OAfoyP\ne+/v7T+Ue4YPsCElDz7tTErAI2LdRqlfx+QhGQsDFGcyhpRLAgMBAAEwDQYJKoZI\nhvcNAQELBQADggEBAEZqPG+bifv5WUjwLr7Q/oEo3eSszeV/2cmvrWfgTBj+s8CR\n5iCu/4yEk0orP3jcFb7/HSIVx8rCKWD9UdBwKKBCpqzi2hSxyjlVKVDCInOaiuGn\nWsTezYpbMYDaIYqxxoLPRwxie2v9G98ROedSRwur1HfT7gumOl+bDWehlzg4Lds6\na82riz87Ts2YwYXfOBCPgdc1HzbV+ShDoE+58+DQAsrVq3YWqlz+Ge1Zh2ww5919\npixay6H5WNOrhDV5dyCrc3XuK93hn6lI+TJ5yK0Qt0s9a5szFbPbLbsHMUY6uo1W\n41qk4QQFp2R55mywonBjzhKmJT8kDY+sjj83hzs=\n-----END CERTIFICATE-----",
              "client_key": "-----BEGIN RSA PRIVATE KEY-----\nMIIJKAIBAAKCAgEAw8CLgB4JwoVyuj4V1kigsF1eeedntT3/GeVKRhlwz7CqU7yV\n+Op5KXQhQ30//22mgQeG/ZlHjNv6TcJdGYMa4dFVf840hzVWAKjP/N7IK4kTPsPj\nK/mYm+hjSPxxHADFZulmskTc3d5Hn5EMM1ilMxquGGF+Mr7cBtvJOeaDKvncdI1Y\n5nlxKvqKZvgXPofEknG2qxze2zlTMwlebdWvIYBlFABCy/njj8E4ZzRzzUrwr1He\neKZ34EGa/K7IWR6ZndPgexOb0pr6EqLofSP2XG4GIsONzgOJ2eGAYLJJjoVIGI0X\niPNqQpW3DmIcIuQ0kJ4K0gCvw1Ow6uCeCWHsNKSPwY5eeYspyyLWmBsgPt4NJiZ1\nfXFlyf0JXnc7kqoDlS6R8JNQCVVATBK0Fe1HhPTTlNr4DPDyNHrLdCuUXo0gxZnR\nx8IR13oBbxvO48JbBB97+zXnKM9DvrOASXSLL6FWN+293MC+wR3b8UIuAFAAXWir\nRkK8ZlHtE4swVTBMQHrrqtgfvpuKswsCFbfszxylN1/NNaqhS69ECT4swPjxDp4y\n12ki8XGrDoj0d3VRKJB7kKj297Ym+yXeeY9KTprrwddKu3YUYF2pNAqo4ONByiLU\nCV6rk4B+jI977+/tP5R7hg+wISUPPu1MSsAjYt1GqV/H5CEZCwMUZzKGlEsCAwEA\nAQKCAgEAmDZQQv8Yd7lszIUaVdWDnZ/8pq3ZZoUep/QzHO8LWXP1/cbWlwc7z5AN\njX0HFoccwZgoz2kwyccDixNncT8Q2Cb+ZLLjBX/jr/+UOvzAiZm87UFElB0xHYpG\nKaqiCTRQSwWSZWxGkf8Vkm4nHoX/bw1/8lVc2/is/mhIwE0OEYzYb4i5Z/1mkhTf\nKdIfwO+xWm4xrDx2zeB1YWoXkzBlTZeZAURyrElTOaT1RsrygN+U576xTv+ily5s\nZa9C+olgyejG1O0abVk0uukR/rzIBHdJLh8BVQBLYLCIMqhvqfLZbL3JXyRnq/7e\nqMCBQGBSv2Ek6Ma/5RJer0SZnpIWKDzm/Lg6KPZe9eOljEwzHpkTczy9atv662Mc\nt6/8/cyT+QWM/kWvtMEvsvDcU78Ivr7okraRtrv54CXRoHp06Q5q2UrcT4tjmtl7\nPpsMGo4SDYuAaP/lMwSlbdFuSc/6QE1RFAV0fKePnzVeeJweDN8aJSH94BXCsw4r\nmTy3dYgeLwWkLfpfT9sUVSu0vmBnM+znMQV9mS8iWnpTmag1e7WE0ZDUQqJ+6lQx\nsblEaiN0rFe85TiFwdA4wU1BNBS3OZEniNO4fe3/vMeHNkp83excX3g14xDdGYGu\nXJrvXv/nF083ASk10bkv0kgjExIsdVLAHD3DY10hylLWhX+IT4ECggEBAN326Wwx\nZbJZJxiYq+ejErzSjXVVSh/xlDFDOPRzKRGuAJKRT5orRGp1+WGlbcLi/zO9PngE\nxSBhFoEbhwanh/DzZV0s69oXU5eSWIUG7oMLV+z904crEJN2xjNPv4suM60kAybZ\n9cYTa3tijQ9afRabrF9zYlC3Eu8gUkCZFkWCbC90vB/KmCCotcjxPCxvj+uYsjKQ\nAtwqF44UeqJLUh1Skr7LqwsfwugpOyZx2kRTqbXtIiBk8QOFRnMIVC5+RYJQ2lSI\n3pJ5FDKosTDr2TlXiL+LMtJfO71Mdw/o5fYD/PUit608ljQcIqAZNz0kANa0zB67\ndtvVXFEzE0Lzba8CggEBAOHEroCVj7Rx5TZkQz2J+nnfygrSrdh1N9C3drU8aELN\n9O7rysFz40uKpNV4uyhmn5jcsvwgThiAQefBGGgX0n5/pJvcv7xRc5UpR9QOBLV7\na20EcSU4GfPSLs0MolrVtWzqQyGsWfAUCAvHhxv3PC94w7PsZ/x0rwLWM8lXalKd\n08sWOJf0U0ct8a8BxMglSvyBzOOzhQxgz4O8wk/typfHR5lyKuLyo98g3JK0l11d\nOarYtxYjne/TXvycG3ZH/DGYw6/C+tZGm012rQowkcj4GeZaJI9aCP/XL7weSDEE\n36Wf8A+1ZZItfKIhf25saqFEjAD9eJngDuHw9Z+cZiUCggEAHs2wUTJ9wYV71n8B\nhFDuPcQem4Ttl4dIIJoKomoE7g4uyChgWq3cfcXHiRSTKfOkpQKDU9adoMO4gsxW\nLcc8J2Uv0QF17btE/4jwve1bVlZRqnMDUwPX9g8KrH5Jv7/2rfWMdmzTHdz+Eo53\nswTEzUlnX4u8viTZ/NOIdqyIGbdi2iciIGtWN1oSeEN6LVSCLZjwSfIQY4t332Da\nMAGx8J3P/ah4IUAUJXHrYod0Wf0eVUAGd2ZqyClLwJUMUbN2ZAJiek7QTJV/BxTA\nGmDwsXODZ8mikO1kdf3RnCSfHUgqZ76crO72jV7GM1+sedCwSRuoJC+x7AotGJu0\n9ZqgwwKCAQB+FVE/DkeLBnBzx9qla4EuvwQetznPQOdC8LKi1HGFnW/EXnqFPysY\n7PzRGvOqxGUtAVQT6hazKC2mN/hhaaxsaOyM/uM1UGe0TbGHg6ytjZeY8nodxw73\nU9I/QWcKQ39mrA2BqLcxlH5J1cxmmdRKzq68tLH+E0wJ0YZqUx9VtD6rlGVWt2Qq\nxEXM7rfu7qTKD9NU9tS+7PH3KFt8N9iEmw4pa9D3nXpXCgslAyXlRkMGXrEg9BMn\n9Gt/t86+Z8U4DZB7f/CF6jihMj3BCw7fpW8RbhYs2KNd/dbywBahCY+8920h2LQ4\nxp5sDTkVegayuY1WoDfR94dYNzF1SerhAoIBAELw4QyW//l7MlV++JuD8XHmLN/O\ngwYaw0b8yYCI9fSZDiqJWNzmHR9fyyawa8pOfpoBclfxduA5L0eicvQgx6Rfrwct\nOif9UzHJ4qwS8n7jpVUQ5TX1ces6CR+h6MQiAwsM7RIMb4XmCkGoBAANgqRDti5H\nRZFaAo/kOaPoXt2t2ayMX89c8AjVQBPT7mbmPXIWySLwbWgbqNL4HgBiNvDV5X0A\ntZTvQ8wQzAbUH1LF7RVbPEMKSyNG0nqjgOE2I4XT8raGBKODYYMzdp/LjljtUCQh\nGzj5WUpTEy44Hgtc5g925xmccHk+6t9WoJQ45IdomPt0HHfuS+PIHepP2vs=\n-----END RSA PRIVATE KEY-----\n",
              "cluster_ca_certificate": "-----BEGIN CERTIFICATE-----\nMIIC1jCCAb6gAwIBAgIQNS4fqMT8TTKN7DR5dieUwDANBgkqhkiG9w0BAQsFADAT\nMREwDwYDVQQDDAhtZWtzdGFjazAeFw0yMzEwMTUyMDM2MjZaFw0yODEwMTQyMDM2\nMjZaMBMxETAPBgNVBAMMCG1la3N0YWNrMIIBIjANBgkqhkiG9w0BAQEFAAOCAQ8A\nMIIBCgKCAQEAxXZhX8G6+YKJApqwAdoCBwIExywREgeqZdnei0XHjSf9WiFCxI2I\nDbxZCTBpFGmIk23//UbR6siB7CGtf1QAlpc5tTVZyrbUjejFWEOOh+Jj3xmpZ+GO\nXrEQlaFiv3Uz0g3a3eOiAf8baKXAqi8qONm5Fn/OzTLiV0iK3kqiTNBMLCPRYERJ\n2qiAf03KBjPGpwIKiwIagKQQeFCUtoFy84IZFqys0n4kzAVyp2M48NkJpKqAApWB\nx/kJbI+vekPuwdO9t7TEBIDDBfnunfa2WgA7Mrqu/iAIX2v77reoZGcR9jWvl76g\njYXRzx7Jyfa4CM74nGLFTs/m7UssilX0dQIDAQABoyYwJDASBgNVHRMBAf8ECDAG\nAQH/AgEAMA4GA1UdDwEB/wQEAwICBDANBgkqhkiG9w0BAQsFAAOCAQEAMLjPF/Xg\n12M6DzWOZdZNRzphPZr0XYCE/a2K4g5kwlndOeEQ9Du1leQH061etSqu0lut7CmU\ni0R5zBx9TnVnHHiuasPnL7nTU/3uiYPP2TtSSJ5rI0Zm4sXE6xfMOGnnx7cQhofB\nO8B8ekviUeWWpsu3Cl+bTxOHEZ5BZfTnbYzGYhWJz3HQwhV6A49AdmoUb1KiU4hB\nJN1NiH/mh1tixdniM/QunEX6S+3dUNXJmUp0YJUTU4H+UGLxFT3MN2i7f0pYc6ep\n20VM6M9+tMyHiOK0A+Fj3v7Ji2BqIgG+4lShSmUiXJxZ0tlDy0qSfAwcJZzRuL4M\nkg45BPch0law2g==\n-----END CERTIFICATE-----",
              "host": "https://172.18.218.143:6443",
              "raw_config": "apiVersion: v1\nkind: Config\nclusters:\n- cluster:\n    certificate-authority-data: LS0tLS1CRUdJTiBDRVJUSUZJQ0FURS0tLS0tCk1JSUMxakNDQWI2Z0F3SUJBZ0lRTlM0ZnFNVDhUVEtON0RSNWRpZVV3REFOQmdrcWhraUc5dzBCQVFzRkFEQVQKTVJFd0R3WURWUVFEREFodFpXdHpkR0ZqYXpBZUZ3MHlNekV3TVRVeU1ETTJNalphRncweU9ERXdNVFF5TURNMgpNalphTUJNeEVUQVBCZ05WQkFNTUNHMWxhM04wWVdOck1JSUJJakFOQmdrcWhraUc5dzBCQVFFRkFBT0NBUThBCk1JSUJDZ0tDQVFFQXhYWmhYOEc2K1lLSkFwcXdBZG9DQndJRXh5d1JFZ2VxWmRuZWkwWEhqU2Y5V2lGQ3hJMkkKRGJ4WkNUQnBGR21JazIzLy9VYlI2c2lCN0NHdGYxUUFscGM1dFRWWnlyYlVqZWpGV0VPT2grSmozeG1wWitHTwpYckVRbGFGaXYzVXowZzNhM2VPaUFmOGJhS1hBcWk4cU9ObTVGbi9PelRMaVYwaUsza3FpVE5CTUxDUFJZRVJKCjJxaUFmMDNLQmpQR3B3SUtpd0lhZ0tRUWVGQ1V0b0Z5ODRJWkZxeXMwbjRrekFWeXAyTTQ4TmtKcEtxQUFwV0IKeC9rSmJJK3Zla1B1d2RPOXQ3VEVCSUREQmZudW5mYTJXZ0E3TXJxdS9pQUlYMnY3N3Jlb1pHY1I5ald2bDc2ZwpqWVhSeng3SnlmYTRDTTc0bkdMRlRzL203VXNzaWxYMGRRSURBUUFCb3lZd0pEQVNCZ05WSFJNQkFmOEVDREFHCkFRSC9BZ0VBTUE0R0ExVWREd0VCL3dRRUF3SUNCREFOQmdrcWhraUc5dzBCQVFzRkFBT0NBUUVBTUxqUEYvWGcKMTJNNkR6V09aZFpOUnpwaFBacjBYWUNFL2EySzRnNWt3bG5kT2VFUTlEdTFsZVFIMDYxZXRTcXUwbHV0N0NtVQppMFI1ekJ4OVRuVm5ISGl1YXNQbkw3blRVLzN1aVlQUDJUdFNTSjVySTBabTRzWEU2eGZNT0dubng3Y1Fob2ZCCk84Qjhla3ZpVWVXV3BzdTNDbCtiVHhPSEVaNUJaZlRuYll6R1loV0p6M0hRd2hWNkE0OUFkbW9VYjFLaVU0aEIKSk4xTmlIL21oMXRpeGRuaU0vUXVuRVg2UyszZFVOWEptVXAwWUpVVFU0SCtVR0x4RlQzTU4yaTdmMHBZYzZlcAoyMFZNNk05K3RNeUhpT0swQStGajN2N0ppMkJxSWdHKzRsU2hTbVVpWEp4WjB0bER5MHFTZkF3Y0paelJ1TDRNCmtnNDVCUGNoMGxhdzJnPT0KLS0tLS1FTkQgQ0VSVElGSUNBVEUtLS0tLQ==\n    server: https://172.18.218.143:6443\n  name: mekstack\ncontexts:\n- context:\n    cluster: mekstack\n    user: mekstack-admin\n  name: mekstack\ncurrent-context: mekstack\nusers:\n- name: mekstack-admin\n  user:\n    client-key-data: LS0tLS1CRUdJTiBSU0EgUFJJVkFURSBLRVktLS0tLQpNSUlKS0FJQkFBS0NBZ0VBdzhDTGdCNEp3b1Z5dWo0VjFraWdzRjFlZWVkbnRUMy9HZVZLUmhsd3o3Q3FVN3lWCitPcDVLWFFoUTMwLy8yMm1nUWVHL1psSGpOdjZUY0pkR1lNYTRkRlZmODQwaHpWV0FLalAvTjdJSzRrVFBzUGoKSy9tWW0raGpTUHh4SEFERlp1bG1za1RjM2Q1SG41RU1NMWlsTXhxdUdHRitNcjdjQnR2Sk9lYURLdm5jZEkxWQo1bmx4S3ZxS1p2Z1hQb2ZFa25HMnF4emUyemxUTXdsZWJkV3ZJWUJsRkFCQ3kvbmpqOEU0WnpSenpVcndyMUhlCmVLWjM0RUdhL0s3SVdSNlpuZFBnZXhPYjBwcjZFcUxvZlNQMlhHNEdJc09OemdPSjJlR0FZTEpKam9WSUdJMFgKaVBOcVFwVzNEbUljSXVRMGtKNEswZ0N2dzFPdzZ1Q2VDV0hzTktTUHdZNWVlWXNweXlMV21Cc2dQdDROSmlaMQpmWEZseWYwSlhuYzdrcW9EbFM2UjhKTlFDVlZBVEJLMEZlMUhoUFRUbE5yNERQRHlOSHJMZEN1VVhvMGd4Wm5SCng4SVIxM29CYnh2TzQ4SmJCQjk3K3pYbktNOUR2ck9BU1hTTEw2RldOKzI5M01DK3dSM2I4VUl1QUZBQVhXaXIKUmtLOFpsSHRFNHN3VlRCTVFIcnJxdGdmdnB1S3N3c0NGYmZzenh5bE4xL05OYXFoUzY5RUNUNHN3UGp4RHA0eQoxMmtpOFhHckRvajBkM1ZSS0pCN2tLajI5N1ltK3lYZWVZOUtUcHJyd2RkS3UzWVVZRjJwTkFxbzRPTkJ5aUxVCkNWNnJrNEIrakk5NzcrL3RQNVI3aGcrd0lTVVBQdTFNU3NBall0MUdxVi9INUNFWkN3TVVaektHbEVzQ0F3RUEKQVFLQ0FnRUFtRFpRUXY4WWQ3bHN6SVVhVmRXRG5aLzhwcTNaWm9VZXAvUXpITzhMV1hQMS9jYldsd2M3ejVBTgpqWDBIRm9jY3daZ296Mmt3eWNjRGl4Tm5jVDhRMkNiK1pMTGpCWC9qci8rVU92ekFpWm04N1VGRWxCMHhIWXBHCkthcWlDVFJRU3dXU1pXeEdrZjhWa200bkhvWC9idzEvOGxWYzIvaXMvbWhJd0UwT0VZelliNGk1Wi8xbWtoVGYKS2RJZndPK3hXbTR4ckR4MnplQjFZV29Ya3pCbFRaZVpBVVJ5ckVsVE9hVDFSc3J5Z04rVTU3NnhUditpbHk1cwpaYTlDK29sZ3llakcxTzBhYlZrMHV1a1IvcnpJQkhkSkxoOEJWUUJMWUxDSU1xaHZxZkxaYkwzSlh5Um5xLzdlCnFNQ0JRR0JTdjJFazZNYS81UkplcjBTWm5wSVdLRHptL0xnNktQWmU5ZU9sakV3ekhwa1Rjenk5YXR2NjYyTWMKdDYvOC9jeVQrUVdNL2tXdnRNRXZzdkRjVTc4SXZyN29rcmFSdHJ2NTRDWFJvSHAwNlE1cTJVcmNUNHRqbXRsNwpQcHNNR280U0RZdUFhUC9sTXdTbGJkRnVTYy82UUUxUkZBVjBmS2VQbnpWZWVKd2VETjhhSlNIOTRCWENzdzRyCm1UeTNkWWdlTHdXa0xmcGZUOXNVVlN1MHZtQm5NK3puTVFWOW1TOGlXbnBUbWFnMWU3V0UwWkRVUXFKKzZsUXgKc2JsRWFpTjByRmU4NVRpRndkQTR3VTFCTkJTM09aRW5pTk80ZmUzL3ZNZUhOa3A4M2V4Y1gzZzE0eERkR1lHdQpYSnJ2WHYvbkYwODNBU2sxMGJrdjBrZ2pFeElzZFZMQUhEM0RZMTBoeWxMV2hYK0lUNEVDZ2dFQkFOMzI2V3d4ClpiSlpKeGlZcStlakVyelNqWFZWU2gveGxERkRPUFJ6S1JHdUFKS1JUNW9yUkdwMStXR2xiY0xpL3pPOVBuZ0UKeFNCaEZvRWJod2FuaC9EelpWMHM2OW9YVTVlU1dJVUc3b01MVit6OTA0Y3JFSk4yeGpOUHY0c3VNNjBrQXliWgo5Y1lUYTN0aWpROWFmUmFickY5ellsQzNFdThnVWtDWkZrV0NiQzkwdkIvS21DQ290Y2p4UEN4dmordVlzaktRCkF0d3FGNDRVZXFKTFVoMVNrcjdMcXdzZnd1Z3BPeVp4MmtSVHFiWHRJaUJrOFFPRlJuTUlWQzUrUllKUTJsU0kKM3BKNUZES29zVERyMlRsWGlMK0xNdEpmTzcxTWR3L281ZllEL1BVaXQ2MDhsalFjSXFBWk56MGtBTmEwekI2NwpkdHZWWEZFekUwTHpiYThDZ2dFQkFPSEVyb0NWajdSeDVUWmtRejJKK25uZnlnclNyZGgxTjlDM2RyVThhRUxOCjlPN3J5c0Z6NDB1S3BOVjR1eWhtbjVqY3N2d2dUaGlBUWVmQkdHZ1gwbjUvcEp2Y3Y3eFJjNVVwUjlRT0JMVjcKYTIwRWNTVTRHZlBTTHMwTW9sclZ0V3pxUXlHc1dmQVVDQXZIaHh2M1BDOTR3N1BzWi94MHJ3TFdNOGxYYWxLZAowOHNXT0pmMFUwY3Q4YThCeE1nbFN2eUJ6T096aFF4Z3o0Tzh3ay90eXBmSFI1bHlLdUx5bzk4ZzNKSzBsMTFkCk9hcll0eFlqbmUvVFh2eWNHM1pIL0RHWXc2L0MrdFpHbTAxMnJRb3drY2o0R2VaYUpJOWFDUC9YTDd3ZVNERUUKMzZXZjhBKzFaWkl0ZktJaGYyNXNhcUZFakFEOWVKbmdEdUh3OVorY1ppVUNnZ0VBSHMyd1VUSjl3WVY3MW44QgpoRkR1UGNRZW00VHRsNGRJSUpvS29tb0U3ZzR1eUNoZ1dxM2NmY1hIaVJTVEtmT2twUUtEVTlhZG9NTzRnc3hXCkxjYzhKMlV2MFFGMTdidEUvNGp3dmUxYlZsWlJxbk1EVXdQWDlnOEtySDVKdjcvMnJmV01kbXpUSGR6K0VvNTMKc3dURXpVbG5YNHU4dmlUWi9OT0lkcXlJR2JkaTJpY2lJR3RXTjFvU2VFTjZMVlNDTFpqd1NmSVFZNHQzMzJEYQpNQUd4OEozUC9haDRJVUFVSlhIcllvZDBXZjBlVlVBR2QyWnF5Q2xMd0pVTVViTjJaQUppZWs3UVRKVi9CeFRBCkdtRHdzWE9EWjhtaWtPMWtkZjNSbkNTZkhVZ3FaNzZjck83MmpWN0dNMStzZWRDd1NSdW9KQyt4N0FvdEdKdTAKOVpxZ3d3S0NBUUIrRlZFL0RrZUxCbkJ6eDlxbGE0RXV2d1FldHpuUFFPZEM4TEtpMUhHRm5XL0VYbnFGUHlzWQo3UHpSR3ZPcXhHVXRBVlFUNmhhektDMm1OL2hoYWF4c2FPeU0vdU0xVUdlMFRiR0hnNnl0alplWThub2R4dzczClU5SS9RV2NLUTM5bXJBMkJxTGN4bEg1SjFjeG1tZFJLenE2OHRMSCtFMHdKMFlacVV4OVZ0RDZybEdWV3QyUXEKeEVYTTdyZnU3cVRLRDlOVTl0Uys3UEgzS0Z0OE45aUVtdzRwYTlEM25YcFhDZ3NsQXlYbFJrTUdYckVnOUJNbgo5R3QvdDg2K1o4VTREWkI3Zi9DRjZqaWhNajNCQ3c3ZnBXOFJiaFlzMktOZC9kYnl3QmFoQ1krODkyMGgyTFE0CnhwNXNEVGtWZWdheXVZMVdvRGZSOTRkWU56RjFTZXJoQW9JQkFFTHc0UXlXLy9sN01sVisrSnVEOFhIbUxOL08KZ3dZYXcwYjh5WUNJOWZTWkRpcUpXTnptSFI5Znl5YXdhOHBPZnBvQmNsZnhkdUE1TDBlaWN2UWd4NlJmcndjdApPaWY5VXpISjRxd1M4bjdqcFZVUTVUWDFjZXM2Q1IraDZNUWlBd3NNN1JJTWI0WG1Da0dvQkFBTmdxUkR0aTVIClJaRmFBby9rT2FQb1h0MnQyYXlNWDg5YzhBalZRQlBUN21ibVBYSVd5U0x3YldnYnFOTDRIZ0JpTnZEVjVYMEEKdFpUdlE4d1F6QWJVSDFMRjdSVmJQRU1LU3lORzBucWpnT0UySTRYVDhyYUdCS09EWVlNemRwL0xqbGp0VUNRaApHemo1V1VwVEV5NDRIZ3RjNWc5MjV4bWNjSGsrNnQ5V29KUTQ1SWRvbVB0MEhIZnVTK1BJSGVwUDJ2cz0KLS0tLS1FTkQgUlNBIFBSSVZBVEUgS0VZLS0tLS0K\n    client-certificate-data: LS0tLS1CRUdJTiBDRVJUSUZJQ0FURS0tLS0tCk1JSUQyVENDQXNHZ0F3SUJBZ0lSQU5aT2d6QTJTMGtkaXgzQnpTdTB6eGt3RFFZSktvWklodmNOQVFFTEJRQXcKRXpFUk1BOEdBMVVFQXd3SWJXVnJjM1JoWTJzd0hoY05Nak14TURFMU1qQTBOekE0V2hjTk1qZ3hNREUwTWpBMApOekE0V2pBOU1SY3dGUVlEVlFRS0V3NXplWE4wWlcwNmJXRnpkR1Z5Y3pFU01CQUdBMVVFQ3hNSmRHVnljbUZtCmIzSnRNUTR3REFZRFZRUURFd1ZoWkcxcGJqQ0NBaUl3RFFZSktvWklodmNOQVFFQkJRQURnZ0lQQURDQ0Fnb0MKZ2dJQkFNUEFpNEFlQ2NLRmNybytGZFpJb0xCZFhubm5aN1U5L3hubFNrWVpjTSt3cWxPOGxmanFlU2wwSVVOOQpQLzl0cG9FSGh2MlpSNHpiK2szQ1hSbURHdUhSVlgvT05JYzFWZ0Nvei96ZXlDdUpFejdENHl2NW1Kdm9ZMGo4CmNSd0F4V2JwWnJKRTNOM2VSNStSREROWXBUTWFyaGhoZmpLKzNBYmJ5VG5tZ3lyNTNIU05XT1o1Y1NyNmltYjQKRno2SHhKSnh0cXNjM3RzNVV6TUpYbTNWcnlHQVpSUUFRc3Y1NDQvQk9HYzBjODFLOEs5UjNuaW1kK0JCbXZ5dQp5RmtlbVozVDRIc1RtOUthK2hLaTZIMGo5bHh1QmlMRGpjNERpZG5oZ0dDeVNZNkZTQmlORjRqemFrS1Z0dzVpCkhDTGtOSkNlQ3RJQXI4TlRzT3JnbmdsaDdEU2tqOEdPWG5tTEtjc2kxcGdiSUQ3ZURTWW1kWDF4WmNuOUNWNTMKTzVLcUE1VXVrZkNUVUFsVlFFd1N0Qlh0UjRUMDA1VGErQXp3OGpSNnkzUXJsRjZOSU1XWjBjZkNFZGQ2QVc4Ygp6dVBDV3dRZmUvczE1eWpQUTc2emdFbDBpeStoVmpmdHZkekF2c0VkMi9GQ0xnQlFBRjFvcTBaQ3ZHWlI3Uk9MCk1GVXdURUI2NjZyWUg3NmJpck1MQWhXMzdNOGNwVGRmelRXcW9VdXZSQWsrTE1ENDhRNmVNdGRwSXZGeHF3NkkKOUhkMVVTaVFlNUNvOXZlMkp2c2wzbm1QU2s2YTY4SFhTcnQyRkdCZHFUUUtxT0RqUWNvaTFBbGVxNU9BZm95UAplKy92N1QrVWU0WVBzQ0VsRHo3dFRFckFJMkxkUnFsZngrUWhHUXNERkdjeWhwUkxBZ01CQUFFd0RRWUpLb1pJCmh2Y05BUUVMQlFBRGdnRUJBRVpxUEcrYmlmdjVXVWp3THI3US9vRW8zZVNzemVWLzJjbXZyV2ZnVEJqK3M4Q1IKNWlDdS80eUVrMG9yUDNqY0ZiNy9IU0lWeDhyQ0tXRDlVZEJ3S0tCQ3BxemkyaFN4eWpsVktWRENJbk9haXVHbgpXc1RlellwYk1ZRGFJWXF4eG9MUFJ3eGllMnY5Rzk4Uk9lZFNSd3VyMUhmVDdndW1PbCtiRFdlaGx6ZzRMZHM2CmE4MnJpejg3VHMyWXdZWGZPQkNQZ2RjMUh6YlYrU2hEb0UrNTgrRFFBc3JWcTNZV3FseitHZTFaaDJ3dzU5MTkKcGl4YXk2SDVXTk9yaERWNWR5Q3JjM1h1SzkzaG42bEkrVEo1eUswUXQwczlhNXN6RmJQYkxic0hNVVk2dW8xVwo0MXFrNFFRRnAyUjU1bXl3b25CanpoS21KVDhrRFkrc2pqODNoenM9Ci0tLS0tRU5EIENFUlRJRklDQVRFLS0tLS0=\n"
            },
            "labels": {
              "autoscaler_tag": "v1.26.3",
              "calico_tag": "v3.21.2",
              "cinder_csi_enabled": "true",
              "cinder_csi_plugin_tag": "v1.26.3",
              "cloud_provider_tag": "v1.26.3",
              "container_runtime": "containerd",
              "containerd_tarball_sha256": "1d86b534c7bba51b78a7eeb1b67dd2ac6c0edeb01c034cc5f590d5ccd824b416",
              "containerd_version": "1.6.20",
              "coredns_tag": "1.11.1",
              "csi_attacher_tag": "v4.2.0",
              "csi_node_driver_registrar_tag": "v2.8.0",
              "csi_provisioner_tag": "v3.4.1",
              "csi_resizer_tag": "v1.7.0",
              "csi_snapshotter_tag": "v6.2.1",
              "ingress_controller": "octavia",
              "k8s_keystone_auth_tag": "v1.26.3",
              "kube_dashboard_enabled": "false",
              "kube_tag": "v1.26.8-rancher1",
              "kubecontroller_options": "--secure-port=10257",
              "kubelet_options": "--allowed-unsafe-sysctls net.ipv4.ip_forward",
              "master_lb_floating_ip_enabled": "true",
              "octavia_ingress_controller_tag": "v1.26.3",
              "octavia_lb_algorithm": "SOURCE_IP_PORT",
              "octavia_provider": "ovn",
              "prometheus_adapter_enabled": "false",
              "selinux_mode": "permissive"
            },
            "master_addresses": [
              "10.0.0.150",
              "10.0.0.160",
              "10.0.0.128"
            ],
            "master_count": 3,
            "master_flavor": "m2s.large",
            "merge_labels": null,
            "name": "mekstack",
            "node_addresses": [
              "10.0.0.210",
              "10.0.0.81",
              "10.0.0.199"
            ],
            "node_count": 3,
            "project_id": "b5fde25bcaf6499497bc5dc707eb7d1c",
            "region": "MIEM",
            "stack_id": "5b570646-4ff8-4ee5-b554-6a63170010df",
            "timeouts": null,
            "updated_at": "2023-10-16T17:46:58Z",
            "user_id": "dc11a79816904e1dbfb5e719068f5820"
          },
          "sensitive_attributes": [],
          "private": "eyJlMmJmYjczMC1lY2FhLTExZTYtOGY4OC0zNDM2M2JjN2M0YzAiOnsiY3JlYXRlIjozNjAwMDAwMDAwMDAwLCJkZWxldGUiOjE4MDAwMDAwMDAwMDAsInVwZGF0ZSI6MTgwMDAwMDAwMDAwMH19",
          "dependencies": [
            "module.admin.data.openstack_identity_auth_scope_v3.current",
            "module.admin.data.openstack_identity_role_v3.member",
            "module.admin.data.openstack_networking_secgroup_v2.default",
            "module.admin.openstack_blockstorage_quotaset_v3.admin",
            "module.admin.openstack_compute_flavor_v2.m2s",
            "module.admin.openstack_compute_keypair_v2.admins",
            "module.admin.openstack_compute_keypair_v2.kayobe",
            "module.admin.openstack_compute_quotaset_v2.admin",
            "module.admin.openstack_dns_recordset_v2.api",
            "module.admin.openstack_dns_recordset_v2.grafana",
            "module.admin.openstack_dns_recordset_v2.horiozn",
            "module.admin.openstack_dns_recordset_v2.hse_docs",
            "module.admin.openstack_dns_recordset_v2.services",
            "module.admin.openstack_dns_zone_v2.hse_zone",
            "module.admin.openstack_dns_zone_v2.instances_zone",
            "module.admin.openstack_dns_zone_v2.mekstack_zone",
            "module.admin.openstack_identity_project_v3.mekstack",
            "module.admin.openstack_identity_role_assignment_v3.role_assignment_1",
            "module.admin.openstack_identity_user_v3.imagebuilder",
            "module.admin.openstack_images_image_v2.image",
            "module.admin.openstack_networking_network_v2.public",
            "module.admin.openstack_networking_quota_v2.quota_1",
            "module.admin.openstack_networking_secgroup_rule_v2.icmp",
            "module.admin.openstack_networking_secgroup_rule_v2.ssh",
            "module.admin.openstack_networking_subnet_v2.public",
            "module.dnosha.openstack_compute_instance_v2.instance",
            "module.dnosha.openstack_compute_servergroup_v2.servergroup",
            "module.dnosha.openstack_lb_listener_v2.lb",
            "module.dnosha.openstack_lb_loadbalancer_v2.lb",
            "module.dnosha.openstack_lb_members_v2.lb",
            "module.dnosha.openstack_lb_monitor_v2.lb",
            "module.dnosha.openstack_lb_pool_v2.lb",
            "module.dnosha.openstack_networking_floatingip_associate_v2.lb_fip",
            "module.dnosha.openstack_networking_floatingip_v2.fip",
            "module.dnosha.openstack_networking_network_v2.network",
            "module.dnosha.openstack_networking_router_interface_v2.router_interface",
            "module.dnosha.openstack_networking_router_route_v2.router_route",
            "module.dnosha.openstack_networking_router_v2.router",
            "module.dnosha.openstack_networking_secgroup_rule_v2.dns",
            "module.dnosha.openstack_networking_secgroup_rule_v2.dns-alt",
            "module.dnosha.openstack_networking_secgroup_rule_v2.icmp",
            "module.dnosha.openstack_networking_secgroup_rule_v2.ssh",
            "module.dnosha.openstack_networking_secgroup_v2.secgroup",
            "module.dnosha.openstack_networking_subnet_v2.subnet",
            "module.magnum.openstack_containerinfra_clustertemplate_v1.k8s",
            "module.sneedaas.openstack_compute_instance_v2.instance",
            "module.sneedaas.openstack_compute_servergroup_v2.servergroup",
            "module.sneedaas.openstack_lb_listener_v2.lb",
            "module.sneedaas.openstack_lb_loadbalancer_v2.lb",
            "module.sneedaas.openstack_lb_members_v2.lb",
            "module.sneedaas.openstack_lb_monitor_v2.lb",
            "module.sneedaas.openstack_lb_pool_v2.lb",
            "module.sneedaas.openstack_networking_floatingip_associate_v2.lb_fip",
            "module.sneedaas.openstack_networking_floatingip_v2.fip",
            "module.sneedaas.openstack_networking_network_v2.network",
            "module.sneedaas.openstack_networking_router_interface_v2.router_interface",
            "module.sneedaas.openstack_networking_router_route_v2.router_route",
            "module.sneedaas.openstack_networking_router_v2.router",
            "module.sneedaas.openstack_networking_secgroup_rule_v2.http",
            "module.sneedaas.openstack_networking_secgroup_rule_v2.https",
            "module.sneedaas.openstack_networking_secgroup_rule_v2.icmp",
            "module.sneedaas.openstack_networking_secgroup_rule_v2.ssh",
            "module.sneedaas.openstack_networking_secgroup_v2.secgroup",
            "module.sneedaas.openstack_networking_subnet_v2.subnet"
          ]
        }
      ]
    },
    {
      "module": "module.magnum",
      "mode": "managed",
      "type": "openstack_containerinfra_clustertemplate_v1",
      "name": "k8s",
      "provider": "provider[\"registry.terraform.io/terraform-provider-openstack/openstack\"]",
      "instances": [
        {
          "schema_version": 0,
          "attributes": {
            "apiserver_port": 0,
            "cluster_distro": "fedora-coreos",
            "coe": "kubernetes",
            "created_at": "2023-10-16T17:36:19Z",
            "dns_nameserver": "172.18.218.200",
            "docker_storage_driver": "overlay2",
            "docker_volume_size": 0,
            "external_network_id": "4d942526-390d-40a1-8bd3-934405fd4281",
            "fixed_network": "",
            "fixed_subnet": "",
            "flavor": "m2s.large",
            "floating_ip_enabled": false,
            "hidden": false,
            "http_proxy": "",
            "https_proxy": "",
            "id": "f0265755-0986-461b-ab5c-6e3eeda2dc6d",
            "image": "Fedora CoreOS 38",
            "insecure_registry": "",
            "keypair_id": "",
            "labels": {
              "autoscaler_tag": "v1.26.3",
              "calico_tag": "v3.21.2",
              "cinder_csi_enabled": "true",
              "cinder_csi_plugin_tag": "v1.26.3",
              "cloud_provider_tag": "v1.26.3",
              "container_runtime": "containerd",
              "containerd_tarball_sha256": "1d86b534c7bba51b78a7eeb1b67dd2ac6c0edeb01c034cc5f590d5ccd824b416",
              "containerd_version": "1.6.20",
              "coredns_tag": "1.11.1",
              "csi_attacher_tag": "v4.2.0",
              "csi_node_driver_registrar_tag": "v2.8.0",
              "csi_provisioner_tag": "v3.4.1",
              "csi_resizer_tag": "v1.7.0",
              "csi_snapshotter_tag": "v6.2.1",
              "ingress_controller": "octavia",
              "k8s_keystone_auth_tag": "v1.26.3",
              "kube_dashboard_enabled": "false",
              "kube_tag": "v1.26.8-rancher1",
              "kubecontroller_options": "--secure-port=10257",
              "kubelet_options": "--allowed-unsafe-sysctls net.ipv4.ip_forward",
              "master_lb_floating_ip_enabled": "true",
              "octavia_ingress_controller_tag": "v1.26.3",
              "octavia_lb_algorithm": "SOURCE_IP_PORT",
              "octavia_provider": "ovn",
              "prometheus_adapter_enabled": "false",
              "selinux_mode": "permissive"
            },
            "master_flavor": "m2s.large",
            "master_lb_enabled": true,
            "name": "k8s",
            "network_driver": "calico",
            "no_proxy": "",
            "project_id": "b5fde25bcaf6499497bc5dc707eb7d1c",
            "public": false,
            "region": "MIEM",
            "registry_enabled": false,
            "server_type": "vm",
            "timeouts": null,
            "tls_disabled": false,
            "updated_at": "0001-01-01T00:00:00Z",
            "user_id": "dc11a79816904e1dbfb5e719068f5820",
            "volume_driver": "cinder"
          },
          "sensitive_attributes": [],
          "private": "eyJlMmJmYjczMC1lY2FhLTExZTYtOGY4OC0zNDM2M2JjN2M0YzAiOnsiY3JlYXRlIjo2MDAwMDAwMDAwMDAsImRlbGV0ZSI6NjAwMDAwMDAwMDAwfX0=",
          "dependencies": [
            "module.admin.data.openstack_identity_auth_scope_v3.current",
            "module.admin.data.openstack_identity_role_v3.member",
            "module.admin.data.openstack_networking_secgroup_v2.default",
            "module.admin.openstack_blockstorage_quotaset_v3.admin",
            "module.admin.openstack_compute_flavor_v2.m2s",
            "module.admin.openstack_compute_keypair_v2.admins",
            "module.admin.openstack_compute_keypair_v2.kayobe",
            "module.admin.openstack_compute_quotaset_v2.admin",
            "module.admin.openstack_dns_recordset_v2.api",
            "module.admin.openstack_dns_recordset_v2.grafana",
            "module.admin.openstack_dns_recordset_v2.horiozn",
            "module.admin.openstack_dns_recordset_v2.hse_docs",
            "module.admin.openstack_dns_recordset_v2.services",
            "module.admin.openstack_dns_zone_v2.hse_zone",
            "module.admin.openstack_dns_zone_v2.instances_zone",
            "module.admin.openstack_dns_zone_v2.mekstack_zone",
            "module.admin.openstack_identity_project_v3.mekstack",
            "module.admin.openstack_identity_role_assignment_v3.role_assignment_1",
            "module.admin.openstack_identity_user_v3.imagebuilder",
            "module.admin.openstack_images_image_v2.image",
            "module.admin.openstack_networking_network_v2.public",
            "module.admin.openstack_networking_quota_v2.quota_1",
            "module.admin.openstack_networking_secgroup_rule_v2.icmp",
            "module.admin.openstack_networking_secgroup_rule_v2.ssh",
            "module.admin.openstack_networking_subnet_v2.public",
            "module.dnosha.openstack_compute_instance_v2.instance",
            "module.dnosha.openstack_compute_servergroup_v2.servergroup",
            "module.dnosha.openstack_lb_listener_v2.lb",
            "module.dnosha.openstack_lb_loadbalancer_v2.lb",
            "module.dnosha.openstack_lb_members_v2.lb",
            "module.dnosha.openstack_lb_monitor_v2.lb",
            "module.dnosha.openstack_lb_pool_v2.lb",
            "module.dnosha.openstack_networking_floatingip_associate_v2.lb_fip",
            "module.dnosha.openstack_networking_floatingip_v2.fip",
            "module.dnosha.openstack_networking_network_v2.network",
            "module.dnosha.openstack_networking_router_interface_v2.router_interface",
            "module.dnosha.openstack_networking_router_route_v2.router_route",
            "module.dnosha.openstack_networking_router_v2.router",
            "module.dnosha.openstack_networking_secgroup_rule_v2.dns",
            "module.dnosha.openstack_networking_secgroup_rule_v2.dns-alt",
            "module.dnosha.openstack_networking_secgroup_rule_v2.icmp",
            "module.dnosha.openstack_networking_secgroup_rule_v2.ssh",
            "module.dnosha.openstack_networking_secgroup_v2.secgroup",
            "module.dnosha.openstack_networking_subnet_v2.subnet",
            "module.sneedaas.openstack_compute_instance_v2.instance",
            "module.sneedaas.openstack_compute_servergroup_v2.servergroup",
            "module.sneedaas.openstack_lb_listener_v2.lb",
            "module.sneedaas.openstack_lb_loadbalancer_v2.lb",
            "module.sneedaas.openstack_lb_members_v2.lb",
            "module.sneedaas.openstack_lb_monitor_v2.lb",
            "module.sneedaas.openstack_lb_pool_v2.lb",
            "module.sneedaas.openstack_networking_floatingip_associate_v2.lb_fip",
            "module.sneedaas.openstack_networking_floatingip_v2.fip",
            "module.sneedaas.openstack_networking_network_v2.network",
            "module.sneedaas.openstack_networking_router_interface_v2.router_interface",
            "module.sneedaas.openstack_networking_router_route_v2.router_route",
            "module.sneedaas.openstack_networking_router_v2.router",
            "module.sneedaas.openstack_networking_secgroup_rule_v2.http",
            "module.sneedaas.openstack_networking_secgroup_rule_v2.https",
            "module.sneedaas.openstack_networking_secgroup_rule_v2.icmp",
            "module.sneedaas.openstack_networking_secgroup_rule_v2.ssh",
            "module.sneedaas.openstack_networking_secgroup_v2.secgroup",
            "module.sneedaas.openstack_networking_subnet_v2.subnet"
          ]
        }
      ]
    },
    {
      "module": "module.sneedaas",
      "mode": "managed",
      "type": "openstack_compute_instance_v2",
      "name": "instance",
      "provider": "provider[\"registry.terraform.io/terraform-provider-openstack/openstack\"]",
      "instances": [
        {
          "index_key": 0,
          "schema_version": 0,
          "attributes": {
            "access_ip_v4": "10.0.0.11",
            "access_ip_v6": "",
            "admin_pass": null,
            "all_metadata": {},
            "all_tags": [],
            "availability_zone": "nova",
            "availability_zone_hints": null,
            "block_device": [],
            "config_drive": null,
            "created": "2023-11-15 22:36:57 +0000 UTC",
            "flavor_id": "0",
            "flavor_name": "m2s.micro",
            "floating_ip": null,
            "force_delete": false,
            "id": "db9cd421-1725-4bcb-aac3-fa8aac7dc12e",
            "image_id": "95902ff0-3c07-4060-8083-8c489753c322",
            "image_name": "Ubuntu 22.04.3 LTS",
            "key_pair": "admins",
            "metadata": null,
            "name": "SNEEDaaS-1",
            "network": [
              {
                "access_network": false,
                "fixed_ip_v4": "10.0.0.11",
                "fixed_ip_v6": "",
                "floating_ip": "",
                "mac": "fa:16:3e:12:6d:b3",
                "name": "SNEEDaaS",
                "port": "",
                "uuid": "c3012572-dd53-4a2f-af52-19a382b65e27"
              }
            ],
            "network_mode": null,
            "personality": [],
            "power_state": "active",
            "region": "MIEM",
            "scheduler_hints": [
              {
                "additional_properties": {},
                "build_near_host_ip": "",
                "different_cell": [],
                "different_host": [],
                "group": "e583b259-d8a0-40aa-9610-4adcbe425de9",
                "query": [],
                "same_host": [],
                "target_cell": ""
              }
            ],
            "security_groups": [
              "SNEEDaaS"
            ],
            "stop_before_destroy": false,
            "tags": [],
            "timeouts": null,
            "updated": "2023-11-15 22:37:10 +0000 UTC",
            "user_data": "0bb7f103502ebdcdb0c2294c3f9bf4396c41e160",
            "vendor_options": [],
            "volume": []
          },
          "sensitive_attributes": [],
          "private": "eyJlMmJmYjczMC1lY2FhLTExZTYtOGY4OC0zNDM2M2JjN2M0YzAiOnsiY3JlYXRlIjoxODAwMDAwMDAwMDAwLCJkZWxldGUiOjE4MDAwMDAwMDAwMDAsInVwZGF0ZSI6MTgwMDAwMDAwMDAwMH19",
          "dependencies": [
            "module.admin.openstack_images_image_v2.image",
            "module.sneedaas.openstack_compute_servergroup_v2.servergroup",
            "module.sneedaas.openstack_networking_network_v2.network",
            "module.sneedaas.openstack_networking_secgroup_v2.secgroup",
            "module.sneedaas.openstack_networking_subnet_v2.subnet"
          ]
        },
        {
          "index_key": 1,
          "schema_version": 0,
          "attributes": {
            "access_ip_v4": "10.0.0.12",
            "access_ip_v6": "",
            "admin_pass": null,
            "all_metadata": {},
            "all_tags": [],
            "availability_zone": "nova",
            "availability_zone_hints": null,
            "block_device": [],
            "config_drive": null,
            "created": "2023-11-15 22:36:57 +0000 UTC",
            "flavor_id": "0",
            "flavor_name": "m2s.micro",
            "floating_ip": null,
            "force_delete": false,
            "id": "8f720e8b-4cae-4f8c-9c54-8c3889d4cb99",
            "image_id": "95902ff0-3c07-4060-8083-8c489753c322",
            "image_name": "Ubuntu 22.04.3 LTS",
            "key_pair": "admins",
            "metadata": null,
            "name": "SNEEDaaS-2",
            "network": [
              {
                "access_network": false,
                "fixed_ip_v4": "10.0.0.12",
                "fixed_ip_v6": "",
                "floating_ip": "",
                "mac": "fa:16:3e:33:45:93",
                "name": "SNEEDaaS",
                "port": "",
                "uuid": "c3012572-dd53-4a2f-af52-19a382b65e27"
              }
            ],
            "network_mode": null,
            "personality": [],
            "power_state": "active",
            "region": "MIEM",
            "scheduler_hints": [
              {
                "additional_properties": {},
                "build_near_host_ip": "",
                "different_cell": [],
                "different_host": [],
                "group": "e583b259-d8a0-40aa-9610-4adcbe425de9",
                "query": [],
                "same_host": [],
                "target_cell": ""
              }
            ],
            "security_groups": [
              "SNEEDaaS"
            ],
            "stop_before_destroy": false,
            "tags": [],
            "timeouts": null,
            "updated": "2023-11-15 22:37:08 +0000 UTC",
            "user_data": "0bb7f103502ebdcdb0c2294c3f9bf4396c41e160",
            "vendor_options": [],
            "volume": []
          },
          "sensitive_attributes": [],
          "private": "eyJlMmJmYjczMC1lY2FhLTExZTYtOGY4OC0zNDM2M2JjN2M0YzAiOnsiY3JlYXRlIjoxODAwMDAwMDAwMDAwLCJkZWxldGUiOjE4MDAwMDAwMDAwMDAsInVwZGF0ZSI6MTgwMDAwMDAwMDAwMH19",
          "dependencies": [
            "module.admin.openstack_images_image_v2.image",
            "module.sneedaas.openstack_compute_servergroup_v2.servergroup",
            "module.sneedaas.openstack_networking_network_v2.network",
            "module.sneedaas.openstack_networking_secgroup_v2.secgroup",
            "module.sneedaas.openstack_networking_subnet_v2.subnet"
          ]
        },
        {
          "index_key": 2,
          "schema_version": 0,
          "attributes": {
            "access_ip_v4": "10.0.0.13",
            "access_ip_v6": "",
            "admin_pass": null,
            "all_metadata": {},
            "all_tags": [],
            "availability_zone": "nova",
            "availability_zone_hints": null,
            "block_device": [],
            "config_drive": null,
            "created": "2023-11-15 22:36:57 +0000 UTC",
            "flavor_id": "0",
            "flavor_name": "m2s.micro",
            "floating_ip": null,
            "force_delete": false,
            "id": "bfc35d8e-15eb-4399-8bd5-982cb2b71995",
            "image_id": "95902ff0-3c07-4060-8083-8c489753c322",
            "image_name": "Ubuntu 22.04.3 LTS",
            "key_pair": "admins",
            "metadata": null,
            "name": "SNEEDaaS-3",
            "network": [
              {
                "access_network": false,
                "fixed_ip_v4": "10.0.0.13",
                "fixed_ip_v6": "",
                "floating_ip": "",
                "mac": "fa:16:3e:c6:81:69",
                "name": "SNEEDaaS",
                "port": "",
                "uuid": "c3012572-dd53-4a2f-af52-19a382b65e27"
              }
            ],
            "network_mode": null,
            "personality": [],
            "power_state": "active",
            "region": "MIEM",
            "scheduler_hints": [
              {
                "additional_properties": {},
                "build_near_host_ip": "",
                "different_cell": [],
                "different_host": [],
                "group": "e583b259-d8a0-40aa-9610-4adcbe425de9",
                "query": [],
                "same_host": [],
                "target_cell": ""
              }
            ],
            "security_groups": [
              "SNEEDaaS"
            ],
            "stop_before_destroy": false,
            "tags": [],
            "timeouts": null,
            "updated": "2023-11-15 22:37:03 +0000 UTC",
            "user_data": "0bb7f103502ebdcdb0c2294c3f9bf4396c41e160",
            "vendor_options": [],
            "volume": []
          },
          "sensitive_attributes": [],
          "private": "eyJlMmJmYjczMC1lY2FhLTExZTYtOGY4OC0zNDM2M2JjN2M0YzAiOnsiY3JlYXRlIjoxODAwMDAwMDAwMDAwLCJkZWxldGUiOjE4MDAwMDAwMDAwMDAsInVwZGF0ZSI6MTgwMDAwMDAwMDAwMH19",
          "dependencies": [
            "module.admin.openstack_images_image_v2.image",
            "module.sneedaas.openstack_compute_servergroup_v2.servergroup",
            "module.sneedaas.openstack_networking_network_v2.network",
            "module.sneedaas.openstack_networking_secgroup_v2.secgroup",
            "module.sneedaas.openstack_networking_subnet_v2.subnet"
          ]
        }
      ]
    },
    {
      "module": "module.sneedaas",
      "mode": "managed",
      "type": "openstack_compute_servergroup_v2",
      "name": "servergroup",
      "provider": "provider[\"registry.terraform.io/terraform-provider-openstack/openstack\"]",
      "instances": [
        {
          "schema_version": 0,
          "attributes": {
            "id": "e583b259-d8a0-40aa-9610-4adcbe425de9",
            "members": [
              "db9cd421-1725-4bcb-aac3-fa8aac7dc12e",
              "8f720e8b-4cae-4f8c-9c54-8c3889d4cb99",
              "bfc35d8e-15eb-4399-8bd5-982cb2b71995"
            ],
            "name": "SNEEDaaS",
            "policies": [
              "anti-affinity"
            ],
            "region": "MIEM",
            "rules": [
              {
                "max_server_per_host": 0
              }
            ],
            "value_specs": null
          },
          "sensitive_attributes": [],
          "private": "bnVsbA=="
        }
      ]
    },
    {
      "module": "module.sneedaas",
      "mode": "managed",
      "type": "openstack_lb_listener_v2",
      "name": "lb",
      "provider": "provider[\"registry.terraform.io/terraform-provider-openstack/openstack\"]",
      "instances": [
        {
          "index_key": "HTTP",
          "schema_version": 0,
          "attributes": {
            "admin_state_up": true,
            "allowed_cidrs": [],
            "connection_limit": -1,
            "default_pool_id": "3faa9d38-1f75-496a-b623-0c23f9f4f691",
            "default_tls_container_ref": "",
            "description": "",
            "id": "ca82ac5d-5b5a-4876-8db8-ce8c134f6901",
            "insert_headers": {},
            "loadbalancer_id": "49fc0404-d69d-4977-8301-85ad11eaa518",
            "name": "HTTP",
            "protocol": "TCP",
            "protocol_port": 80,
            "region": "MIEM",
            "sni_container_refs": [],
            "tags": [],
            "tenant_id": "b5fde25bcaf6499497bc5dc707eb7d1c",
            "timeout_client_data": 50000,
            "timeout_member_connect": 5000,
            "timeout_member_data": 50000,
            "timeout_tcp_inspect": 0,
            "timeouts": null
          },
          "sensitive_attributes": [],
          "private": "eyJlMmJmYjczMC1lY2FhLTExZTYtOGY4OC0zNDM2M2JjN2M0YzAiOnsiY3JlYXRlIjo2MDAwMDAwMDAwMDAsImRlbGV0ZSI6NjAwMDAwMDAwMDAwLCJ1cGRhdGUiOjYwMDAwMDAwMDAwMH19",
          "dependencies": [
            "module.admin.openstack_images_image_v2.image",
            "module.sneedaas.openstack_compute_instance_v2.instance",
            "module.sneedaas.openstack_compute_servergroup_v2.servergroup",
            "module.sneedaas.openstack_lb_loadbalancer_v2.lb",
            "module.sneedaas.openstack_networking_network_v2.network",
            "module.sneedaas.openstack_networking_secgroup_v2.secgroup",
            "module.sneedaas.openstack_networking_subnet_v2.subnet"
          ]
        },
        {
          "index_key": "HTTPS",
          "schema_version": 0,
          "attributes": {
            "admin_state_up": true,
            "allowed_cidrs": [],
            "connection_limit": -1,
            "default_pool_id": "b35cf66f-555b-4b29-9fa1-1c724618c8fc",
            "default_tls_container_ref": "",
            "description": "",
            "id": "52736b9d-e58b-422c-9e73-348dc58914c3",
            "insert_headers": {},
            "loadbalancer_id": "49fc0404-d69d-4977-8301-85ad11eaa518",
            "name": "HTTPS",
            "protocol": "TCP",
            "protocol_port": 443,
            "region": "MIEM",
            "sni_container_refs": [],
            "tags": [],
            "tenant_id": "b5fde25bcaf6499497bc5dc707eb7d1c",
            "timeout_client_data": 50000,
            "timeout_member_connect": 5000,
            "timeout_member_data": 50000,
            "timeout_tcp_inspect": 0,
            "timeouts": null
          },
          "sensitive_attributes": [],
          "private": "eyJlMmJmYjczMC1lY2FhLTExZTYtOGY4OC0zNDM2M2JjN2M0YzAiOnsiY3JlYXRlIjo2MDAwMDAwMDAwMDAsImRlbGV0ZSI6NjAwMDAwMDAwMDAwLCJ1cGRhdGUiOjYwMDAwMDAwMDAwMH19",
          "dependencies": [
            "module.admin.openstack_images_image_v2.image",
            "module.sneedaas.openstack_compute_instance_v2.instance",
            "module.sneedaas.openstack_compute_servergroup_v2.servergroup",
            "module.sneedaas.openstack_lb_loadbalancer_v2.lb",
            "module.sneedaas.openstack_networking_network_v2.network",
            "module.sneedaas.openstack_networking_secgroup_v2.secgroup",
            "module.sneedaas.openstack_networking_subnet_v2.subnet"
          ]
        }
      ]
    },
    {
      "module": "module.sneedaas",
      "mode": "managed",
      "type": "openstack_lb_loadbalancer_v2",
      "name": "lb",
      "provider": "provider[\"registry.terraform.io/terraform-provider-openstack/openstack\"]",
      "instances": [
        {
          "schema_version": 0,
          "attributes": {
            "admin_state_up": true,
            "availability_zone": "",
            "description": "",
            "flavor_id": "",
            "id": "49fc0404-d69d-4977-8301-85ad11eaa518",
            "loadbalancer_provider": "ovn",
            "name": "SNEEDaaS",
            "region": "MIEM",
            "security_group_ids": [
              "d6e98ea0-bb88-4a31-a2fb-27acae8f8f07"
            ],
            "tags": [],
            "tenant_id": "b5fde25bcaf6499497bc5dc707eb7d1c",
            "timeouts": null,
            "vip_address": "10.0.0.93",
            "vip_network_id": "c3012572-dd53-4a2f-af52-19a382b65e27",
            "vip_port_id": "dfa86381-8886-4d76-8cda-4b96b963a3e6",
            "vip_subnet_id": "0851bc91-036a-47b7-a93b-6e3417077116"
          },
          "sensitive_attributes": [],
          "private": "eyJlMmJmYjczMC1lY2FhLTExZTYtOGY4OC0zNDM2M2JjN2M0YzAiOnsiY3JlYXRlIjo2MDAwMDAwMDAwMDAsImRlbGV0ZSI6MzAwMDAwMDAwMDAwLCJ1cGRhdGUiOjYwMDAwMDAwMDAwMH19",
          "dependencies": [
            "module.admin.openstack_images_image_v2.image",
            "module.sneedaas.openstack_compute_instance_v2.instance",
            "module.sneedaas.openstack_compute_servergroup_v2.servergroup",
            "module.sneedaas.openstack_networking_network_v2.network",
            "module.sneedaas.openstack_networking_secgroup_v2.secgroup",
            "module.sneedaas.openstack_networking_subnet_v2.subnet"
          ]
        }
      ]
    },
    {
      "module": "module.sneedaas",
      "mode": "managed",
      "type": "openstack_lb_members_v2",
      "name": "lb",
      "provider": "provider[\"registry.terraform.io/terraform-provider-openstack/openstack\"]",
      "instances": [
        {
          "index_key": "HTTP",
          "schema_version": 0,
          "attributes": {
            "id": "3faa9d38-1f75-496a-b623-0c23f9f4f691",
            "member": [
              {
                "address": "10.0.0.11",
                "admin_state_up": true,
                "backup": false,
                "id": "7116429d-2a87-4c2a-966d-4161c3d7a388",
                "monitor_address": "",
                "monitor_port": 0,
                "name": "",
                "protocol_port": 80,
                "subnet_id": "",
                "weight": 1
              },
              {
                "address": "10.0.0.12",
                "admin_state_up": true,
                "backup": false,
                "id": "ef8a8e30-9aa1-40af-b83c-58111e99de4b",
                "monitor_address": "",
                "monitor_port": 0,
                "name": "",
                "protocol_port": 80,
                "subnet_id": "",
                "weight": 1
              },
              {
                "address": "10.0.0.13",
                "admin_state_up": true,
                "backup": false,
                "id": "e9e84a8e-3871-43c1-8697-13f9ffda20bd",
                "monitor_address": "",
                "monitor_port": 0,
                "name": "",
                "protocol_port": 80,
                "subnet_id": "",
                "weight": 1
              }
            ],
            "pool_id": "3faa9d38-1f75-496a-b623-0c23f9f4f691",
            "region": "MIEM",
            "timeouts": null
          },
          "sensitive_attributes": [],
          "private": "eyJlMmJmYjczMC1lY2FhLTExZTYtOGY4OC0zNDM2M2JjN2M0YzAiOnsiY3JlYXRlIjo2MDAwMDAwMDAwMDAsImRlbGV0ZSI6NjAwMDAwMDAwMDAwLCJ1cGRhdGUiOjYwMDAwMDAwMDAwMH19",
          "dependencies": [
            "module.admin.openstack_images_image_v2.image",
            "module.sneedaas.openstack_compute_instance_v2.instance",
            "module.sneedaas.openstack_compute_servergroup_v2.servergroup",
            "module.sneedaas.openstack_lb_listener_v2.lb",
            "module.sneedaas.openstack_lb_loadbalancer_v2.lb",
            "module.sneedaas.openstack_lb_pool_v2.lb",
            "module.sneedaas.openstack_networking_network_v2.network",
            "module.sneedaas.openstack_networking_secgroup_v2.secgroup",
            "module.sneedaas.openstack_networking_subnet_v2.subnet"
          ]
        },
        {
          "index_key": "HTTPS",
          "schema_version": 0,
          "attributes": {
            "id": "b35cf66f-555b-4b29-9fa1-1c724618c8fc",
            "member": [
              {
                "address": "10.0.0.11",
                "admin_state_up": true,
                "backup": false,
                "id": "085f2ce3-371c-4eff-a05e-f54b085d6a6f",
                "monitor_address": "",
                "monitor_port": 0,
                "name": "",
                "protocol_port": 443,
                "subnet_id": "",
                "weight": 1
              },
              {
                "address": "10.0.0.12",
                "admin_state_up": true,
                "backup": false,
                "id": "257b7e83-f342-4348-b1e3-27037bdac837",
                "monitor_address": "",
                "monitor_port": 0,
                "name": "",
                "protocol_port": 443,
                "subnet_id": "",
                "weight": 1
              },
              {
                "address": "10.0.0.13",
                "admin_state_up": true,
                "backup": false,
                "id": "fba92350-b69d-41bf-88c3-4b6e3a3f6648",
                "monitor_address": "",
                "monitor_port": 0,
                "name": "",
                "protocol_port": 443,
                "subnet_id": "",
                "weight": 1
              }
            ],
            "pool_id": "b35cf66f-555b-4b29-9fa1-1c724618c8fc",
            "region": "MIEM",
            "timeouts": null
          },
          "sensitive_attributes": [],
          "private": "eyJlMmJmYjczMC1lY2FhLTExZTYtOGY4OC0zNDM2M2JjN2M0YzAiOnsiY3JlYXRlIjo2MDAwMDAwMDAwMDAsImRlbGV0ZSI6NjAwMDAwMDAwMDAwLCJ1cGRhdGUiOjYwMDAwMDAwMDAwMH19",
          "dependencies": [
            "module.admin.openstack_images_image_v2.image",
            "module.sneedaas.openstack_compute_instance_v2.instance",
            "module.sneedaas.openstack_compute_servergroup_v2.servergroup",
            "module.sneedaas.openstack_lb_listener_v2.lb",
            "module.sneedaas.openstack_lb_loadbalancer_v2.lb",
            "module.sneedaas.openstack_lb_pool_v2.lb",
            "module.sneedaas.openstack_networking_network_v2.network",
            "module.sneedaas.openstack_networking_secgroup_v2.secgroup",
            "module.sneedaas.openstack_networking_subnet_v2.subnet"
          ]
        }
      ]
    },
    {
      "module": "module.sneedaas",
      "mode": "managed",
      "type": "openstack_lb_monitor_v2",
      "name": "lb",
      "provider": "provider[\"registry.terraform.io/terraform-provider-openstack/openstack\"]",
      "instances": [
        {
          "index_key": "HTTP",
          "schema_version": 0,
          "attributes": {
            "admin_state_up": true,
            "delay": 2,
            "expected_codes": "",
            "http_method": "",
            "id": "cb30d079-fa12-47aa-a2f0-3010d2ef3ef0",
            "max_retries": 2,
            "max_retries_down": 3,
            "name": "HTTP 80",
            "pool_id": "3faa9d38-1f75-496a-b623-0c23f9f4f691",
            "region": "MIEM",
            "tenant_id": "b5fde25bcaf6499497bc5dc707eb7d1c",
            "timeout": 1,
            "timeouts": null,
            "type": "TCP",
            "url_path": ""
          },
          "sensitive_attributes": [],
          "private": "eyJlMmJmYjczMC1lY2FhLTExZTYtOGY4OC0zNDM2M2JjN2M0YzAiOnsiY3JlYXRlIjo2MDAwMDAwMDAwMDAsImRlbGV0ZSI6NjAwMDAwMDAwMDAwLCJ1cGRhdGUiOjYwMDAwMDAwMDAwMH19",
          "dependencies": [
            "module.admin.openstack_images_image_v2.image",
            "module.sneedaas.openstack_compute_instance_v2.instance",
            "module.sneedaas.openstack_compute_servergroup_v2.servergroup",
            "module.sneedaas.openstack_lb_listener_v2.lb",
            "module.sneedaas.openstack_lb_loadbalancer_v2.lb",
            "module.sneedaas.openstack_lb_pool_v2.lb",
            "module.sneedaas.openstack_networking_network_v2.network",
            "module.sneedaas.openstack_networking_secgroup_v2.secgroup",
            "module.sneedaas.openstack_networking_subnet_v2.subnet"
          ]
        },
        {
          "index_key": "HTTPS",
          "schema_version": 0,
          "attributes": {
            "admin_state_up": true,
            "delay": 2,
            "expected_codes": "",
            "http_method": "",
            "id": "bd68695e-2c69-43c6-8b66-7e0d0c1ae681",
            "max_retries": 2,
            "max_retries_down": 3,
            "name": "HTTPS 443",
            "pool_id": "b35cf66f-555b-4b29-9fa1-1c724618c8fc",
            "region": "MIEM",
            "tenant_id": "b5fde25bcaf6499497bc5dc707eb7d1c",
            "timeout": 1,
            "timeouts": null,
            "type": "TCP",
            "url_path": ""
          },
          "sensitive_attributes": [],
          "private": "eyJlMmJmYjczMC1lY2FhLTExZTYtOGY4OC0zNDM2M2JjN2M0YzAiOnsiY3JlYXRlIjo2MDAwMDAwMDAwMDAsImRlbGV0ZSI6NjAwMDAwMDAwMDAwLCJ1cGRhdGUiOjYwMDAwMDAwMDAwMH19",
          "dependencies": [
            "module.admin.openstack_images_image_v2.image",
            "module.sneedaas.openstack_compute_instance_v2.instance",
            "module.sneedaas.openstack_compute_servergroup_v2.servergroup",
            "module.sneedaas.openstack_lb_listener_v2.lb",
            "module.sneedaas.openstack_lb_loadbalancer_v2.lb",
            "module.sneedaas.openstack_lb_pool_v2.lb",
            "module.sneedaas.openstack_networking_network_v2.network",
            "module.sneedaas.openstack_networking_secgroup_v2.secgroup",
            "module.sneedaas.openstack_networking_subnet_v2.subnet"
          ]
        }
      ]
    },
    {
      "module": "module.sneedaas",
      "mode": "managed",
      "type": "openstack_lb_pool_v2",
      "name": "lb",
      "provider": "provider[\"registry.terraform.io/terraform-provider-openstack/openstack\"]",
      "instances": [
        {
          "index_key": "HTTP",
          "schema_version": 0,
          "attributes": {
            "admin_state_up": true,
            "description": "",
            "id": "3faa9d38-1f75-496a-b623-0c23f9f4f691",
            "lb_method": "SOURCE_IP_PORT",
            "listener_id": "ca82ac5d-5b5a-4876-8db8-ce8c134f6901",
            "loadbalancer_id": null,
            "name": "HTTP",
            "persistence": [
              {
                "cookie_name": "",
                "type": ""
              }
            ],
            "protocol": "TCP",
            "region": "MIEM",
            "tenant_id": "b5fde25bcaf6499497bc5dc707eb7d1c",
            "timeouts": null
          },
          "sensitive_attributes": [],
          "private": "eyJlMmJmYjczMC1lY2FhLTExZTYtOGY4OC0zNDM2M2JjN2M0YzAiOnsiY3JlYXRlIjo2MDAwMDAwMDAwMDAsImRlbGV0ZSI6NjAwMDAwMDAwMDAwLCJ1cGRhdGUiOjYwMDAwMDAwMDAwMH19",
          "dependencies": [
            "module.admin.openstack_images_image_v2.image",
            "module.sneedaas.openstack_compute_instance_v2.instance",
            "module.sneedaas.openstack_compute_servergroup_v2.servergroup",
            "module.sneedaas.openstack_lb_listener_v2.lb",
            "module.sneedaas.openstack_lb_loadbalancer_v2.lb",
            "module.sneedaas.openstack_networking_network_v2.network",
            "module.sneedaas.openstack_networking_secgroup_v2.secgroup",
            "module.sneedaas.openstack_networking_subnet_v2.subnet"
          ]
        },
        {
          "index_key": "HTTPS",
          "schema_version": 0,
          "attributes": {
            "admin_state_up": true,
            "description": "",
            "id": "b35cf66f-555b-4b29-9fa1-1c724618c8fc",
            "lb_method": "SOURCE_IP_PORT",
            "listener_id": "52736b9d-e58b-422c-9e73-348dc58914c3",
            "loadbalancer_id": null,
            "name": "HTTPS",
            "persistence": [
              {
                "cookie_name": "",
                "type": ""
              }
            ],
            "protocol": "TCP",
            "region": "MIEM",
            "tenant_id": "b5fde25bcaf6499497bc5dc707eb7d1c",
            "timeouts": null
          },
          "sensitive_attributes": [],
          "private": "eyJlMmJmYjczMC1lY2FhLTExZTYtOGY4OC0zNDM2M2JjN2M0YzAiOnsiY3JlYXRlIjo2MDAwMDAwMDAwMDAsImRlbGV0ZSI6NjAwMDAwMDAwMDAwLCJ1cGRhdGUiOjYwMDAwMDAwMDAwMH19",
          "dependencies": [
            "module.admin.openstack_images_image_v2.image",
            "module.sneedaas.openstack_compute_instance_v2.instance",
            "module.sneedaas.openstack_compute_servergroup_v2.servergroup",
            "module.sneedaas.openstack_lb_listener_v2.lb",
            "module.sneedaas.openstack_lb_loadbalancer_v2.lb",
            "module.sneedaas.openstack_networking_network_v2.network",
            "module.sneedaas.openstack_networking_secgroup_v2.secgroup",
            "module.sneedaas.openstack_networking_subnet_v2.subnet"
          ]
        }
      ]
    },
    {
      "module": "module.sneedaas",
      "mode": "managed",
      "type": "openstack_networking_floatingip_associate_v2",
      "name": "lb_fip",
      "provider": "provider[\"registry.terraform.io/terraform-provider-openstack/openstack\"]",
      "instances": [
        {
          "schema_version": 0,
          "attributes": {
            "fixed_ip": "10.0.0.93",
            "floating_ip": "172.18.219.1",
            "id": "1ad8ea0f-a268-4c36-b947-6bc2012c2a85",
            "port_id": "dfa86381-8886-4d76-8cda-4b96b963a3e6",
            "region": "MIEM"
          },
          "sensitive_attributes": [],
          "private": "bnVsbA==",
          "dependencies": [
            "module.admin.openstack_images_image_v2.image",
            "module.admin.openstack_networking_network_v2.public",
            "module.sneedaas.openstack_compute_instance_v2.instance",
            "module.sneedaas.openstack_compute_servergroup_v2.servergroup",
            "module.sneedaas.openstack_lb_loadbalancer_v2.lb",
            "module.sneedaas.openstack_networking_floatingip_v2.fip",
            "module.sneedaas.openstack_networking_network_v2.network",
            "module.sneedaas.openstack_networking_secgroup_v2.secgroup",
            "module.sneedaas.openstack_networking_subnet_v2.subnet"
          ]
        }
      ]
    },
    {
      "module": "module.sneedaas",
      "mode": "managed",
      "type": "openstack_networking_floatingip_v2",
      "name": "fip",
      "provider": "provider[\"registry.terraform.io/terraform-provider-openstack/openstack\"]",
      "instances": [
        {
          "schema_version": 0,
          "attributes": {
            "address": "172.18.219.1",
            "all_tags": [],
            "description": "HTTP(S) Reverse proxy gateway",
            "dns_domain": "",
            "dns_name": "",
            "fixed_ip": "10.0.0.93",
            "id": "1ad8ea0f-a268-4c36-b947-6bc2012c2a85",
            "pool": "public",
            "port_id": "dfa86381-8886-4d76-8cda-4b96b963a3e6",
            "region": "MIEM",
            "subnet_id": null,
            "subnet_ids": null,
            "tags": [],
            "tenant_id": "b5fde25bcaf6499497bc5dc707eb7d1c",
            "timeouts": null,
            "value_specs": null
          },
          "sensitive_attributes": [],
          "private": "eyJlMmJmYjczMC1lY2FhLTExZTYtOGY4OC0zNDM2M2JjN2M0YzAiOnsiY3JlYXRlIjo2MDAwMDAwMDAwMDAsImRlbGV0ZSI6NjAwMDAwMDAwMDAwfX0=",
          "dependencies": [
            "module.admin.openstack_networking_network_v2.public"
          ]
        }
      ]
    },
    {
      "module": "module.sneedaas",
      "mode": "managed",
      "type": "openstack_networking_network_v2",
      "name": "network",
      "provider": "provider[\"registry.terraform.io/terraform-provider-openstack/openstack\"]",
      "instances": [
        {
          "schema_version": 0,
          "attributes": {
            "admin_state_up": true,
            "all_tags": [],
            "availability_zone_hints": [],
            "description": "",
            "dns_domain": "",
            "external": false,
            "id": "c3012572-dd53-4a2f-af52-19a382b65e27",
            "mtu": 1442,
            "name": "SNEEDaaS",
            "port_security_enabled": true,
            "qos_policy_id": "",
            "region": "MIEM",
            "segments": [
              {
                "network_type": "geneve",
                "physical_network": "",
                "segmentation_id": 1557
              }
            ],
            "shared": false,
            "tags": [],
            "tenant_id": "b5fde25bcaf6499497bc5dc707eb7d1c",
            "timeouts": null,
            "transparent_vlan": false,
            "value_specs": null
          },
          "sensitive_attributes": [],
          "private": "eyJlMmJmYjczMC1lY2FhLTExZTYtOGY4OC0zNDM2M2JjN2M0YzAiOnsiY3JlYXRlIjo2MDAwMDAwMDAwMDAsImRlbGV0ZSI6NjAwMDAwMDAwMDAwfX0="
        }
      ]
    },
    {
      "module": "module.sneedaas",
      "mode": "managed",
      "type": "openstack_networking_router_interface_v2",
      "name": "router_interface",
      "provider": "provider[\"registry.terraform.io/terraform-provider-openstack/openstack\"]",
      "instances": [
        {
          "schema_version": 0,
          "attributes": {
            "force_destroy": false,
            "id": "2c2bf388-f5f9-4e96-9a2e-7631b7be0b4b",
            "port_id": "2c2bf388-f5f9-4e96-9a2e-7631b7be0b4b",
            "region": "MIEM",
            "router_id": "b8707e9d-5020-4904-8117-5c017a552da2",
            "subnet_id": "0851bc91-036a-47b7-a93b-6e3417077116",
            "timeouts": null
          },
          "sensitive_attributes": [],
          "private": "eyJlMmJmYjczMC1lY2FhLTExZTYtOGY4OC0zNDM2M2JjN2M0YzAiOnsiY3JlYXRlIjo2MDAwMDAwMDAwMDAsImRlbGV0ZSI6NjAwMDAwMDAwMDAwfX0=",
          "dependencies": [
            "module.admin.openstack_networking_network_v2.public",
            "module.sneedaas.openstack_networking_network_v2.network",
            "module.sneedaas.openstack_networking_router_v2.router",
            "module.sneedaas.openstack_networking_subnet_v2.subnet"
          ]
        }
      ]
    },
    {
      "module": "module.sneedaas",
      "mode": "managed",
      "type": "openstack_networking_router_route_v2",
      "name": "router_route",
      "provider": "provider[\"registry.terraform.io/terraform-provider-openstack/openstack\"]",
      "instances": [
        {
          "schema_version": 0,
          "attributes": {
            "destination_cidr": "172.18.217.0/24",
            "id": "b8707e9d-5020-4904-8117-5c017a552da2-route-172.18.217.0/24-172.18.218.2",
            "next_hop": "172.18.218.2",
            "region": "MIEM",
            "router_id": "b8707e9d-5020-4904-8117-5c017a552da2"
          },
          "sensitive_attributes": [],
          "private": "bnVsbA==",
          "dependencies": [
            "module.admin.openstack_networking_network_v2.public",
            "module.sneedaas.openstack_networking_network_v2.network",
            "module.sneedaas.openstack_networking_router_interface_v2.router_interface",
            "module.sneedaas.openstack_networking_router_v2.router",
            "module.sneedaas.openstack_networking_subnet_v2.subnet"
          ]
        }
      ]
    },
    {
      "module": "module.sneedaas",
      "mode": "managed",
      "type": "openstack_networking_router_v2",
      "name": "router",
      "provider": "provider[\"registry.terraform.io/terraform-provider-openstack/openstack\"]",
      "instances": [
        {
          "schema_version": 0,
          "attributes": {
            "admin_state_up": true,
            "all_tags": [],
            "availability_zone_hints": [],
            "description": "",
            "distributed": false,
            "enable_snat": true,
            "external_fixed_ip": [
              {
                "ip_address": "172.18.219.64",
                "subnet_id": "c2bf9d44-b2f5-4c10-96ef-08ca16996219"
              }
            ],
            "external_gateway": "4d942526-390d-40a1-8bd3-934405fd4281",
            "external_network_id": "4d942526-390d-40a1-8bd3-934405fd4281",
            "external_subnet_ids": null,
            "id": "b8707e9d-5020-4904-8117-5c017a552da2",
            "name": "SNEEDaaS",
            "region": "MIEM",
            "tags": [],
            "tenant_id": "b5fde25bcaf6499497bc5dc707eb7d1c",
            "timeouts": null,
            "value_specs": null,
            "vendor_options": []
          },
          "sensitive_attributes": [],
          "private": "eyJlMmJmYjczMC1lY2FhLTExZTYtOGY4OC0zNDM2M2JjN2M0YzAiOnsiY3JlYXRlIjo2MDAwMDAwMDAwMDAsImRlbGV0ZSI6NjAwMDAwMDAwMDAwfX0=",
          "dependencies": [
            "module.admin.openstack_networking_network_v2.public"
          ]
        }
      ]
    },
    {
      "module": "module.sneedaas",
      "mode": "managed",
      "type": "openstack_networking_secgroup_rule_v2",
      "name": "http",
      "provider": "provider[\"registry.terraform.io/terraform-provider-openstack/openstack\"]",
      "instances": [
        {
          "schema_version": 0,
          "attributes": {
            "description": "",
            "direction": "ingress",
            "ethertype": "IPv4",
            "id": "939b945f-613c-41ee-8bc6-676e71265e80",
            "port_range_max": 80,
            "port_range_min": 80,
            "protocol": "tcp",
            "region": "MIEM",
            "remote_group_id": "",
            "remote_ip_prefix": "0.0.0.0/0",
            "security_group_id": "f181197e-86f2-4d10-893c-754e06e6ab9c",
            "tenant_id": "b5fde25bcaf6499497bc5dc707eb7d1c",
            "timeouts": null
          },
          "sensitive_attributes": [],
          "private": "eyJlMmJmYjczMC1lY2FhLTExZTYtOGY4OC0zNDM2M2JjN2M0YzAiOnsiZGVsZXRlIjo2MDAwMDAwMDAwMDB9fQ==",
          "dependencies": [
            "module.sneedaas.openstack_networking_secgroup_v2.secgroup"
          ]
        }
      ]
    },
    {
      "module": "module.sneedaas",
      "mode": "managed",
      "type": "openstack_networking_secgroup_rule_v2",
      "name": "https",
      "provider": "provider[\"registry.terraform.io/terraform-provider-openstack/openstack\"]",
      "instances": [
        {
          "schema_version": 0,
          "attributes": {
            "description": "",
            "direction": "ingress",
            "ethertype": "IPv4",
            "id": "29000eb0-00ba-4058-b839-3a5d110b896b",
            "port_range_max": 443,
            "port_range_min": 443,
            "protocol": "tcp",
            "region": "MIEM",
            "remote_group_id": "",
            "remote_ip_prefix": "0.0.0.0/0",
            "security_group_id": "f181197e-86f2-4d10-893c-754e06e6ab9c",
            "tenant_id": "b5fde25bcaf6499497bc5dc707eb7d1c",
            "timeouts": null
          },
          "sensitive_attributes": [],
          "private": "eyJlMmJmYjczMC1lY2FhLTExZTYtOGY4OC0zNDM2M2JjN2M0YzAiOnsiZGVsZXRlIjo2MDAwMDAwMDAwMDB9fQ==",
          "dependencies": [
            "module.sneedaas.openstack_networking_secgroup_v2.secgroup"
          ]
        }
      ]
    },
    {
      "module": "module.sneedaas",
      "mode": "managed",
      "type": "openstack_networking_secgroup_rule_v2",
      "name": "icmp",
      "provider": "provider[\"registry.terraform.io/terraform-provider-openstack/openstack\"]",
      "instances": [
        {
          "schema_version": 0,
          "attributes": {
            "description": "",
            "direction": "ingress",
            "ethertype": "IPv4",
            "id": "1c4db2ad-8e7a-46d1-9a25-04e96ddf803d",
            "port_range_max": 0,
            "port_range_min": 0,
            "protocol": "icmp",
            "region": "MIEM",
            "remote_group_id": "",
            "remote_ip_prefix": "0.0.0.0/0",
            "security_group_id": "f181197e-86f2-4d10-893c-754e06e6ab9c",
            "tenant_id": "b5fde25bcaf6499497bc5dc707eb7d1c",
            "timeouts": null
          },
          "sensitive_attributes": [],
          "private": "eyJlMmJmYjczMC1lY2FhLTExZTYtOGY4OC0zNDM2M2JjN2M0YzAiOnsiZGVsZXRlIjo2MDAwMDAwMDAwMDB9fQ==",
          "dependencies": [
            "module.sneedaas.openstack_networking_secgroup_v2.secgroup"
          ]
        }
      ]
    },
    {
      "module": "module.sneedaas",
      "mode": "managed",
      "type": "openstack_networking_secgroup_rule_v2",
      "name": "ssh",
      "provider": "provider[\"registry.terraform.io/terraform-provider-openstack/openstack\"]",
      "instances": [
        {
          "schema_version": 0,
          "attributes": {
            "description": "",
            "direction": "ingress",
            "ethertype": "IPv4",
            "id": "dbdb6ef4-05d3-4462-a622-26e54d12ccea",
            "port_range_max": 22,
            "port_range_min": 22,
            "protocol": "tcp",
            "region": "MIEM",
            "remote_group_id": "",
            "remote_ip_prefix": "0.0.0.0/0",
            "security_group_id": "f181197e-86f2-4d10-893c-754e06e6ab9c",
            "tenant_id": "b5fde25bcaf6499497bc5dc707eb7d1c",
            "timeouts": null
          },
          "sensitive_attributes": [],
          "private": "eyJlMmJmYjczMC1lY2FhLTExZTYtOGY4OC0zNDM2M2JjN2M0YzAiOnsiZGVsZXRlIjo2MDAwMDAwMDAwMDB9fQ==",
          "dependencies": [
            "module.sneedaas.openstack_networking_secgroup_v2.secgroup"
          ]
        }
      ]
    },
    {
      "module": "module.sneedaas",
      "mode": "managed",
      "type": "openstack_networking_secgroup_v2",
      "name": "secgroup",
      "provider": "provider[\"registry.terraform.io/terraform-provider-openstack/openstack\"]",
      "instances": [
        {
          "schema_version": 0,
          "attributes": {
            "all_tags": [],
            "delete_default_rules": null,
            "description": "",
            "id": "f181197e-86f2-4d10-893c-754e06e6ab9c",
            "name": "SNEEDaaS",
            "region": "MIEM",
            "tags": [],
            "tenant_id": "b5fde25bcaf6499497bc5dc707eb7d1c",
            "timeouts": null
          },
          "sensitive_attributes": [],
          "private": "eyJlMmJmYjczMC1lY2FhLTExZTYtOGY4OC0zNDM2M2JjN2M0YzAiOnsiZGVsZXRlIjo2MDAwMDAwMDAwMDB9fQ=="
        }
      ]
    },
    {
      "module": "module.sneedaas",
      "mode": "managed",
      "type": "openstack_networking_subnet_v2",
      "name": "subnet",
      "provider": "provider[\"registry.terraform.io/terraform-provider-openstack/openstack\"]",
      "instances": [
        {
          "schema_version": 0,
          "attributes": {
            "all_tags": [],
            "allocation_pool": [
              {
                "end": "10.0.0.254",
                "start": "10.0.0.2"
              }
            ],
            "allocation_pools": [
              {
                "end": "10.0.0.254",
                "start": "10.0.0.2"
              }
            ],
            "cidr": "10.0.0.0/24",
            "description": "",
            "dns_nameservers": [],
            "enable_dhcp": true,
            "gateway_ip": "10.0.0.1",
            "host_routes": [],
            "id": "0851bc91-036a-47b7-a93b-6e3417077116",
            "ip_version": 4,
            "ipv6_address_mode": "",
            "ipv6_ra_mode": "",
            "name": "SNEEDaaS",
            "network_id": "c3012572-dd53-4a2f-af52-19a382b65e27",
            "no_gateway": false,
            "prefix_length": null,
            "region": "MIEM",
            "service_types": [],
            "subnetpool_id": "",
            "tags": [],
            "tenant_id": "b5fde25bcaf6499497bc5dc707eb7d1c",
            "timeouts": null,
            "value_specs": null
          },
          "sensitive_attributes": [],
          "private": "eyJlMmJmYjczMC1lY2FhLTExZTYtOGY4OC0zNDM2M2JjN2M0YzAiOnsiY3JlYXRlIjo2MDAwMDAwMDAwMDAsImRlbGV0ZSI6NjAwMDAwMDAwMDAwfX0=",
          "dependencies": [
            "module.sneedaas.openstack_networking_network_v2.network"
          ]
        }
      ]
    }
  ],
  "check_results": null
}
